// !$*UTF8*$!
{
	archiveVersion = 1;
	classes = {
	};
	objectVersion = 46;
	objects = {

/* Begin PBXBuildFile section */
		4905B4111E981365000E0EA0 /* AKDisplaceableTableMenuView.xib in Resources */ = {isa = PBXBuildFile; fileRef = 4905B4101E981365000E0EA0 /* AKDisplaceableTableMenuView.xib */; };
		4905B4131E98141D000E0EA0 /* AKDisplaceableTableMenuView.swift in Sources */ = {isa = PBXBuildFile; fileRef = 4905B4121E98141D000E0EA0 /* AKDisplaceableTableMenuView.swift */; };
		490670261E6D90CF0046298C /* AKFilterView.xib in Resources */ = {isa = PBXBuildFile; fileRef = 490670251E6D90CF0046298C /* AKFilterView.xib */; };
		490C223E1E65CBBE006A39F8 /* CloudKit.framework in Frameworks */ = {isa = PBXBuildFile; fileRef = 490C223D1E65CBBE006A39F8 /* CloudKit.framework */; };
		49121BAE1E737480000B4D26 /* Icon-1024@1x.png in Resources */ = {isa = PBXBuildFile; fileRef = 49121B891E737480000B4D26 /* Icon-1024@1x.png */; };
		49121BAF1E737480000B4D26 /* Icon-512@1x.png in Resources */ = {isa = PBXBuildFile; fileRef = 49121B8A1E737480000B4D26 /* Icon-512@1x.png */; };
		49121BB01E737480000B4D26 /* Icon-20@1x.png in Resources */ = {isa = PBXBuildFile; fileRef = 49121B8C1E737480000B4D26 /* Icon-20@1x.png */; };
		49121BB11E737480000B4D26 /* Icon-20@2x.png in Resources */ = {isa = PBXBuildFile; fileRef = 49121B8D1E737480000B4D26 /* Icon-20@2x.png */; };
		49121BB21E737480000B4D26 /* Icon-20@3x.png in Resources */ = {isa = PBXBuildFile; fileRef = 49121B8E1E737480000B4D26 /* Icon-20@3x.png */; };
		49121BB31E737480000B4D26 /* Icon-29@1x.png in Resources */ = {isa = PBXBuildFile; fileRef = 49121B8F1E737480000B4D26 /* Icon-29@1x.png */; };
		49121BB41E737480000B4D26 /* Icon-29@2x.png in Resources */ = {isa = PBXBuildFile; fileRef = 49121B901E737480000B4D26 /* Icon-29@2x.png */; };
		49121BB51E737480000B4D26 /* Icon-29@3x.png in Resources */ = {isa = PBXBuildFile; fileRef = 49121B911E737480000B4D26 /* Icon-29@3x.png */; };
		49121BB61E737480000B4D26 /* Icon-40@1x.png in Resources */ = {isa = PBXBuildFile; fileRef = 49121B921E737480000B4D26 /* Icon-40@1x.png */; };
		49121BB71E737480000B4D26 /* Icon-40@2x.png in Resources */ = {isa = PBXBuildFile; fileRef = 49121B931E737480000B4D26 /* Icon-40@2x.png */; };
		49121BB81E737480000B4D26 /* Icon-40@3x.png in Resources */ = {isa = PBXBuildFile; fileRef = 49121B941E737480000B4D26 /* Icon-40@3x.png */; };
		49121BB91E737480000B4D26 /* Icon-57@1x.png in Resources */ = {isa = PBXBuildFile; fileRef = 49121B951E737480000B4D26 /* Icon-57@1x.png */; };
		49121BBA1E737480000B4D26 /* Icon-57@2x.png in Resources */ = {isa = PBXBuildFile; fileRef = 49121B961E737480000B4D26 /* Icon-57@2x.png */; };
		49121BBB1E737480000B4D26 /* Icon-60@1x.png in Resources */ = {isa = PBXBuildFile; fileRef = 49121B971E737480000B4D26 /* Icon-60@1x.png */; };
		49121BBC1E737480000B4D26 /* Icon-60@2x.png in Resources */ = {isa = PBXBuildFile; fileRef = 49121B981E737480000B4D26 /* Icon-60@2x.png */; };
		49121BBD1E737480000B4D26 /* Icon-60@3x.png in Resources */ = {isa = PBXBuildFile; fileRef = 49121B991E737480000B4D26 /* Icon-60@3x.png */; };
		49121BBE1E737480000B4D26 /* Icon-72@1x.png in Resources */ = {isa = PBXBuildFile; fileRef = 49121B9A1E737480000B4D26 /* Icon-72@1x.png */; };
		49121BBF1E737480000B4D26 /* Icon-72@2x.png in Resources */ = {isa = PBXBuildFile; fileRef = 49121B9B1E737480000B4D26 /* Icon-72@2x.png */; };
		49121BC01E737480000B4D26 /* Icon-76@1x.png in Resources */ = {isa = PBXBuildFile; fileRef = 49121B9C1E737480000B4D26 /* Icon-76@1x.png */; };
		49121BC11E737480000B4D26 /* Icon-76@2x.png in Resources */ = {isa = PBXBuildFile; fileRef = 49121B9D1E737480000B4D26 /* Icon-76@2x.png */; };
		49121BC21E737480000B4D26 /* Icon-76@3x.png in Resources */ = {isa = PBXBuildFile; fileRef = 49121B9E1E737480000B4D26 /* Icon-76@3x.png */; };
		49121BC31E737480000B4D26 /* Icon-83.5@2x.png in Resources */ = {isa = PBXBuildFile; fileRef = 49121B9F1E737480000B4D26 /* Icon-83.5@2x.png */; };
		49121BC41E737480000B4D26 /* Icon-Small-50@1x.png in Resources */ = {isa = PBXBuildFile; fileRef = 49121BA01E737480000B4D26 /* Icon-Small-50@1x.png */; };
		49121BC51E737480000B4D26 /* Icon-Small-50@2x.png in Resources */ = {isa = PBXBuildFile; fileRef = 49121BA11E737480000B4D26 /* Icon-Small-50@2x.png */; };
		49121BC61E737480000B4D26 /* iTunesArtwork@1x.png in Resources */ = {isa = PBXBuildFile; fileRef = 49121BA21E737480000B4D26 /* iTunesArtwork@1x.png */; };
		49121BC71E737480000B4D26 /* iTunesArtwork@2x.png in Resources */ = {isa = PBXBuildFile; fileRef = 49121BA31E737480000B4D26 /* iTunesArtwork@2x.png */; };
		49121BC81E737480000B4D26 /* iTunesArtwork@3x.png in Resources */ = {isa = PBXBuildFile; fileRef = 49121BA41E737480000B4D26 /* iTunesArtwork@3x.png */; };
		49121BC91E737480000B4D26 /* Icon-24@2x.png in Resources */ = {isa = PBXBuildFile; fileRef = 49121BA61E737480000B4D26 /* Icon-24@2x.png */; };
		49121BCA1E737480000B4D26 /* Icon-27.5@2x.png in Resources */ = {isa = PBXBuildFile; fileRef = 49121BA71E737480000B4D26 /* Icon-27.5@2x.png */; };
		49121BCB1E737480000B4D26 /* Icon-29@2x.png in Resources */ = {isa = PBXBuildFile; fileRef = 49121BA81E737480000B4D26 /* Icon-29@2x.png */; };
		49121BCC1E737480000B4D26 /* Icon-29@3x.png in Resources */ = {isa = PBXBuildFile; fileRef = 49121BA91E737480000B4D26 /* Icon-29@3x.png */; };
		49121BCD1E737480000B4D26 /* Icon-40@2x.png in Resources */ = {isa = PBXBuildFile; fileRef = 49121BAA1E737480000B4D26 /* Icon-40@2x.png */; };
		49121BCE1E737480000B4D26 /* Icon-44@2x.png in Resources */ = {isa = PBXBuildFile; fileRef = 49121BAB1E737480000B4D26 /* Icon-44@2x.png */; };
		49121BCF1E737480000B4D26 /* Icon-86@2x.png in Resources */ = {isa = PBXBuildFile; fileRef = 49121BAC1E737480000B4D26 /* Icon-86@2x.png */; };
		49121BD01E737480000B4D26 /* Icon-98@2x.png in Resources */ = {isa = PBXBuildFile; fileRef = 49121BAD1E737480000B4D26 /* Icon-98@2x.png */; };
		49121BD21E73765D000B4D26 /* Logo.png in Resources */ = {isa = PBXBuildFile; fileRef = 49121BD11E73765D000B4D26 /* Logo.png */; };
		4913F76D1E9A911E005E6FCB /* AKTableCachingSystem.swift in Sources */ = {isa = PBXBuildFile; fileRef = 4913F76C1E9A911E005E6FCB /* AKTableCachingSystem.swift */; };
		4913F76F1E9A9186005E6FCB /* AKTableCachingEntry.swift in Sources */ = {isa = PBXBuildFile; fileRef = 4913F76E1E9A9186005E6FCB /* AKTableCachingEntry.swift */; };
		4927A5B71E8FF39500707EB0 /* AKMigrateBucketEntryView.xib in Resources */ = {isa = PBXBuildFile; fileRef = 4927A5B61E8FF39500707EB0 /* AKMigrateBucketEntryView.xib */; };
		4927A5B91E8FF54500707EB0 /* AKMigrateBucketEntryView.swift in Sources */ = {isa = PBXBuildFile; fileRef = 4927A5B81E8FF54500707EB0 /* AKMigrateBucketEntryView.swift */; };
		492D5C741E82F53E00F9E470 /* AKAddView.swift in Sources */ = {isa = PBXBuildFile; fileRef = 492D5C731E82F53E00F9E470 /* AKAddView.swift */; };
		492F283A1E4B6C0D0020608B /* CHANGES.txt in Resources */ = {isa = PBXBuildFile; fileRef = 492F28381E4B6C0D0020608B /* CHANGES.txt */; };
		492F283B1E4B6C0D0020608B /* Podfile in Resources */ = {isa = PBXBuildFile; fileRef = 492F28391E4B6C0D0020608B /* Podfile */; };
		4931C6DB1EA7DF12002B321F /* CoderToDoUITests.swift in Sources */ = {isa = PBXBuildFile; fileRef = 4931C6D81EA7DF12002B321F /* CoderToDoUITests.swift */; };
		4931DAE41E58C1520002C173 /* AKAddCategoryView.xib in Resources */ = {isa = PBXBuildFile; fileRef = 4931DAE31E58C1520002C173 /* AKAddCategoryView.xib */; };
		4931DAE61E58CC0F0002C173 /* AKAddCategoryViewController.swift in Sources */ = {isa = PBXBuildFile; fileRef = 4931DAE51E58CC0F0002C173 /* AKAddCategoryViewController.swift */; };
		49400B5E1E803A9C001C893E /* AKTaskBuilder.swift in Sources */ = {isa = PBXBuildFile; fileRef = 49400B5D1E803A9C001C893E /* AKTaskBuilder.swift */; };
		49400B601E80532F001C893E /* AKCategoryBuilder.swift in Sources */ = {isa = PBXBuildFile; fileRef = 49400B5F1E80532F001C893E /* AKCategoryBuilder.swift */; };
		49400B621E805354001C893E /* AKDayBuilder.swift in Sources */ = {isa = PBXBuildFile; fileRef = 49400B611E805354001C893E /* AKDayBuilder.swift */; };
		49400B641E80536D001C893E /* AKProjectCategoryBuilder.swift in Sources */ = {isa = PBXBuildFile; fileRef = 49400B631E80536D001C893E /* AKProjectCategoryBuilder.swift */; };
		496674D51E6F276E00A60B64 /* AKSearchView.xib in Resources */ = {isa = PBXBuildFile; fileRef = 496674D41E6F276E00A60B64 /* AKSearchView.xib */; };
		49677F791E6476A100E1E675 /* AKTopMenuView.xib in Resources */ = {isa = PBXBuildFile; fileRef = 49677F781E6476A100E1E675 /* AKTopMenuView.xib */; };
		4971A6261E8ED18E00F2B81E /* AKBucketEntryBuilder.swift in Sources */ = {isa = PBXBuildFile; fileRef = 4971A6251E8ED18E00F2B81E /* AKBucketEntryBuilder.swift */; };
		4971A6281E8EDA9E00F2B81E /* AKAddBucketEntryView.xib in Resources */ = {isa = PBXBuildFile; fileRef = 4971A6271E8EDA9E00F2B81E /* AKAddBucketEntryView.xib */; };
		4971A62A1E8EDC3100F2B81E /* AKAddBucketEntryView.swift in Sources */ = {isa = PBXBuildFile; fileRef = 4971A6291E8EDC3100F2B81E /* AKAddBucketEntryView.swift */; };
		4971A62C1E8EF80E00F2B81E /* AKBucketTableViewCell.xib in Resources */ = {isa = PBXBuildFile; fileRef = 4971A62B1E8EF80E00F2B81E /* AKBucketTableViewCell.xib */; };
		4971A62E1E8EF8E800F2B81E /* AKBucketTableViewCell.swift in Sources */ = {isa = PBXBuildFile; fileRef = 4971A62D1E8EF8E800F2B81E /* AKBucketTableViewCell.swift */; };
		497F9C581E69D19000C78ECD /* AKSelectCategoryView.xib in Resources */ = {isa = PBXBuildFile; fileRef = 497F9C571E69D19000C78ECD /* AKSelectCategoryView.xib */; };
		498E17901E84332B00B3A3A1 /* AKProjectNameViewController.swift in Sources */ = {isa = PBXBuildFile; fileRef = 498E178F1E84332B00B3A3A1 /* AKProjectNameViewController.swift */; };
		498E17921E84333A00B3A3A1 /* AKProjectTimesViewController.swift in Sources */ = {isa = PBXBuildFile; fileRef = 498E17911E84333A00B3A3A1 /* AKProjectTimesViewController.swift */; };
		498E17941E84334D00B3A3A1 /* AKProjectNotificationsViewController.swift in Sources */ = {isa = PBXBuildFile; fileRef = 498E17931E84334D00B3A3A1 /* AKProjectNotificationsViewController.swift */; };
		498E17961E84335E00B3A3A1 /* AKUserDefinedCategoriesViewController.swift in Sources */ = {isa = PBXBuildFile; fileRef = 498E17951E84335E00B3A3A1 /* AKUserDefinedCategoriesViewController.swift */; };
		498E17981E84336B00B3A3A1 /* AKGoodiesViewController.swift in Sources */ = {isa = PBXBuildFile; fileRef = 498E17971E84336B00B3A3A1 /* AKGoodiesViewController.swift */; };
		498E179A1E8433FA00B3A3A1 /* AKBrainstormingBucketViewController.swift in Sources */ = {isa = PBXBuildFile; fileRef = 498E17991E8433FA00B3A3A1 /* AKBrainstormingBucketViewController.swift */; };
		499140EB1E953F6600169E14 /* AKInitialMessageView.xib in Resources */ = {isa = PBXBuildFile; fileRef = 499140EA1E953F6600169E14 /* AKInitialMessageView.xib */; };
		499140ED1E95405A00169E14 /* AKInitialMessageView.swift in Sources */ = {isa = PBXBuildFile; fileRef = 499140EC1E95405A00169E14 /* AKInitialMessageView.swift */; };
		49A4A0E31E589E8600CEDA1B /* AKAppDelegate.swift in Sources */ = {isa = PBXBuildFile; fileRef = 49A4A0981E589E8600CEDA1B /* AKAppDelegate.swift */; };
		49A4A0E41E589E8600CEDA1B /* AKLaunchScreen.storyboard in Resources */ = {isa = PBXBuildFile; fileRef = 49A4A0991E589E8600CEDA1B /* AKLaunchScreen.storyboard */; };
		49A4A0E51E589E8600CEDA1B /* AKMain.storyboard in Resources */ = {isa = PBXBuildFile; fileRef = 49A4A09A1E589E8600CEDA1B /* AKMain.storyboard */; };
		49A4A0E71E589E8600CEDA1B /* AKIntroductoryViewController.swift in Sources */ = {isa = PBXBuildFile; fileRef = 49A4A09E1E589E8600CEDA1B /* AKIntroductoryViewController.swift */; };
		49A4A0E81E589E8600CEDA1B /* AKListProjectsViewController.swift in Sources */ = {isa = PBXBuildFile; fileRef = 49A4A09F1E589E8600CEDA1B /* AKListProjectsViewController.swift */; };
		49A4A0E91E589E8600CEDA1B /* AKNewProjectViewController.swift in Sources */ = {isa = PBXBuildFile; fileRef = 49A4A0A01E589E8600CEDA1B /* AKNewProjectViewController.swift */; };
		49A4A0EB1E589E8600CEDA1B /* AKUsernameInputViewController.swift in Sources */ = {isa = PBXBuildFile; fileRef = 49A4A0A21E589E8600CEDA1B /* AKUsernameInputViewController.swift */; };
		49A4A0EC1E589E8600CEDA1B /* AKViewProjectViewController.swift in Sources */ = {isa = PBXBuildFile; fileRef = 49A4A0A31E589E8600CEDA1B /* AKViewProjectViewController.swift */; };
		49A4A0ED1E589E8600CEDA1B /* AKViewTaskViewController.swift in Sources */ = {isa = PBXBuildFile; fileRef = 49A4A0A41E589E8600CEDA1B /* AKViewTaskViewController.swift */; };
		49A4A0EE1E589E8600CEDA1B /* AKAddView.xib in Resources */ = {isa = PBXBuildFile; fileRef = 49A4A0A61E589E8600CEDA1B /* AKAddView.xib */; };
		49A4A0EF1E589E8600CEDA1B /* AKDaysTableViewCell.xib in Resources */ = {isa = PBXBuildFile; fileRef = 49A4A0A71E589E8600CEDA1B /* AKDaysTableViewCell.xib */; };
		49A4A0F01E589E8600CEDA1B /* AKIntroductoryView.xib in Resources */ = {isa = PBXBuildFile; fileRef = 49A4A0A81E589E8600CEDA1B /* AKIntroductoryView.xib */; };
		49A4A0F11E589E8600CEDA1B /* AKNewProjectView.xib in Resources */ = {isa = PBXBuildFile; fileRef = 49A4A0A91E589E8600CEDA1B /* AKNewProjectView.xib */; };
		49A4A0F21E589E8600CEDA1B /* AKProjectsTableViewCell.xib in Resources */ = {isa = PBXBuildFile; fileRef = 49A4A0AA1E589E8600CEDA1B /* AKProjectsTableViewCell.xib */; };
		49A4A0F31E589E8600CEDA1B /* AKSortView.xib in Resources */ = {isa = PBXBuildFile; fileRef = 49A4A0AB1E589E8600CEDA1B /* AKSortView.xib */; };
		49A4A0F41E589E8600CEDA1B /* AKTasksTableView.xib in Resources */ = {isa = PBXBuildFile; fileRef = 49A4A0AC1E589E8600CEDA1B /* AKTasksTableView.xib */; };
		49A4A0F51E589E8600CEDA1B /* AKTasksTableViewCell.xib in Resources */ = {isa = PBXBuildFile; fileRef = 49A4A0AD1E589E8600CEDA1B /* AKTasksTableViewCell.xib */; };
		49A4A0F61E589E8600CEDA1B /* AKUsernameInputView.xib in Resources */ = {isa = PBXBuildFile; fileRef = 49A4A0AE1E589E8600CEDA1B /* AKUsernameInputView.xib */; };
		49A4A0F71E589E8600CEDA1B /* Assets.xcassets in Resources */ = {isa = PBXBuildFile; fileRef = 49A4A0B01E589E8600CEDA1B /* Assets.xcassets */; };
		49A4A10F1E589E8600CEDA1B /* AKNewProjectViewController.plist in Resources */ = {isa = PBXBuildFile; fileRef = 49A4A0CA1E589E8600CEDA1B /* AKNewProjectViewController.plist */; };
		49AFFC3D1E81615100FC258C /* MainDataModel.xcdatamodeld in Sources */ = {isa = PBXBuildFile; fileRef = 49AFFC3B1E81615100FC258C /* MainDataModel.xcdatamodeld */; };
		49AFFC401E81660200FC258C /* AKUserBuilder.swift in Sources */ = {isa = PBXBuildFile; fileRef = 49AFFC3F1E81660200FC258C /* AKUserBuilder.swift */; };
		49AFFC421E819FEA00FC258C /* AKConfigurationsBuilder.swift in Sources */ = {isa = PBXBuildFile; fileRef = 49AFFC411E819FEA00FC258C /* AKConfigurationsBuilder.swift */; };
		49C064261E92679300FAE031 /* AKProjectTimesViewController.plist in Resources */ = {isa = PBXBuildFile; fileRef = 49C064241E92679300FAE031 /* AKProjectTimesViewController.plist */; };
		49C8CEDB1EAC5E3000BE6A8F /* rules.html in Resources */ = {isa = PBXBuildFile; fileRef = 49C8CED91EAC5E3000BE6A8F /* rules.html */; };
		49C8CEDD1EAD210700BE6A8F /* AKAboutViewController.swift in Sources */ = {isa = PBXBuildFile; fileRef = 49C8CEDC1EAD210700BE6A8F /* AKAboutViewController.swift */; };
		49D57DCB1E5B15A300DACF53 /* AKAddTaskView.xib in Resources */ = {isa = PBXBuildFile; fileRef = 49D57DCA1E5B15A300DACF53 /* AKAddTaskView.xib */; };
		49D57DCD1E5B15CB00DACF53 /* AKAddTaskViewController.swift in Sources */ = {isa = PBXBuildFile; fileRef = 49D57DCC1E5B15CB00DACF53 /* AKAddTaskViewController.swift */; };
		49D93F901E7986CA0093C9D2 /* AKConfigurationsViewController.swift in Sources */ = {isa = PBXBuildFile; fileRef = 49D93F8F1E7986CA0093C9D2 /* AKConfigurationsViewController.swift */; };
		49D93F941E798BCE0093C9D2 /* AKBackupViewController.swift in Sources */ = {isa = PBXBuildFile; fileRef = 49D93F931E798BCE0093C9D2 /* AKBackupViewController.swift */; };
		49D93F961E798BFF0093C9D2 /* AKUserViewController.swift in Sources */ = {isa = PBXBuildFile; fileRef = 49D93F951E798BFF0093C9D2 /* AKUserViewController.swift */; };
		49DF7ED01E5DD49C0017BEC6 /* AKSelectTaskStateView.xib in Resources */ = {isa = PBXBuildFile; fileRef = 49DF7ECF1E5DD49C0017BEC6 /* AKSelectTaskStateView.xib */; };
		49DF7EDA1E5E1C450017BEC6 /* AKMessageView.xib in Resources */ = {isa = PBXBuildFile; fileRef = 49DF7ED91E5E1C450017BEC6 /* AKMessageView.xib */; };
		49DF7EDE1E5E27450017BEC6 /* AKContinueMessageView.xib in Resources */ = {isa = PBXBuildFile; fileRef = 49DF7EDD1E5E27450017BEC6 /* AKContinueMessageView.xib */; };
		49E76DF61E7DCF62000215BC /* AKCloudKitController.swift in Sources */ = {isa = PBXBuildFile; fileRef = 49E76DC41E7DCF62000215BC /* AKCloudKitController.swift */; };
		49E76DF71E7DCF62000215BC /* AKXMLBuilder.swift in Sources */ = {isa = PBXBuildFile; fileRef = 49E76DC51E7DCF62000215BC /* AKXMLBuilder.swift */; };
		49E76DF81E7DCF62000215BC /* AKXMLController.swift in Sources */ = {isa = PBXBuildFile; fileRef = 49E76DC61E7DCF62000215BC /* AKXMLController.swift */; };
		49E76DF91E7DCF62000215BC /* AKConstants.swift in Sources */ = {isa = PBXBuildFile; fileRef = 49E76DC71E7DCF62000215BC /* AKConstants.swift */; };
		49E76DFA1E7DCF62000215BC /* AKDataController.swift in Sources */ = {isa = PBXBuildFile; fileRef = 49E76DC91E7DCF62000215BC /* AKDataController.swift */; };
		49E76DFB1E7DCF62000215BC /* AKDataInterface.swift in Sources */ = {isa = PBXBuildFile; fileRef = 49E76DCA1E7DCF62000215BC /* AKDataInterface.swift */; };
		49E76DFC1E7DCF62000215BC /* AKMasterReference.swift in Sources */ = {isa = PBXBuildFile; fileRef = 49E76DCB1E7DCF62000215BC /* AKMasterReference.swift */; };
		49E76DFD1E7DCF62000215BC /* AKProjectBuilder.swift in Sources */ = {isa = PBXBuildFile; fileRef = 49E76DCC1E7DCF62000215BC /* AKProjectBuilder.swift */; };
		49E76DFE1E7DCF62000215BC /* AKCustomView.swift in Sources */ = {isa = PBXBuildFile; fileRef = 49E76DCE1E7DCF62000215BC /* AKCustomView.swift */; };
		49E76DFF1E7DCF62000215BC /* AKCustomViewController.swift in Sources */ = {isa = PBXBuildFile; fileRef = 49E76DCF1E7DCF62000215BC /* AKCustomViewController.swift */; };
		49E76E001E7DCF62000215BC /* AKCustomViewProtocol.swift in Sources */ = {isa = PBXBuildFile; fileRef = 49E76DD01E7DCF62000215BC /* AKCustomViewProtocol.swift */; };
		49E76E011E7DCF62000215BC /* AKContinueMessageView.swift in Sources */ = {isa = PBXBuildFile; fileRef = 49E76DD21E7DCF62000215BC /* AKContinueMessageView.swift */; };
		49E76E021E7DCF62000215BC /* AKFilterView.swift in Sources */ = {isa = PBXBuildFile; fileRef = 49E76DD31E7DCF62000215BC /* AKFilterView.swift */; };
		49E76E031E7DCF62000215BC /* AKMessageView.swift in Sources */ = {isa = PBXBuildFile; fileRef = 49E76DD41E7DCF62000215BC /* AKMessageView.swift */; };
		49E76E041E7DCF62000215BC /* AKSearchView.swift in Sources */ = {isa = PBXBuildFile; fileRef = 49E76DD51E7DCF62000215BC /* AKSearchView.swift */; };
		49E76E051E7DCF62000215BC /* AKSelectCategoryView.swift in Sources */ = {isa = PBXBuildFile; fileRef = 49E76DD61E7DCF62000215BC /* AKSelectCategoryView.swift */; };
		49E76E061E7DCF62000215BC /* AKSelectTaskStateView.swift in Sources */ = {isa = PBXBuildFile; fileRef = 49E76DD71E7DCF62000215BC /* AKSelectTaskStateView.swift */; };
		49E76E071E7DCF62000215BC /* AKSortView.swift in Sources */ = {isa = PBXBuildFile; fileRef = 49E76DD81E7DCF62000215BC /* AKSortView.swift */; };
		49E76E081E7DCF62000215BC /* AKTasksTableView.swift in Sources */ = {isa = PBXBuildFile; fileRef = 49E76DD91E7DCF62000215BC /* AKTasksTableView.swift */; };
		49E76E091E7DCF62000215BC /* AKTopMenuView.swift in Sources */ = {isa = PBXBuildFile; fileRef = 49E76DDA1E7DCF62000215BC /* AKTopMenuView.swift */; };
		49E76E0A1E7DCF62000215BC /* AKNotesTextField.swift in Sources */ = {isa = PBXBuildFile; fileRef = 49E76DDC1E7DCF62000215BC /* AKNotesTextField.swift */; };
		49E76E0B1E7DCF62000215BC /* AKConfigurationsTableViewCell.swift in Sources */ = {isa = PBXBuildFile; fileRef = 49E76DDE1E7DCF62000215BC /* AKConfigurationsTableViewCell.swift */; };
		49E76E0C1E7DCF62000215BC /* AKDaysTableViewCell.swift in Sources */ = {isa = PBXBuildFile; fileRef = 49E76DDF1E7DCF62000215BC /* AKDaysTableViewCell.swift */; };
		49E76E0D1E7DCF62000215BC /* AKProjectsTableViewCell.swift in Sources */ = {isa = PBXBuildFile; fileRef = 49E76DE01E7DCF62000215BC /* AKProjectsTableViewCell.swift */; };
		49E76E0E1E7DCF62000215BC /* AKTasksTableViewCell.swift in Sources */ = {isa = PBXBuildFile; fileRef = 49E76DE11E7DCF62000215BC /* AKTasksTableViewCell.swift */; };
		49E76E0F1E7DCF62000215BC /* libESXP-ObjectiveC-Universal.a in Frameworks */ = {isa = PBXBuildFile; fileRef = 49E76DEA1E7DCF62000215BC /* libESXP-ObjectiveC-Universal.a */; };
		49E76E101E7DCF62000215BC /* AKCategoryName.swift in Sources */ = {isa = PBXBuildFile; fileRef = 49E76DEC1E7DCF62000215BC /* AKCategoryName.swift */; };
		49E76E111E7DCF62000215BC /* AKInputData.swift in Sources */ = {isa = PBXBuildFile; fileRef = 49E76DED1E7DCF62000215BC /* AKInputData.swift */; };
		49E76E121E7DCF62000215BC /* AKProjectName.swift in Sources */ = {isa = PBXBuildFile; fileRef = 49E76DEE1E7DCF62000215BC /* AKProjectName.swift */; };
		49E76E131E7DCF62000215BC /* AKTaskName.swift in Sources */ = {isa = PBXBuildFile; fileRef = 49E76DEF1E7DCF62000215BC /* AKTaskName.swift */; };
		49E76E141E7DCF62000215BC /* AKUsername.swift in Sources */ = {isa = PBXBuildFile; fileRef = 49E76DF01E7DCF62000215BC /* AKUsername.swift */; };
		49E76E151E7DCF62000215BC /* AKChecks.swift in Sources */ = {isa = PBXBuildFile; fileRef = 49E76DF21E7DCF62000215BC /* AKChecks.swift */; };
		49FE561E1E68A80B00652187 /* AKProjectConfigurationsViewController.swift in Sources */ = {isa = PBXBuildFile; fileRef = 49FE561D1E68A80B00652187 /* AKProjectConfigurationsViewController.swift */; };
		49FE56201E68AC6500652187 /* AKConfigurationsTableViewCell.xib in Resources */ = {isa = PBXBuildFile; fileRef = 49FE561F1E68AC6500652187 /* AKConfigurationsTableViewCell.xib */; };
		9DCE956121AC8081495F1DCE /* Pods_CoderToDo.framework in Frameworks */ = {isa = PBXBuildFile; fileRef = 851AFF731111790123E2943F /* Pods_CoderToDo.framework */; };
/* End PBXBuildFile section */

/* Begin PBXContainerItemProxy section */
		4931C6D21EA7DE75002B321F /* PBXContainerItemProxy */ = {
			isa = PBXContainerItemProxy;
			containerPortal = 4956B8211E4B697D0032B2F8 /* Project object */;
			proxyType = 1;
			remoteGlobalIDString = 4956B8281E4B697D0032B2F8;
			remoteInfo = CoderToDo;
		};
/* End PBXContainerItemProxy section */

/* Begin PBXFileReference section */
		2C25BC9DB450A698309C1AD7 /* Pods-CoderToDo.debug.xcconfig */ = {isa = PBXFileReference; includeInIndex = 1; lastKnownFileType = text.xcconfig; name = "Pods-CoderToDo.debug.xcconfig"; path = "Pods/Target Support Files/Pods-CoderToDo/Pods-CoderToDo.debug.xcconfig"; sourceTree = "<group>"; };
		4905B4101E981365000E0EA0 /* AKDisplaceableTableMenuView.xib */ = {isa = PBXFileReference; fileEncoding = 4; lastKnownFileType = file.xib; path = AKDisplaceableTableMenuView.xib; sourceTree = "<group>"; };
		4905B4121E98141D000E0EA0 /* AKDisplaceableTableMenuView.swift */ = {isa = PBXFileReference; fileEncoding = 4; lastKnownFileType = sourcecode.swift; path = AKDisplaceableTableMenuView.swift; sourceTree = "<group>"; };
		490670251E6D90CF0046298C /* AKFilterView.xib */ = {isa = PBXFileReference; fileEncoding = 4; lastKnownFileType = file.xib; path = AKFilterView.xib; sourceTree = "<group>"; };
		490C223D1E65CBBE006A39F8 /* CloudKit.framework */ = {isa = PBXFileReference; lastKnownFileType = wrapper.framework; name = CloudKit.framework; path = System/Library/Frameworks/CloudKit.framework; sourceTree = SDKROOT; };
		49121B891E737480000B4D26 /* Icon-1024@1x.png */ = {isa = PBXFileReference; lastKnownFileType = image.png; path = "Icon-1024@1x.png"; sourceTree = "<group>"; };
		49121B8A1E737480000B4D26 /* Icon-512@1x.png */ = {isa = PBXFileReference; lastKnownFileType = image.png; path = "Icon-512@1x.png"; sourceTree = "<group>"; };
		49121B8C1E737480000B4D26 /* Icon-20@1x.png */ = {isa = PBXFileReference; lastKnownFileType = image.png; path = "Icon-20@1x.png"; sourceTree = "<group>"; };
		49121B8D1E737480000B4D26 /* Icon-20@2x.png */ = {isa = PBXFileReference; lastKnownFileType = image.png; path = "Icon-20@2x.png"; sourceTree = "<group>"; };
		49121B8E1E737480000B4D26 /* Icon-20@3x.png */ = {isa = PBXFileReference; lastKnownFileType = image.png; path = "Icon-20@3x.png"; sourceTree = "<group>"; };
		49121B8F1E737480000B4D26 /* Icon-29@1x.png */ = {isa = PBXFileReference; lastKnownFileType = image.png; path = "Icon-29@1x.png"; sourceTree = "<group>"; };
		49121B901E737480000B4D26 /* Icon-29@2x.png */ = {isa = PBXFileReference; lastKnownFileType = image.png; path = "Icon-29@2x.png"; sourceTree = "<group>"; };
		49121B911E737480000B4D26 /* Icon-29@3x.png */ = {isa = PBXFileReference; lastKnownFileType = image.png; path = "Icon-29@3x.png"; sourceTree = "<group>"; };
		49121B921E737480000B4D26 /* Icon-40@1x.png */ = {isa = PBXFileReference; lastKnownFileType = image.png; path = "Icon-40@1x.png"; sourceTree = "<group>"; };
		49121B931E737480000B4D26 /* Icon-40@2x.png */ = {isa = PBXFileReference; lastKnownFileType = image.png; path = "Icon-40@2x.png"; sourceTree = "<group>"; };
		49121B941E737480000B4D26 /* Icon-40@3x.png */ = {isa = PBXFileReference; lastKnownFileType = image.png; path = "Icon-40@3x.png"; sourceTree = "<group>"; };
		49121B951E737480000B4D26 /* Icon-57@1x.png */ = {isa = PBXFileReference; lastKnownFileType = image.png; path = "Icon-57@1x.png"; sourceTree = "<group>"; };
		49121B961E737480000B4D26 /* Icon-57@2x.png */ = {isa = PBXFileReference; lastKnownFileType = image.png; path = "Icon-57@2x.png"; sourceTree = "<group>"; };
		49121B971E737480000B4D26 /* Icon-60@1x.png */ = {isa = PBXFileReference; lastKnownFileType = image.png; path = "Icon-60@1x.png"; sourceTree = "<group>"; };
		49121B981E737480000B4D26 /* Icon-60@2x.png */ = {isa = PBXFileReference; lastKnownFileType = image.png; path = "Icon-60@2x.png"; sourceTree = "<group>"; };
		49121B991E737480000B4D26 /* Icon-60@3x.png */ = {isa = PBXFileReference; lastKnownFileType = image.png; path = "Icon-60@3x.png"; sourceTree = "<group>"; };
		49121B9A1E737480000B4D26 /* Icon-72@1x.png */ = {isa = PBXFileReference; lastKnownFileType = image.png; path = "Icon-72@1x.png"; sourceTree = "<group>"; };
		49121B9B1E737480000B4D26 /* Icon-72@2x.png */ = {isa = PBXFileReference; lastKnownFileType = image.png; path = "Icon-72@2x.png"; sourceTree = "<group>"; };
		49121B9C1E737480000B4D26 /* Icon-76@1x.png */ = {isa = PBXFileReference; lastKnownFileType = image.png; path = "Icon-76@1x.png"; sourceTree = "<group>"; };
		49121B9D1E737480000B4D26 /* Icon-76@2x.png */ = {isa = PBXFileReference; lastKnownFileType = image.png; path = "Icon-76@2x.png"; sourceTree = "<group>"; };
		49121B9E1E737480000B4D26 /* Icon-76@3x.png */ = {isa = PBXFileReference; lastKnownFileType = image.png; path = "Icon-76@3x.png"; sourceTree = "<group>"; };
		49121B9F1E737480000B4D26 /* Icon-83.5@2x.png */ = {isa = PBXFileReference; lastKnownFileType = image.png; path = "Icon-83.5@2x.png"; sourceTree = "<group>"; };
		49121BA01E737480000B4D26 /* Icon-Small-50@1x.png */ = {isa = PBXFileReference; lastKnownFileType = image.png; path = "Icon-Small-50@1x.png"; sourceTree = "<group>"; };
		49121BA11E737480000B4D26 /* Icon-Small-50@2x.png */ = {isa = PBXFileReference; lastKnownFileType = image.png; path = "Icon-Small-50@2x.png"; sourceTree = "<group>"; };
		49121BA21E737480000B4D26 /* iTunesArtwork@1x.png */ = {isa = PBXFileReference; lastKnownFileType = image.png; path = "iTunesArtwork@1x.png"; sourceTree = "<group>"; };
		49121BA31E737480000B4D26 /* iTunesArtwork@2x.png */ = {isa = PBXFileReference; lastKnownFileType = image.png; path = "iTunesArtwork@2x.png"; sourceTree = "<group>"; };
		49121BA41E737480000B4D26 /* iTunesArtwork@3x.png */ = {isa = PBXFileReference; lastKnownFileType = image.png; path = "iTunesArtwork@3x.png"; sourceTree = "<group>"; };
		49121BA61E737480000B4D26 /* Icon-24@2x.png */ = {isa = PBXFileReference; lastKnownFileType = image.png; path = "Icon-24@2x.png"; sourceTree = "<group>"; };
		49121BA71E737480000B4D26 /* Icon-27.5@2x.png */ = {isa = PBXFileReference; lastKnownFileType = image.png; path = "Icon-27.5@2x.png"; sourceTree = "<group>"; };
		49121BA81E737480000B4D26 /* Icon-29@2x.png */ = {isa = PBXFileReference; lastKnownFileType = image.png; path = "Icon-29@2x.png"; sourceTree = "<group>"; };
		49121BA91E737480000B4D26 /* Icon-29@3x.png */ = {isa = PBXFileReference; lastKnownFileType = image.png; path = "Icon-29@3x.png"; sourceTree = "<group>"; };
		49121BAA1E737480000B4D26 /* Icon-40@2x.png */ = {isa = PBXFileReference; lastKnownFileType = image.png; path = "Icon-40@2x.png"; sourceTree = "<group>"; };
		49121BAB1E737480000B4D26 /* Icon-44@2x.png */ = {isa = PBXFileReference; lastKnownFileType = image.png; path = "Icon-44@2x.png"; sourceTree = "<group>"; };
		49121BAC1E737480000B4D26 /* Icon-86@2x.png */ = {isa = PBXFileReference; lastKnownFileType = image.png; path = "Icon-86@2x.png"; sourceTree = "<group>"; };
		49121BAD1E737480000B4D26 /* Icon-98@2x.png */ = {isa = PBXFileReference; lastKnownFileType = image.png; path = "Icon-98@2x.png"; sourceTree = "<group>"; };
		49121BD11E73765D000B4D26 /* Logo.png */ = {isa = PBXFileReference; lastKnownFileType = image.png; path = Logo.png; sourceTree = "<group>"; };
		4913F76C1E9A911E005E6FCB /* AKTableCachingSystem.swift */ = {isa = PBXFileReference; fileEncoding = 4; lastKnownFileType = sourcecode.swift; path = AKTableCachingSystem.swift; sourceTree = "<group>"; };
		4913F76E1E9A9186005E6FCB /* AKTableCachingEntry.swift */ = {isa = PBXFileReference; fileEncoding = 4; lastKnownFileType = sourcecode.swift; path = AKTableCachingEntry.swift; sourceTree = "<group>"; };
		4927A5B61E8FF39500707EB0 /* AKMigrateBucketEntryView.xib */ = {isa = PBXFileReference; fileEncoding = 4; lastKnownFileType = file.xib; path = AKMigrateBucketEntryView.xib; sourceTree = "<group>"; };
		4927A5B81E8FF54500707EB0 /* AKMigrateBucketEntryView.swift */ = {isa = PBXFileReference; fileEncoding = 4; lastKnownFileType = sourcecode.swift; path = AKMigrateBucketEntryView.swift; sourceTree = "<group>"; };
		492D5C731E82F53E00F9E470 /* AKAddView.swift */ = {isa = PBXFileReference; fileEncoding = 4; lastKnownFileType = sourcecode.swift; path = AKAddView.swift; sourceTree = "<group>"; };
		492F28381E4B6C0D0020608B /* CHANGES.txt */ = {isa = PBXFileReference; fileEncoding = 4; lastKnownFileType = text; path = CHANGES.txt; sourceTree = "<group>"; };
		492F28391E4B6C0D0020608B /* Podfile */ = {isa = PBXFileReference; fileEncoding = 4; lastKnownFileType = text; path = Podfile; sourceTree = "<group>"; xcLanguageSpecificationIdentifier = xcode.lang.ruby; };
		4931C6CD1EA7DE75002B321F /* CoderToDoUITests.xctest */ = {isa = PBXFileReference; explicitFileType = wrapper.cfbundle; includeInIndex = 0; path = CoderToDoUITests.xctest; sourceTree = BUILT_PRODUCTS_DIR; };
		4931C6D81EA7DF12002B321F /* CoderToDoUITests.swift */ = {isa = PBXFileReference; fileEncoding = 4; lastKnownFileType = sourcecode.swift; path = CoderToDoUITests.swift; sourceTree = "<group>"; };
		4931C6DA1EA7DF12002B321F /* Info.plist */ = {isa = PBXFileReference; fileEncoding = 4; lastKnownFileType = text.plist.xml; path = Info.plist; sourceTree = "<group>"; };
		4931DAE31E58C1520002C173 /* AKAddCategoryView.xib */ = {isa = PBXFileReference; fileEncoding = 4; lastKnownFileType = file.xib; path = AKAddCategoryView.xib; sourceTree = "<group>"; };
		4931DAE51E58CC0F0002C173 /* AKAddCategoryViewController.swift */ = {isa = PBXFileReference; fileEncoding = 4; lastKnownFileType = sourcecode.swift; path = AKAddCategoryViewController.swift; sourceTree = "<group>"; };
		49400B5D1E803A9C001C893E /* AKTaskBuilder.swift */ = {isa = PBXFileReference; fileEncoding = 4; lastKnownFileType = sourcecode.swift; path = AKTaskBuilder.swift; sourceTree = "<group>"; };
		49400B5F1E80532F001C893E /* AKCategoryBuilder.swift */ = {isa = PBXFileReference; fileEncoding = 4; lastKnownFileType = sourcecode.swift; path = AKCategoryBuilder.swift; sourceTree = "<group>"; };
		49400B611E805354001C893E /* AKDayBuilder.swift */ = {isa = PBXFileReference; fileEncoding = 4; lastKnownFileType = sourcecode.swift; path = AKDayBuilder.swift; sourceTree = "<group>"; };
		49400B631E80536D001C893E /* AKProjectCategoryBuilder.swift */ = {isa = PBXFileReference; fileEncoding = 4; lastKnownFileType = sourcecode.swift; path = AKProjectCategoryBuilder.swift; sourceTree = "<group>"; };
		494A41B41E743ABB00EEE2A1 /* AKBridgingHeader.h */ = {isa = PBXFileReference; lastKnownFileType = sourcecode.c.h; path = AKBridgingHeader.h; sourceTree = "<group>"; };
		4956B8291E4B697D0032B2F8 /* CoderToDo.app */ = {isa = PBXFileReference; explicitFileType = wrapper.application; includeInIndex = 0; path = CoderToDo.app; sourceTree = BUILT_PRODUCTS_DIR; };
		496674D41E6F276E00A60B64 /* AKSearchView.xib */ = {isa = PBXFileReference; fileEncoding = 4; lastKnownFileType = file.xib; path = AKSearchView.xib; sourceTree = "<group>"; };
		49677F781E6476A100E1E675 /* AKTopMenuView.xib */ = {isa = PBXFileReference; fileEncoding = 4; lastKnownFileType = file.xib; path = AKTopMenuView.xib; sourceTree = "<group>"; };
		4971A6251E8ED18E00F2B81E /* AKBucketEntryBuilder.swift */ = {isa = PBXFileReference; fileEncoding = 4; lastKnownFileType = sourcecode.swift; path = AKBucketEntryBuilder.swift; sourceTree = "<group>"; };
		4971A6271E8EDA9E00F2B81E /* AKAddBucketEntryView.xib */ = {isa = PBXFileReference; fileEncoding = 4; lastKnownFileType = file.xib; path = AKAddBucketEntryView.xib; sourceTree = "<group>"; };
		4971A6291E8EDC3100F2B81E /* AKAddBucketEntryView.swift */ = {isa = PBXFileReference; fileEncoding = 4; lastKnownFileType = sourcecode.swift; path = AKAddBucketEntryView.swift; sourceTree = "<group>"; };
		4971A62B1E8EF80E00F2B81E /* AKBucketTableViewCell.xib */ = {isa = PBXFileReference; fileEncoding = 4; lastKnownFileType = file.xib; path = AKBucketTableViewCell.xib; sourceTree = "<group>"; };
		4971A62D1E8EF8E800F2B81E /* AKBucketTableViewCell.swift */ = {isa = PBXFileReference; fileEncoding = 4; lastKnownFileType = sourcecode.swift; path = AKBucketTableViewCell.swift; sourceTree = "<group>"; };
		4971D7C81E8C3430000A519F /* AKDataStructures.h */ = {isa = PBXFileReference; fileEncoding = 4; lastKnownFileType = sourcecode.c.h; path = AKDataStructures.h; sourceTree = "<group>"; };
		497F9C571E69D19000C78ECD /* AKSelectCategoryView.xib */ = {isa = PBXFileReference; fileEncoding = 4; lastKnownFileType = file.xib; path = AKSelectCategoryView.xib; sourceTree = "<group>"; };
		498E178F1E84332B00B3A3A1 /* AKProjectNameViewController.swift */ = {isa = PBXFileReference; fileEncoding = 4; lastKnownFileType = sourcecode.swift; path = AKProjectNameViewController.swift; sourceTree = "<group>"; };
		498E17911E84333A00B3A3A1 /* AKProjectTimesViewController.swift */ = {isa = PBXFileReference; fileEncoding = 4; lastKnownFileType = sourcecode.swift; path = AKProjectTimesViewController.swift; sourceTree = "<group>"; };
		498E17931E84334D00B3A3A1 /* AKProjectNotificationsViewController.swift */ = {isa = PBXFileReference; fileEncoding = 4; lastKnownFileType = sourcecode.swift; path = AKProjectNotificationsViewController.swift; sourceTree = "<group>"; };
		498E17951E84335E00B3A3A1 /* AKUserDefinedCategoriesViewController.swift */ = {isa = PBXFileReference; fileEncoding = 4; lastKnownFileType = sourcecode.swift; path = AKUserDefinedCategoriesViewController.swift; sourceTree = "<group>"; };
		498E17971E84336B00B3A3A1 /* AKGoodiesViewController.swift */ = {isa = PBXFileReference; fileEncoding = 4; lastKnownFileType = sourcecode.swift; path = AKGoodiesViewController.swift; sourceTree = "<group>"; };
		498E17991E8433FA00B3A3A1 /* AKBrainstormingBucketViewController.swift */ = {isa = PBXFileReference; fileEncoding = 4; lastKnownFileType = sourcecode.swift; path = AKBrainstormingBucketViewController.swift; sourceTree = "<group>"; };
		499140EA1E953F6600169E14 /* AKInitialMessageView.xib */ = {isa = PBXFileReference; fileEncoding = 4; lastKnownFileType = file.xib; path = AKInitialMessageView.xib; sourceTree = "<group>"; };
		499140EC1E95405A00169E14 /* AKInitialMessageView.swift */ = {isa = PBXFileReference; fileEncoding = 4; lastKnownFileType = sourcecode.swift; path = AKInitialMessageView.swift; sourceTree = "<group>"; };
		49A4A0981E589E8600CEDA1B /* AKAppDelegate.swift */ = {isa = PBXFileReference; fileEncoding = 4; lastKnownFileType = sourcecode.swift; path = AKAppDelegate.swift; sourceTree = "<group>"; };
		49A4A0991E589E8600CEDA1B /* AKLaunchScreen.storyboard */ = {isa = PBXFileReference; fileEncoding = 4; lastKnownFileType = file.storyboard; path = AKLaunchScreen.storyboard; sourceTree = "<group>"; };
		49A4A09A1E589E8600CEDA1B /* AKMain.storyboard */ = {isa = PBXFileReference; fileEncoding = 4; lastKnownFileType = file.storyboard; path = AKMain.storyboard; sourceTree = "<group>"; };
		49A4A09E1E589E8600CEDA1B /* AKIntroductoryViewController.swift */ = {isa = PBXFileReference; fileEncoding = 4; lastKnownFileType = sourcecode.swift; path = AKIntroductoryViewController.swift; sourceTree = "<group>"; };
		49A4A09F1E589E8600CEDA1B /* AKListProjectsViewController.swift */ = {isa = PBXFileReference; fileEncoding = 4; lastKnownFileType = sourcecode.swift; path = AKListProjectsViewController.swift; sourceTree = "<group>"; };
		49A4A0A01E589E8600CEDA1B /* AKNewProjectViewController.swift */ = {isa = PBXFileReference; fileEncoding = 4; lastKnownFileType = sourcecode.swift; path = AKNewProjectViewController.swift; sourceTree = "<group>"; };
		49A4A0A21E589E8600CEDA1B /* AKUsernameInputViewController.swift */ = {isa = PBXFileReference; fileEncoding = 4; lastKnownFileType = sourcecode.swift; path = AKUsernameInputViewController.swift; sourceTree = "<group>"; };
		49A4A0A31E589E8600CEDA1B /* AKViewProjectViewController.swift */ = {isa = PBXFileReference; fileEncoding = 4; lastKnownFileType = sourcecode.swift; path = AKViewProjectViewController.swift; sourceTree = "<group>"; };
		49A4A0A41E589E8600CEDA1B /* AKViewTaskViewController.swift */ = {isa = PBXFileReference; fileEncoding = 4; lastKnownFileType = sourcecode.swift; path = AKViewTaskViewController.swift; sourceTree = "<group>"; };
		49A4A0A61E589E8600CEDA1B /* AKAddView.xib */ = {isa = PBXFileReference; fileEncoding = 4; lastKnownFileType = file.xib; path = AKAddView.xib; sourceTree = "<group>"; };
		49A4A0A71E589E8600CEDA1B /* AKDaysTableViewCell.xib */ = {isa = PBXFileReference; fileEncoding = 4; lastKnownFileType = file.xib; path = AKDaysTableViewCell.xib; sourceTree = "<group>"; };
		49A4A0A81E589E8600CEDA1B /* AKIntroductoryView.xib */ = {isa = PBXFileReference; fileEncoding = 4; lastKnownFileType = file.xib; path = AKIntroductoryView.xib; sourceTree = "<group>"; };
		49A4A0A91E589E8600CEDA1B /* AKNewProjectView.xib */ = {isa = PBXFileReference; fileEncoding = 4; lastKnownFileType = file.xib; path = AKNewProjectView.xib; sourceTree = "<group>"; };
		49A4A0AA1E589E8600CEDA1B /* AKProjectsTableViewCell.xib */ = {isa = PBXFileReference; fileEncoding = 4; lastKnownFileType = file.xib; path = AKProjectsTableViewCell.xib; sourceTree = "<group>"; };
		49A4A0AB1E589E8600CEDA1B /* AKSortView.xib */ = {isa = PBXFileReference; fileEncoding = 4; lastKnownFileType = file.xib; path = AKSortView.xib; sourceTree = "<group>"; };
		49A4A0AC1E589E8600CEDA1B /* AKTasksTableView.xib */ = {isa = PBXFileReference; fileEncoding = 4; lastKnownFileType = file.xib; path = AKTasksTableView.xib; sourceTree = "<group>"; };
		49A4A0AD1E589E8600CEDA1B /* AKTasksTableViewCell.xib */ = {isa = PBXFileReference; fileEncoding = 4; lastKnownFileType = file.xib; path = AKTasksTableViewCell.xib; sourceTree = "<group>"; };
		49A4A0AE1E589E8600CEDA1B /* AKUsernameInputView.xib */ = {isa = PBXFileReference; fileEncoding = 4; lastKnownFileType = file.xib; path = AKUsernameInputView.xib; sourceTree = "<group>"; };
		49A4A0B01E589E8600CEDA1B /* Assets.xcassets */ = {isa = PBXFileReference; lastKnownFileType = folder.assetcatalog; path = Assets.xcassets; sourceTree = "<group>"; };
		49A4A0CB1E589E8600CEDA1B /* Base */ = {isa = PBXFileReference; lastKnownFileType = text.plist.xml; name = Base; path = Base.lproj/AKNewProjectViewController.plist; sourceTree = "<group>"; };
		49A4A0E01E589E8600CEDA1B /* Info.plist */ = {isa = PBXFileReference; fileEncoding = 4; lastKnownFileType = text.plist.xml; path = Info.plist; sourceTree = "<group>"; };
		49AFFC3C1E81615100FC258C /* MainDataModel.xcdatamodel */ = {isa = PBXFileReference; lastKnownFileType = wrapper.xcdatamodel; path = MainDataModel.xcdatamodel; sourceTree = "<group>"; };
		49AFFC3E1E81653300FC258C /* MainDataModel.v2.xcdatamodel */ = {isa = PBXFileReference; lastKnownFileType = wrapper.xcdatamodel; path = MainDataModel.v2.xcdatamodel; sourceTree = "<group>"; };
		49AFFC3F1E81660200FC258C /* AKUserBuilder.swift */ = {isa = PBXFileReference; fileEncoding = 4; lastKnownFileType = sourcecode.swift; path = AKUserBuilder.swift; sourceTree = "<group>"; };
		49AFFC411E819FEA00FC258C /* AKConfigurationsBuilder.swift */ = {isa = PBXFileReference; fileEncoding = 4; lastKnownFileType = sourcecode.swift; path = AKConfigurationsBuilder.swift; sourceTree = "<group>"; };
		49BE6DF91E65C69300E3F306 /* CoderToDo.entitlements */ = {isa = PBXFileReference; lastKnownFileType = text.plist.entitlements; path = CoderToDo.entitlements; sourceTree = "<group>"; };
		49C064251E92679300FAE031 /* Base */ = {isa = PBXFileReference; lastKnownFileType = text.plist.xml; name = Base; path = Base.lproj/AKProjectTimesViewController.plist; sourceTree = "<group>"; };
		49C8CED91EAC5E3000BE6A8F /* rules.html */ = {isa = PBXFileReference; fileEncoding = 4; lastKnownFileType = text.html; path = rules.html; sourceTree = "<group>"; };
		49C8CEDC1EAD210700BE6A8F /* AKAboutViewController.swift */ = {isa = PBXFileReference; fileEncoding = 4; lastKnownFileType = sourcecode.swift; path = AKAboutViewController.swift; sourceTree = "<group>"; };
		49D57DCA1E5B15A300DACF53 /* AKAddTaskView.xib */ = {isa = PBXFileReference; fileEncoding = 4; lastKnownFileType = file.xib; path = AKAddTaskView.xib; sourceTree = "<group>"; };
		49D57DCC1E5B15CB00DACF53 /* AKAddTaskViewController.swift */ = {isa = PBXFileReference; fileEncoding = 4; lastKnownFileType = sourcecode.swift; path = AKAddTaskViewController.swift; sourceTree = "<group>"; };
		49D93F8F1E7986CA0093C9D2 /* AKConfigurationsViewController.swift */ = {isa = PBXFileReference; fileEncoding = 4; lastKnownFileType = sourcecode.swift; path = AKConfigurationsViewController.swift; sourceTree = "<group>"; };
		49D93F931E798BCE0093C9D2 /* AKBackupViewController.swift */ = {isa = PBXFileReference; fileEncoding = 4; lastKnownFileType = sourcecode.swift; path = AKBackupViewController.swift; sourceTree = "<group>"; };
		49D93F951E798BFF0093C9D2 /* AKUserViewController.swift */ = {isa = PBXFileReference; fileEncoding = 4; lastKnownFileType = sourcecode.swift; path = AKUserViewController.swift; sourceTree = "<group>"; };
		49DF7ECF1E5DD49C0017BEC6 /* AKSelectTaskStateView.xib */ = {isa = PBXFileReference; fileEncoding = 4; lastKnownFileType = file.xib; path = AKSelectTaskStateView.xib; sourceTree = "<group>"; };
		49DF7ED91E5E1C450017BEC6 /* AKMessageView.xib */ = {isa = PBXFileReference; fileEncoding = 4; lastKnownFileType = file.xib; path = AKMessageView.xib; sourceTree = "<group>"; };
		49DF7EDD1E5E27450017BEC6 /* AKContinueMessageView.xib */ = {isa = PBXFileReference; fileEncoding = 4; lastKnownFileType = file.xib; path = AKContinueMessageView.xib; sourceTree = "<group>"; };
		49E76DC41E7DCF62000215BC /* AKCloudKitController.swift */ = {isa = PBXFileReference; fileEncoding = 4; lastKnownFileType = sourcecode.swift; path = AKCloudKitController.swift; sourceTree = "<group>"; };
		49E76DC51E7DCF62000215BC /* AKXMLBuilder.swift */ = {isa = PBXFileReference; fileEncoding = 4; lastKnownFileType = sourcecode.swift; path = AKXMLBuilder.swift; sourceTree = "<group>"; };
		49E76DC61E7DCF62000215BC /* AKXMLController.swift */ = {isa = PBXFileReference; fileEncoding = 4; lastKnownFileType = sourcecode.swift; path = AKXMLController.swift; sourceTree = "<group>"; };
		49E76DC71E7DCF62000215BC /* AKConstants.swift */ = {isa = PBXFileReference; fileEncoding = 4; lastKnownFileType = sourcecode.swift; path = AKConstants.swift; sourceTree = "<group>"; };
		49E76DC91E7DCF62000215BC /* AKDataController.swift */ = {isa = PBXFileReference; fileEncoding = 4; lastKnownFileType = sourcecode.swift; path = AKDataController.swift; sourceTree = "<group>"; };
		49E76DCA1E7DCF62000215BC /* AKDataInterface.swift */ = {isa = PBXFileReference; fileEncoding = 4; lastKnownFileType = sourcecode.swift; path = AKDataInterface.swift; sourceTree = "<group>"; };
		49E76DCB1E7DCF62000215BC /* AKMasterReference.swift */ = {isa = PBXFileReference; fileEncoding = 4; lastKnownFileType = sourcecode.swift; path = AKMasterReference.swift; sourceTree = "<group>"; };
		49E76DCC1E7DCF62000215BC /* AKProjectBuilder.swift */ = {isa = PBXFileReference; fileEncoding = 4; lastKnownFileType = sourcecode.swift; path = AKProjectBuilder.swift; sourceTree = "<group>"; };
		49E76DCE1E7DCF62000215BC /* AKCustomView.swift */ = {isa = PBXFileReference; fileEncoding = 4; lastKnownFileType = sourcecode.swift; path = AKCustomView.swift; sourceTree = "<group>"; };
		49E76DCF1E7DCF62000215BC /* AKCustomViewController.swift */ = {isa = PBXFileReference; fileEncoding = 4; lastKnownFileType = sourcecode.swift; path = AKCustomViewController.swift; sourceTree = "<group>"; };
		49E76DD01E7DCF62000215BC /* AKCustomViewProtocol.swift */ = {isa = PBXFileReference; fileEncoding = 4; lastKnownFileType = sourcecode.swift; path = AKCustomViewProtocol.swift; sourceTree = "<group>"; };
		49E76DD21E7DCF62000215BC /* AKContinueMessageView.swift */ = {isa = PBXFileReference; fileEncoding = 4; lastKnownFileType = sourcecode.swift; path = AKContinueMessageView.swift; sourceTree = "<group>"; };
		49E76DD31E7DCF62000215BC /* AKFilterView.swift */ = {isa = PBXFileReference; fileEncoding = 4; lastKnownFileType = sourcecode.swift; path = AKFilterView.swift; sourceTree = "<group>"; };
		49E76DD41E7DCF62000215BC /* AKMessageView.swift */ = {isa = PBXFileReference; fileEncoding = 4; lastKnownFileType = sourcecode.swift; path = AKMessageView.swift; sourceTree = "<group>"; };
		49E76DD51E7DCF62000215BC /* AKSearchView.swift */ = {isa = PBXFileReference; fileEncoding = 4; lastKnownFileType = sourcecode.swift; path = AKSearchView.swift; sourceTree = "<group>"; };
		49E76DD61E7DCF62000215BC /* AKSelectCategoryView.swift */ = {isa = PBXFileReference; fileEncoding = 4; lastKnownFileType = sourcecode.swift; path = AKSelectCategoryView.swift; sourceTree = "<group>"; };
		49E76DD71E7DCF62000215BC /* AKSelectTaskStateView.swift */ = {isa = PBXFileReference; fileEncoding = 4; lastKnownFileType = sourcecode.swift; path = AKSelectTaskStateView.swift; sourceTree = "<group>"; };
		49E76DD81E7DCF62000215BC /* AKSortView.swift */ = {isa = PBXFileReference; fileEncoding = 4; lastKnownFileType = sourcecode.swift; path = AKSortView.swift; sourceTree = "<group>"; };
		49E76DD91E7DCF62000215BC /* AKTasksTableView.swift */ = {isa = PBXFileReference; fileEncoding = 4; lastKnownFileType = sourcecode.swift; path = AKTasksTableView.swift; sourceTree = "<group>"; };
		49E76DDA1E7DCF62000215BC /* AKTopMenuView.swift */ = {isa = PBXFileReference; fileEncoding = 4; lastKnownFileType = sourcecode.swift; path = AKTopMenuView.swift; sourceTree = "<group>"; };
		49E76DDC1E7DCF62000215BC /* AKNotesTextField.swift */ = {isa = PBXFileReference; fileEncoding = 4; lastKnownFileType = sourcecode.swift; path = AKNotesTextField.swift; sourceTree = "<group>"; };
		49E76DDE1E7DCF62000215BC /* AKConfigurationsTableViewCell.swift */ = {isa = PBXFileReference; fileEncoding = 4; lastKnownFileType = sourcecode.swift; path = AKConfigurationsTableViewCell.swift; sourceTree = "<group>"; };
		49E76DDF1E7DCF62000215BC /* AKDaysTableViewCell.swift */ = {isa = PBXFileReference; fileEncoding = 4; lastKnownFileType = sourcecode.swift; path = AKDaysTableViewCell.swift; sourceTree = "<group>"; };
		49E76DE01E7DCF62000215BC /* AKProjectsTableViewCell.swift */ = {isa = PBXFileReference; fileEncoding = 4; lastKnownFileType = sourcecode.swift; path = AKProjectsTableViewCell.swift; sourceTree = "<group>"; };
		49E76DE11E7DCF62000215BC /* AKTasksTableViewCell.swift */ = {isa = PBXFileReference; fileEncoding = 4; lastKnownFileType = sourcecode.swift; path = AKTasksTableViewCell.swift; sourceTree = "<group>"; };
		49E76DE31E7DCF62000215BC /* ESXPDocument.h */ = {isa = PBXFileReference; fileEncoding = 4; lastKnownFileType = sourcecode.c.h; path = ESXPDocument.h; sourceTree = "<group>"; };
		49E76DE41E7DCF62000215BC /* ESXPElement.h */ = {isa = PBXFileReference; fileEncoding = 4; lastKnownFileType = sourcecode.c.h; path = ESXPElement.h; sourceTree = "<group>"; };
		49E76DE51E7DCF62000215BC /* ESXPNode.h */ = {isa = PBXFileReference; fileEncoding = 4; lastKnownFileType = sourcecode.c.h; path = ESXPNode.h; sourceTree = "<group>"; };
		49E76DE61E7DCF62000215BC /* ESXPProcessor.h */ = {isa = PBXFileReference; fileEncoding = 4; lastKnownFileType = sourcecode.c.h; path = ESXPProcessor.h; sourceTree = "<group>"; };
		49E76DE71E7DCF62000215BC /* ESXPSAX2DOM.h */ = {isa = PBXFileReference; fileEncoding = 4; lastKnownFileType = sourcecode.c.h; path = ESXPSAX2DOM.h; sourceTree = "<group>"; };
		49E76DE81E7DCF62000215BC /* ESXPStackDOMWalker.h */ = {isa = PBXFileReference; fileEncoding = 4; lastKnownFileType = sourcecode.c.h; path = ESXPStackDOMWalker.h; sourceTree = "<group>"; };
		49E76DE91E7DCF62000215BC /* ESXPText.h */ = {isa = PBXFileReference; fileEncoding = 4; lastKnownFileType = sourcecode.c.h; path = ESXPText.h; sourceTree = "<group>"; };
		49E76DEA1E7DCF62000215BC /* libESXP-ObjectiveC-Universal.a */ = {isa = PBXFileReference; lastKnownFileType = archive.ar; path = "libESXP-ObjectiveC-Universal.a"; sourceTree = "<group>"; };
		49E76DEC1E7DCF62000215BC /* AKCategoryName.swift */ = {isa = PBXFileReference; fileEncoding = 4; lastKnownFileType = sourcecode.swift; path = AKCategoryName.swift; sourceTree = "<group>"; };
		49E76DED1E7DCF62000215BC /* AKInputData.swift */ = {isa = PBXFileReference; fileEncoding = 4; lastKnownFileType = sourcecode.swift; path = AKInputData.swift; sourceTree = "<group>"; };
		49E76DEE1E7DCF62000215BC /* AKProjectName.swift */ = {isa = PBXFileReference; fileEncoding = 4; lastKnownFileType = sourcecode.swift; path = AKProjectName.swift; sourceTree = "<group>"; };
		49E76DEF1E7DCF62000215BC /* AKTaskName.swift */ = {isa = PBXFileReference; fileEncoding = 4; lastKnownFileType = sourcecode.swift; path = AKTaskName.swift; sourceTree = "<group>"; };
		49E76DF01E7DCF62000215BC /* AKUsername.swift */ = {isa = PBXFileReference; fileEncoding = 4; lastKnownFileType = sourcecode.swift; path = AKUsername.swift; sourceTree = "<group>"; };
		49E76DF21E7DCF62000215BC /* AKChecks.swift */ = {isa = PBXFileReference; fileEncoding = 4; lastKnownFileType = sourcecode.swift; path = AKChecks.swift; sourceTree = "<group>"; };
		49FE561D1E68A80B00652187 /* AKProjectConfigurationsViewController.swift */ = {isa = PBXFileReference; fileEncoding = 4; lastKnownFileType = sourcecode.swift; path = AKProjectConfigurationsViewController.swift; sourceTree = "<group>"; };
		49FE561F1E68AC6500652187 /* AKConfigurationsTableViewCell.xib */ = {isa = PBXFileReference; fileEncoding = 4; lastKnownFileType = file.xib; path = AKConfigurationsTableViewCell.xib; sourceTree = "<group>"; };
		851AFF731111790123E2943F /* Pods_CoderToDo.framework */ = {isa = PBXFileReference; explicitFileType = wrapper.framework; includeInIndex = 0; path = Pods_CoderToDo.framework; sourceTree = BUILT_PRODUCTS_DIR; };
		C0A4BA6BF07F6744527AF0B9 /* Pods-CoderToDo.release.xcconfig */ = {isa = PBXFileReference; includeInIndex = 1; lastKnownFileType = text.xcconfig; name = "Pods-CoderToDo.release.xcconfig"; path = "Pods/Target Support Files/Pods-CoderToDo/Pods-CoderToDo.release.xcconfig"; sourceTree = "<group>"; };
/* End PBXFileReference section */

/* Begin PBXFrameworksBuildPhase section */
		4931C6CA1EA7DE75002B321F /* Frameworks */ = {
			isa = PBXFrameworksBuildPhase;
			buildActionMask = 2147483647;
			files = (
			);
			runOnlyForDeploymentPostprocessing = 0;
		};
		4956B8261E4B697D0032B2F8 /* Frameworks */ = {
			isa = PBXFrameworksBuildPhase;
			buildActionMask = 2147483647;
			files = (
				49E76E0F1E7DCF62000215BC /* libESXP-ObjectiveC-Universal.a in Frameworks */,
				490C223E1E65CBBE006A39F8 /* CloudKit.framework in Frameworks */,
				9DCE956121AC8081495F1DCE /* Pods_CoderToDo.framework in Frameworks */,
			);
			runOnlyForDeploymentPostprocessing = 0;
		};
/* End PBXFrameworksBuildPhase section */

/* Begin PBXGroup section */
		358CD5ED98539CA488866B93 /* Pods */ = {
			isa = PBXGroup;
			children = (
				2C25BC9DB450A698309C1AD7 /* Pods-CoderToDo.debug.xcconfig */,
				C0A4BA6BF07F6744527AF0B9 /* Pods-CoderToDo.release.xcconfig */,
			);
			name = Pods;
			sourceTree = "<group>";
		};
		49121B881E737480000B4D26 /* AppIcon */ = {
			isa = PBXGroup;
			children = (
				49121B8A1E737480000B4D26 /* Icon-512@1x.png */,
				49121B891E737480000B4D26 /* Icon-1024@1x.png */,
				49121B8B1E737480000B4D26 /* ios */,
				49121BA51E737480000B4D26 /* watchkit */,
			);
			path = AppIcon;
			sourceTree = "<group>";
		};
		49121B8B1E737480000B4D26 /* ios */ = {
			isa = PBXGroup;
			children = (
				49121B8C1E737480000B4D26 /* Icon-20@1x.png */,
				49121B8D1E737480000B4D26 /* Icon-20@2x.png */,
				49121B8E1E737480000B4D26 /* Icon-20@3x.png */,
				49121B8F1E737480000B4D26 /* Icon-29@1x.png */,
				49121B901E737480000B4D26 /* Icon-29@2x.png */,
				49121B911E737480000B4D26 /* Icon-29@3x.png */,
				49121B921E737480000B4D26 /* Icon-40@1x.png */,
				49121B931E737480000B4D26 /* Icon-40@2x.png */,
				49121B941E737480000B4D26 /* Icon-40@3x.png */,
				49121B951E737480000B4D26 /* Icon-57@1x.png */,
				49121B961E737480000B4D26 /* Icon-57@2x.png */,
				49121B971E737480000B4D26 /* Icon-60@1x.png */,
				49121B981E737480000B4D26 /* Icon-60@2x.png */,
				49121B991E737480000B4D26 /* Icon-60@3x.png */,
				49121B9A1E737480000B4D26 /* Icon-72@1x.png */,
				49121B9B1E737480000B4D26 /* Icon-72@2x.png */,
				49121B9C1E737480000B4D26 /* Icon-76@1x.png */,
				49121B9D1E737480000B4D26 /* Icon-76@2x.png */,
				49121B9E1E737480000B4D26 /* Icon-76@3x.png */,
				49121B9F1E737480000B4D26 /* Icon-83.5@2x.png */,
				49121BA01E737480000B4D26 /* Icon-Small-50@1x.png */,
				49121BA11E737480000B4D26 /* Icon-Small-50@2x.png */,
				49121BA21E737480000B4D26 /* iTunesArtwork@1x.png */,
				49121BA31E737480000B4D26 /* iTunesArtwork@2x.png */,
				49121BA41E737480000B4D26 /* iTunesArtwork@3x.png */,
			);
			path = ios;
			sourceTree = "<group>";
		};
		49121BA51E737480000B4D26 /* watchkit */ = {
			isa = PBXGroup;
			children = (
				49121BA61E737480000B4D26 /* Icon-24@2x.png */,
				49121BA71E737480000B4D26 /* Icon-27.5@2x.png */,
				49121BA81E737480000B4D26 /* Icon-29@2x.png */,
				49121BA91E737480000B4D26 /* Icon-29@3x.png */,
				49121BAA1E737480000B4D26 /* Icon-40@2x.png */,
				49121BAB1E737480000B4D26 /* Icon-44@2x.png */,
				49121BAC1E737480000B4D26 /* Icon-86@2x.png */,
				49121BAD1E737480000B4D26 /* Icon-98@2x.png */,
			);
			path = watchkit;
			sourceTree = "<group>";
		};
		4913F76B1E9A9108005E6FCB /* AKCachingSystem */ = {
			isa = PBXGroup;
			children = (
				4913F76E1E9A9186005E6FCB /* AKTableCachingEntry.swift */,
				4913F76C1E9A911E005E6FCB /* AKTableCachingSystem.swift */,
			);
			path = AKCachingSystem;
			sourceTree = "<group>";
		};
		4931C6CE1EA7DE75002B321F /* CoderToDoUITests */ = {
			isa = PBXGroup;
			children = (
				4931C6D71EA7DF12002B321F /* iPhone */,
				4931C6D91EA7DF12002B321F /* Supporting Files */,
			);
			path = CoderToDoUITests;
			sourceTree = "<group>";
		};
		4931C6D71EA7DF12002B321F /* iPhone */ = {
			isa = PBXGroup;
			children = (
				4931C6D81EA7DF12002B321F /* CoderToDoUITests.swift */,
			);
			path = iPhone;
			sourceTree = "<group>";
		};
		4931C6D91EA7DF12002B321F /* Supporting Files */ = {
			isa = PBXGroup;
			children = (
				4931C6DA1EA7DF12002B321F /* Info.plist */,
			);
			path = "Supporting Files";
			sourceTree = "<group>";
		};
		4956B8201E4B697D0032B2F8 = {
			isa = PBXGroup;
			children = (
				492F28391E4B6C0D0020608B /* Podfile */,
				492F28381E4B6C0D0020608B /* CHANGES.txt */,
				49A4A0961E589E8600CEDA1B /* CoderToDo */,
				4931C6CE1EA7DE75002B321F /* CoderToDoUITests */,
				AFA3CC6BEA5EDB65F5109664 /* Frameworks */,
				358CD5ED98539CA488866B93 /* Pods */,
				4956B82A1E4B697D0032B2F8 /* Products */,
			);
			sourceTree = "<group>";
		};
		4956B82A1E4B697D0032B2F8 /* Products */ = {
			isa = PBXGroup;
			children = (
				4956B8291E4B697D0032B2F8 /* CoderToDo.app */,
				4931C6CD1EA7DE75002B321F /* CoderToDoUITests.xctest */,
			);
			name = Products;
			sourceTree = "<group>";
		};
		4971D7C71E8C3430000A519F /* AKObjectiveCToolbox */ = {
			isa = PBXGroup;
			children = (
				4971D7C81E8C3430000A519F /* AKDataStructures.h */,
			);
			path = AKObjectiveCToolbox;
			sourceTree = "<group>";
		};
		49A4A0961E589E8600CEDA1B /* CoderToDo */ = {
			isa = PBXGroup;
			children = (
				49A4A0971E589E8600CEDA1B /* Application */,
				49A4A09B1E589E8600CEDA1B /* iPhone */,
				49A4A0AF1E589E8600CEDA1B /* Resources */,
				49A4A0CC1E589E8600CEDA1B /* Shared */,
				49A4A0DF1E589E8600CEDA1B /* Supporting Files */,
			);
			path = CoderToDo;
			sourceTree = "<group>";
		};
		49A4A0971E589E8600CEDA1B /* Application */ = {
			isa = PBXGroup;
			children = (
				49A4A0981E589E8600CEDA1B /* AKAppDelegate.swift */,
				494A41B41E743ABB00EEE2A1 /* AKBridgingHeader.h */,
				49A4A0991E589E8600CEDA1B /* AKLaunchScreen.storyboard */,
				49A4A09A1E589E8600CEDA1B /* AKMain.storyboard */,
			);
			path = Application;
			sourceTree = "<group>";
		};
		49A4A09B1E589E8600CEDA1B /* iPhone */ = {
			isa = PBXGroup;
			children = (
				49A4A09C1E589E8600CEDA1B /* Controllers */,
				49A4A0A51E589E8600CEDA1B /* Views */,
			);
			path = iPhone;
			sourceTree = "<group>";
		};
		49A4A09C1E589E8600CEDA1B /* Controllers */ = {
			isa = PBXGroup;
			children = (
				49C8CEDC1EAD210700BE6A8F /* AKAboutViewController.swift */,
				4931DAE51E58CC0F0002C173 /* AKAddCategoryViewController.swift */,
				49D57DCC1E5B15CB00DACF53 /* AKAddTaskViewController.swift */,
				49D93F931E798BCE0093C9D2 /* AKBackupViewController.swift */,
				498E17991E8433FA00B3A3A1 /* AKBrainstormingBucketViewController.swift */,
				49D93F8F1E7986CA0093C9D2 /* AKConfigurationsViewController.swift */,
				498E17971E84336B00B3A3A1 /* AKGoodiesViewController.swift */,
				49A4A09E1E589E8600CEDA1B /* AKIntroductoryViewController.swift */,
				49A4A09F1E589E8600CEDA1B /* AKListProjectsViewController.swift */,
				49A4A0A01E589E8600CEDA1B /* AKNewProjectViewController.swift */,
				49FE561D1E68A80B00652187 /* AKProjectConfigurationsViewController.swift */,
				498E178F1E84332B00B3A3A1 /* AKProjectNameViewController.swift */,
				498E17931E84334D00B3A3A1 /* AKProjectNotificationsViewController.swift */,
				498E17911E84333A00B3A3A1 /* AKProjectTimesViewController.swift */,
				498E17951E84335E00B3A3A1 /* AKUserDefinedCategoriesViewController.swift */,
				49A4A0A21E589E8600CEDA1B /* AKUsernameInputViewController.swift */,
				49D93F951E798BFF0093C9D2 /* AKUserViewController.swift */,
				49A4A0A31E589E8600CEDA1B /* AKViewProjectViewController.swift */,
				49A4A0A41E589E8600CEDA1B /* AKViewTaskViewController.swift */,
			);
			path = Controllers;
			sourceTree = "<group>";
		};
		49A4A0A51E589E8600CEDA1B /* Views */ = {
			isa = PBXGroup;
			children = (
				4971A6271E8EDA9E00F2B81E /* AKAddBucketEntryView.xib */,
				4931DAE31E58C1520002C173 /* AKAddCategoryView.xib */,
				49D57DCA1E5B15A300DACF53 /* AKAddTaskView.xib */,
				49A4A0A61E589E8600CEDA1B /* AKAddView.xib */,
				4971A62B1E8EF80E00F2B81E /* AKBucketTableViewCell.xib */,
				49FE561F1E68AC6500652187 /* AKConfigurationsTableViewCell.xib */,
				49DF7EDD1E5E27450017BEC6 /* AKContinueMessageView.xib */,
				49A4A0A71E589E8600CEDA1B /* AKDaysTableViewCell.xib */,
				4905B4101E981365000E0EA0 /* AKDisplaceableTableMenuView.xib */,
				490670251E6D90CF0046298C /* AKFilterView.xib */,
				499140EA1E953F6600169E14 /* AKInitialMessageView.xib */,
				49A4A0A81E589E8600CEDA1B /* AKIntroductoryView.xib */,
				49DF7ED91E5E1C450017BEC6 /* AKMessageView.xib */,
				4927A5B61E8FF39500707EB0 /* AKMigrateBucketEntryView.xib */,
				49A4A0A91E589E8600CEDA1B /* AKNewProjectView.xib */,
				49A4A0AA1E589E8600CEDA1B /* AKProjectsTableViewCell.xib */,
				496674D41E6F276E00A60B64 /* AKSearchView.xib */,
				497F9C571E69D19000C78ECD /* AKSelectCategoryView.xib */,
				49DF7ECF1E5DD49C0017BEC6 /* AKSelectTaskStateView.xib */,
				49A4A0AB1E589E8600CEDA1B /* AKSortView.xib */,
				49A4A0AC1E589E8600CEDA1B /* AKTasksTableView.xib */,
				49A4A0AD1E589E8600CEDA1B /* AKTasksTableViewCell.xib */,
				49677F781E6476A100E1E675 /* AKTopMenuView.xib */,
				49A4A0AE1E589E8600CEDA1B /* AKUsernameInputView.xib */,
			);
			path = Views;
			sourceTree = "<group>";
		};
		49A4A0AF1E589E8600CEDA1B /* Resources */ = {
			isa = PBXGroup;
			children = (
				49A4A0B01E589E8600CEDA1B /* Assets.xcassets */,
				49C8CED71EAC5E3000BE6A8F /* HTML */,
				49A4A0B11E589E8600CEDA1B /* Images */,
				49A4A0C91E589E8600CEDA1B /* Localization */,
			);
			path = Resources;
			sourceTree = "<group>";
		};
		49A4A0B11E589E8600CEDA1B /* Images */ = {
			isa = PBXGroup;
			children = (
				49121B881E737480000B4D26 /* AppIcon */,
				49121BD11E73765D000B4D26 /* Logo.png */,
			);
			path = Images;
			sourceTree = "<group>";
		};
		49A4A0C91E589E8600CEDA1B /* Localization */ = {
			isa = PBXGroup;
			children = (
				49A4A0CA1E589E8600CEDA1B /* AKNewProjectViewController.plist */,
				49C064241E92679300FAE031 /* AKProjectTimesViewController.plist */,
			);
			path = Localization;
			sourceTree = "<group>";
		};
		49A4A0CC1E589E8600CEDA1B /* Shared */ = {
			isa = PBXGroup;
			children = (
				49E76DC21E7DCF62000215BC /* Model */,
			);
			path = Shared;
			sourceTree = "<group>";
		};
		49A4A0DF1E589E8600CEDA1B /* Supporting Files */ = {
			isa = PBXGroup;
			children = (
				49BE6DF91E65C69300E3F306 /* CoderToDo.entitlements */,
				49A4A0E01E589E8600CEDA1B /* Info.plist */,
				49AFFC3B1E81615100FC258C /* MainDataModel.xcdatamodeld */,
			);
			path = "Supporting Files";
			sourceTree = "<group>";
		};
		49C8CED71EAC5E3000BE6A8F /* HTML */ = {
			isa = PBXGroup;
			children = (
				49C8CED91EAC5E3000BE6A8F /* rules.html */,
			);
			path = HTML;
			sourceTree = "<group>";
		};
		49E76DC21E7DCF62000215BC /* Model */ = {
			isa = PBXGroup;
			children = (
				49E76DC31E7DCF62000215BC /* AKBackup */,
				4913F76B1E9A9108005E6FCB /* AKCachingSystem */,
				49E76DC71E7DCF62000215BC /* AKConstants.swift */,
				49E76DC81E7DCF62000215BC /* AKCoreDataInterfaces */,
				49E76DCD1E7DCF62000215BC /* AKCustomComponents */,
				49E76DE21E7DCF62000215BC /* AKESXP-ObjectiveC */,
				49E76DEB1E7DCF62000215BC /* AKInputData */,
				49E76DF11E7DCF62000215BC /* AKInternalLogic */,
				4971D7C71E8C3430000A519F /* AKObjectiveCToolbox */,
			);
			path = Model;
			sourceTree = "<group>";
		};
		49E76DC31E7DCF62000215BC /* AKBackup */ = {
			isa = PBXGroup;
			children = (
				49E76DC41E7DCF62000215BC /* AKCloudKitController.swift */,
				49E76DC51E7DCF62000215BC /* AKXMLBuilder.swift */,
				49E76DC61E7DCF62000215BC /* AKXMLController.swift */,
			);
			path = AKBackup;
			sourceTree = "<group>";
		};
		49E76DC81E7DCF62000215BC /* AKCoreDataInterfaces */ = {
			isa = PBXGroup;
			children = (
				4971A6251E8ED18E00F2B81E /* AKBucketEntryBuilder.swift */,
				49400B5F1E80532F001C893E /* AKCategoryBuilder.swift */,
				49AFFC411E819FEA00FC258C /* AKConfigurationsBuilder.swift */,
				49E76DC91E7DCF62000215BC /* AKDataController.swift */,
				49E76DCA1E7DCF62000215BC /* AKDataInterface.swift */,
				49400B611E805354001C893E /* AKDayBuilder.swift */,
				49E76DCB1E7DCF62000215BC /* AKMasterReference.swift */,
				49E76DCC1E7DCF62000215BC /* AKProjectBuilder.swift */,
				49400B631E80536D001C893E /* AKProjectCategoryBuilder.swift */,
				49400B5D1E803A9C001C893E /* AKTaskBuilder.swift */,
				49AFFC3F1E81660200FC258C /* AKUserBuilder.swift */,
			);
			path = AKCoreDataInterfaces;
			sourceTree = "<group>";
		};
		49E76DCD1E7DCF62000215BC /* AKCustomComponents */ = {
			isa = PBXGroup;
			children = (
				49E76DCE1E7DCF62000215BC /* AKCustomView.swift */,
				49E76DCF1E7DCF62000215BC /* AKCustomViewController.swift */,
				49E76DD01E7DCF62000215BC /* AKCustomViewProtocol.swift */,
				49E76DD11E7DCF62000215BC /* CustomViews */,
				49E76DDB1E7DCF62000215BC /* SmallComponents */,
				49E76DDD1E7DCF62000215BC /* TableCells */,
			);
			path = AKCustomComponents;
			sourceTree = "<group>";
		};
		49E76DD11E7DCF62000215BC /* CustomViews */ = {
			isa = PBXGroup;
			children = (
				4971A6291E8EDC3100F2B81E /* AKAddBucketEntryView.swift */,
				492D5C731E82F53E00F9E470 /* AKAddView.swift */,
				49E76DD21E7DCF62000215BC /* AKContinueMessageView.swift */,
				4905B4121E98141D000E0EA0 /* AKDisplaceableTableMenuView.swift */,
				49E76DD31E7DCF62000215BC /* AKFilterView.swift */,
				499140EC1E95405A00169E14 /* AKInitialMessageView.swift */,
				49E76DD41E7DCF62000215BC /* AKMessageView.swift */,
				4927A5B81E8FF54500707EB0 /* AKMigrateBucketEntryView.swift */,
				49E76DD51E7DCF62000215BC /* AKSearchView.swift */,
				49E76DD61E7DCF62000215BC /* AKSelectCategoryView.swift */,
				49E76DD71E7DCF62000215BC /* AKSelectTaskStateView.swift */,
				49E76DD81E7DCF62000215BC /* AKSortView.swift */,
				49E76DD91E7DCF62000215BC /* AKTasksTableView.swift */,
				49E76DDA1E7DCF62000215BC /* AKTopMenuView.swift */,
			);
			path = CustomViews;
			sourceTree = "<group>";
		};
		49E76DDB1E7DCF62000215BC /* SmallComponents */ = {
			isa = PBXGroup;
			children = (
				49E76DDC1E7DCF62000215BC /* AKNotesTextField.swift */,
			);
			path = SmallComponents;
			sourceTree = "<group>";
		};
		49E76DDD1E7DCF62000215BC /* TableCells */ = {
			isa = PBXGroup;
			children = (
				4971A62D1E8EF8E800F2B81E /* AKBucketTableViewCell.swift */,
				49E76DDE1E7DCF62000215BC /* AKConfigurationsTableViewCell.swift */,
				49E76DDF1E7DCF62000215BC /* AKDaysTableViewCell.swift */,
				49E76DE01E7DCF62000215BC /* AKProjectsTableViewCell.swift */,
				49E76DE11E7DCF62000215BC /* AKTasksTableViewCell.swift */,
			);
			path = TableCells;
			sourceTree = "<group>";
		};
		49E76DE21E7DCF62000215BC /* AKESXP-ObjectiveC */ = {
			isa = PBXGroup;
			children = (
				49E76DE31E7DCF62000215BC /* ESXPDocument.h */,
				49E76DE41E7DCF62000215BC /* ESXPElement.h */,
				49E76DE51E7DCF62000215BC /* ESXPNode.h */,
				49E76DE61E7DCF62000215BC /* ESXPProcessor.h */,
				49E76DE71E7DCF62000215BC /* ESXPSAX2DOM.h */,
				49E76DE81E7DCF62000215BC /* ESXPStackDOMWalker.h */,
				49E76DE91E7DCF62000215BC /* ESXPText.h */,
				49E76DEA1E7DCF62000215BC /* libESXP-ObjectiveC-Universal.a */,
			);
			path = "AKESXP-ObjectiveC";
			sourceTree = "<group>";
		};
		49E76DEB1E7DCF62000215BC /* AKInputData */ = {
			isa = PBXGroup;
			children = (
				49E76DEC1E7DCF62000215BC /* AKCategoryName.swift */,
				49E76DED1E7DCF62000215BC /* AKInputData.swift */,
				49E76DEE1E7DCF62000215BC /* AKProjectName.swift */,
				49E76DEF1E7DCF62000215BC /* AKTaskName.swift */,
				49E76DF01E7DCF62000215BC /* AKUsername.swift */,
			);
			path = AKInputData;
			sourceTree = "<group>";
		};
		49E76DF11E7DCF62000215BC /* AKInternalLogic */ = {
			isa = PBXGroup;
			children = (
				49E76DF21E7DCF62000215BC /* AKChecks.swift */,
			);
			path = AKInternalLogic;
			sourceTree = "<group>";
		};
		AFA3CC6BEA5EDB65F5109664 /* Frameworks */ = {
			isa = PBXGroup;
			children = (
				490C223D1E65CBBE006A39F8 /* CloudKit.framework */,
				851AFF731111790123E2943F /* Pods_CoderToDo.framework */,
			);
			name = Frameworks;
			sourceTree = "<group>";
		};
/* End PBXGroup section */

/* Begin PBXNativeTarget section */
		4931C6CC1EA7DE75002B321F /* CoderToDoUITests */ = {
			isa = PBXNativeTarget;
			buildConfigurationList = 4931C6D61EA7DE75002B321F /* Build configuration list for PBXNativeTarget "CoderToDoUITests" */;
			buildPhases = (
				4931C6C91EA7DE75002B321F /* Sources */,
				4931C6CA1EA7DE75002B321F /* Frameworks */,
				4931C6CB1EA7DE75002B321F /* Resources */,
			);
			buildRules = (
			);
			dependencies = (
				4931C6D31EA7DE75002B321F /* PBXTargetDependency */,
			);
			name = CoderToDoUITests;
			productName = CoderToDoUITests;
			productReference = 4931C6CD1EA7DE75002B321F /* CoderToDoUITests.xctest */;
			productType = "com.apple.product-type.bundle.ui-testing";
		};
		4956B8281E4B697D0032B2F8 /* CoderToDo */ = {
			isa = PBXNativeTarget;
			buildConfigurationList = 4956B83B1E4B697D0032B2F8 /* Build configuration list for PBXNativeTarget "CoderToDo" */;
			buildPhases = (
				2FB6E42FFE43C9D3501E8ED9 /* [CP] Check Pods Manifest.lock */,
				4956B8251E4B697D0032B2F8 /* Sources */,
				4956B8261E4B697D0032B2F8 /* Frameworks */,
				4956B8271E4B697D0032B2F8 /* Resources */,
				DA32664E3EC1DF9949605CBD /* [CP] Embed Pods Frameworks */,
				2E67D7D7F372CC4DD0F4F751 /* [CP] Copy Pods Resources */,
				4922E8A01E9BD58800B0937E /* ShellScript */,
			);
			buildRules = (
			);
			dependencies = (
			);
			name = CoderToDo;
			productName = CoderTODO;
			productReference = 4956B8291E4B697D0032B2F8 /* CoderToDo.app */;
			productType = "com.apple.product-type.application";
		};
/* End PBXNativeTarget section */

/* Begin PBXProject section */
		4956B8211E4B697D0032B2F8 /* Project object */ = {
			isa = PBXProject;
			attributes = {
				LastSwiftUpdateCheck = 0830;
				LastUpgradeCheck = 0830;
				ORGANIZATIONNAME = APKC.net;
				TargetAttributes = {
					4931C6CC1EA7DE75002B321F = {
						CreatedOnToolsVersion = 8.3.1;
						DevelopmentTeam = 8JQ7MFA6Q2;
						ProvisioningStyle = Automatic;
						TestTargetID = 4956B8281E4B697D0032B2F8;
					};
					4956B8281E4B697D0032B2F8 = {
						CreatedOnToolsVersion = 8.2.1;
						DevelopmentTeam = 8JQ7MFA6Q2;
						ProvisioningStyle = Automatic;
						SystemCapabilities = {
							com.apple.Push = {
								enabled = 0;
							};
							com.apple.Siri = {
								enabled = 0;
							};
							com.apple.iCloud = {
								enabled = 1;
							};
						};
					};
				};
			};
			buildConfigurationList = 4956B8241E4B697D0032B2F8 /* Build configuration list for PBXProject "CoderToDo" */;
			compatibilityVersion = "Xcode 3.2";
			developmentRegion = English;
			hasScannedForEncodings = 0;
			knownRegions = (
				en,
				Base,
			);
			mainGroup = 4956B8201E4B697D0032B2F8;
			productRefGroup = 4956B82A1E4B697D0032B2F8 /* Products */;
			projectDirPath = "";
			projectRoot = "";
			targets = (
				4956B8281E4B697D0032B2F8 /* CoderToDo */,
				4931C6CC1EA7DE75002B321F /* CoderToDoUITests */,
			);
		};
/* End PBXProject section */

/* Begin PBXResourcesBuildPhase section */
		4931C6CB1EA7DE75002B321F /* Resources */ = {
			isa = PBXResourcesBuildPhase;
			buildActionMask = 2147483647;
			files = (
			);
			runOnlyForDeploymentPostprocessing = 0;
		};
		4956B8271E4B697D0032B2F8 /* Resources */ = {
			isa = PBXResourcesBuildPhase;
			buildActionMask = 2147483647;
			files = (
				49DF7EDE1E5E27450017BEC6 /* AKContinueMessageView.xib in Resources */,
				492F283B1E4B6C0D0020608B /* Podfile in Resources */,
				49121BB21E737480000B4D26 /* Icon-20@3x.png in Resources */,
				49121BBA1E737480000B4D26 /* Icon-57@2x.png in Resources */,
				49121BC71E737480000B4D26 /* iTunesArtwork@2x.png in Resources */,
				49121BAF1E737480000B4D26 /* Icon-512@1x.png in Resources */,
				49121BB71E737480000B4D26 /* Icon-40@2x.png in Resources */,
				4905B4111E981365000E0EA0 /* AKDisplaceableTableMenuView.xib in Resources */,
				49D57DCB1E5B15A300DACF53 /* AKAddTaskView.xib in Resources */,
				49121BC81E737480000B4D26 /* iTunesArtwork@3x.png in Resources */,
				4971A62C1E8EF80E00F2B81E /* AKBucketTableViewCell.xib in Resources */,
				497F9C581E69D19000C78ECD /* AKSelectCategoryView.xib in Resources */,
				49A4A0F41E589E8600CEDA1B /* AKTasksTableView.xib in Resources */,
				4971A6281E8EDA9E00F2B81E /* AKAddBucketEntryView.xib in Resources */,
				49A4A0F51E589E8600CEDA1B /* AKTasksTableViewCell.xib in Resources */,
				49DF7ED01E5DD49C0017BEC6 /* AKSelectTaskStateView.xib in Resources */,
				49121BCF1E737480000B4D26 /* Icon-86@2x.png in Resources */,
				49A4A0E51E589E8600CEDA1B /* AKMain.storyboard in Resources */,
				490670261E6D90CF0046298C /* AKFilterView.xib in Resources */,
				49121BBE1E737480000B4D26 /* Icon-72@1x.png in Resources */,
				49A4A0F71E589E8600CEDA1B /* Assets.xcassets in Resources */,
				49121BB41E737480000B4D26 /* Icon-29@2x.png in Resources */,
				49121BC61E737480000B4D26 /* iTunesArtwork@1x.png in Resources */,
				49121BCE1E737480000B4D26 /* Icon-44@2x.png in Resources */,
				49C8CEDB1EAC5E3000BE6A8F /* rules.html in Resources */,
				49121BC51E737480000B4D26 /* Icon-Small-50@2x.png in Resources */,
				49121BD21E73765D000B4D26 /* Logo.png in Resources */,
				49A4A0EE1E589E8600CEDA1B /* AKAddView.xib in Resources */,
				49121BCA1E737480000B4D26 /* Icon-27.5@2x.png in Resources */,
				4931DAE41E58C1520002C173 /* AKAddCategoryView.xib in Resources */,
				49121BCB1E737480000B4D26 /* Icon-29@2x.png in Resources */,
				49121BBF1E737480000B4D26 /* Icon-72@2x.png in Resources */,
				49A4A0E41E589E8600CEDA1B /* AKLaunchScreen.storyboard in Resources */,
				49C064261E92679300FAE031 /* AKProjectTimesViewController.plist in Resources */,
				49A4A0F01E589E8600CEDA1B /* AKIntroductoryView.xib in Resources */,
				49121BC91E737480000B4D26 /* Icon-24@2x.png in Resources */,
				49121BC01E737480000B4D26 /* Icon-76@1x.png in Resources */,
				49121BCC1E737480000B4D26 /* Icon-29@3x.png in Resources */,
				49FE56201E68AC6500652187 /* AKConfigurationsTableViewCell.xib in Resources */,
				496674D51E6F276E00A60B64 /* AKSearchView.xib in Resources */,
				49A4A0F61E589E8600CEDA1B /* AKUsernameInputView.xib in Resources */,
				499140EB1E953F6600169E14 /* AKInitialMessageView.xib in Resources */,
				49121BB01E737480000B4D26 /* Icon-20@1x.png in Resources */,
				49121BB81E737480000B4D26 /* Icon-40@3x.png in Resources */,
				49121BB91E737480000B4D26 /* Icon-57@1x.png in Resources */,
				49121BC11E737480000B4D26 /* Icon-76@2x.png in Resources */,
				49121BBD1E737480000B4D26 /* Icon-60@3x.png in Resources */,
				49121BAE1E737480000B4D26 /* Icon-1024@1x.png in Resources */,
				49A4A0F11E589E8600CEDA1B /* AKNewProjectView.xib in Resources */,
				4927A5B71E8FF39500707EB0 /* AKMigrateBucketEntryView.xib in Resources */,
				49121BC31E737480000B4D26 /* Icon-83.5@2x.png in Resources */,
				49121BC41E737480000B4D26 /* Icon-Small-50@1x.png in Resources */,
				49A4A0EF1E589E8600CEDA1B /* AKDaysTableViewCell.xib in Resources */,
				49121BC21E737480000B4D26 /* Icon-76@3x.png in Resources */,
				49A4A0F31E589E8600CEDA1B /* AKSortView.xib in Resources */,
				49121BB11E737480000B4D26 /* Icon-20@2x.png in Resources */,
				49A4A10F1E589E8600CEDA1B /* AKNewProjectViewController.plist in Resources */,
				49121BBC1E737480000B4D26 /* Icon-60@2x.png in Resources */,
				49A4A0F21E589E8600CEDA1B /* AKProjectsTableViewCell.xib in Resources */,
				49121BB61E737480000B4D26 /* Icon-40@1x.png in Resources */,
				49DF7EDA1E5E1C450017BEC6 /* AKMessageView.xib in Resources */,
				49121BBB1E737480000B4D26 /* Icon-60@1x.png in Resources */,
				49121BB51E737480000B4D26 /* Icon-29@3x.png in Resources */,
				492F283A1E4B6C0D0020608B /* CHANGES.txt in Resources */,
				49121BCD1E737480000B4D26 /* Icon-40@2x.png in Resources */,
				49677F791E6476A100E1E675 /* AKTopMenuView.xib in Resources */,
				49121BD01E737480000B4D26 /* Icon-98@2x.png in Resources */,
				49121BB31E737480000B4D26 /* Icon-29@1x.png in Resources */,
			);
			runOnlyForDeploymentPostprocessing = 0;
		};
/* End PBXResourcesBuildPhase section */

/* Begin PBXShellScriptBuildPhase section */
		2E67D7D7F372CC4DD0F4F751 /* [CP] Copy Pods Resources */ = {
			isa = PBXShellScriptBuildPhase;
			buildActionMask = 2147483647;
			files = (
			);
			inputPaths = (
			);
			name = "[CP] Copy Pods Resources";
			outputPaths = (
			);
			runOnlyForDeploymentPostprocessing = 0;
			shellPath = /bin/sh;
			shellScript = "\"${SRCROOT}/Pods/Target Support Files/Pods-CoderToDo/Pods-CoderToDo-resources.sh\"\n";
			showEnvVarsInLog = 0;
		};
		2FB6E42FFE43C9D3501E8ED9 /* [CP] Check Pods Manifest.lock */ = {
			isa = PBXShellScriptBuildPhase;
			buildActionMask = 2147483647;
			files = (
			);
			inputPaths = (
			);
			name = "[CP] Check Pods Manifest.lock";
			outputPaths = (
			);
			runOnlyForDeploymentPostprocessing = 0;
			shellPath = /bin/sh;
			shellScript = "diff \"${PODS_ROOT}/../Podfile.lock\" \"${PODS_ROOT}/Manifest.lock\" > /dev/null\nif [ $? != 0 ] ; then\n    # print error to STDERR\n    echo \"error: The sandbox is not in sync with the Podfile.lock. Run 'pod install' or update your CocoaPods installation.\" >&2\n    exit 1\nfi\n";
			showEnvVarsInLog = 0;
		};
		4922E8A01E9BD58800B0937E /* ShellScript */ = {
			isa = PBXShellScriptBuildPhase;
			buildActionMask = 2147483647;
			files = (
			);
			inputPaths = (
			);
			outputPaths = (
			);
			runOnlyForDeploymentPostprocessing = 0;
			shellPath = /bin/sh;
			shellScript = "./Fabric.framework/run 89d0c29427ed220f8ed019a5a9ff71500a3dda3a 620b1593bf53efc76e8c364f6ad94bbf5b9fe3a982a66937812ef407e4913ad5";
		};
		DA32664E3EC1DF9949605CBD /* [CP] Embed Pods Frameworks */ = {
			isa = PBXShellScriptBuildPhase;
			buildActionMask = 2147483647;
			files = (
			);
			inputPaths = (
			);
			name = "[CP] Embed Pods Frameworks";
			outputPaths = (
			);
			runOnlyForDeploymentPostprocessing = 0;
			shellPath = /bin/sh;
			shellScript = "\"${SRCROOT}/Pods/Target Support Files/Pods-CoderToDo/Pods-CoderToDo-frameworks.sh\"\n";
			showEnvVarsInLog = 0;
		};
/* End PBXShellScriptBuildPhase section */

/* Begin PBXSourcesBuildPhase section */
		4931C6C91EA7DE75002B321F /* Sources */ = {
			isa = PBXSourcesBuildPhase;
			buildActionMask = 2147483647;
			files = (
				4931C6DB1EA7DF12002B321F /* CoderToDoUITests.swift in Sources */,
			);
			runOnlyForDeploymentPostprocessing = 0;
		};
		4956B8251E4B697D0032B2F8 /* Sources */ = {
			isa = PBXSourcesBuildPhase;
			buildActionMask = 2147483647;
			files = (
				49E76E0E1E7DCF62000215BC /* AKTasksTableViewCell.swift in Sources */,
				49E76E0B1E7DCF62000215BC /* AKConfigurationsTableViewCell.swift in Sources */,
				49400B621E805354001C893E /* AKDayBuilder.swift in Sources */,
				49A4A0EB1E589E8600CEDA1B /* AKUsernameInputViewController.swift in Sources */,
				49400B601E80532F001C893E /* AKCategoryBuilder.swift in Sources */,
				49E76DFC1E7DCF62000215BC /* AKMasterReference.swift in Sources */,
				49E76E101E7DCF62000215BC /* AKCategoryName.swift in Sources */,
				4931DAE61E58CC0F0002C173 /* AKAddCategoryViewController.swift in Sources */,
				498E17901E84332B00B3A3A1 /* AKProjectNameViewController.swift in Sources */,
				49E76DF61E7DCF62000215BC /* AKCloudKitController.swift in Sources */,
				49E76DFB1E7DCF62000215BC /* AKDataInterface.swift in Sources */,
				4905B4131E98141D000E0EA0 /* AKDisplaceableTableMenuView.swift in Sources */,
				498E179A1E8433FA00B3A3A1 /* AKBrainstormingBucketViewController.swift in Sources */,
				49A4A0E91E589E8600CEDA1B /* AKNewProjectViewController.swift in Sources */,
				49A4A0EC1E589E8600CEDA1B /* AKViewProjectViewController.swift in Sources */,
				49E76E041E7DCF62000215BC /* AKSearchView.swift in Sources */,
				49E76E0C1E7DCF62000215BC /* AKDaysTableViewCell.swift in Sources */,
				49AFFC421E819FEA00FC258C /* AKConfigurationsBuilder.swift in Sources */,
				49400B641E80536D001C893E /* AKProjectCategoryBuilder.swift in Sources */,
				49E76E061E7DCF62000215BC /* AKSelectTaskStateView.swift in Sources */,
				4971A6261E8ED18E00F2B81E /* AKBucketEntryBuilder.swift in Sources */,
				49A4A0E31E589E8600CEDA1B /* AKAppDelegate.swift in Sources */,
				49FE561E1E68A80B00652187 /* AKProjectConfigurationsViewController.swift in Sources */,
				49E76DF91E7DCF62000215BC /* AKConstants.swift in Sources */,
				49E76E141E7DCF62000215BC /* AKUsername.swift in Sources */,
				4971A62E1E8EF8E800F2B81E /* AKBucketTableViewCell.swift in Sources */,
				49A4A0ED1E589E8600CEDA1B /* AKViewTaskViewController.swift in Sources */,
				49E76E121E7DCF62000215BC /* AKProjectName.swift in Sources */,
				49E76E151E7DCF62000215BC /* AKChecks.swift in Sources */,
				49E76DF71E7DCF62000215BC /* AKXMLBuilder.swift in Sources */,
				498E17961E84335E00B3A3A1 /* AKUserDefinedCategoriesViewController.swift in Sources */,
				49E76DFA1E7DCF62000215BC /* AKDataController.swift in Sources */,
				49E76E111E7DCF62000215BC /* AKInputData.swift in Sources */,
				49E76DFD1E7DCF62000215BC /* AKProjectBuilder.swift in Sources */,
				49A4A0E81E589E8600CEDA1B /* AKListProjectsViewController.swift in Sources */,
				49AFFC3D1E81615100FC258C /* MainDataModel.xcdatamodeld in Sources */,
				49E76E0A1E7DCF62000215BC /* AKNotesTextField.swift in Sources */,
				49A4A0E71E589E8600CEDA1B /* AKIntroductoryViewController.swift in Sources */,
				492D5C741E82F53E00F9E470 /* AKAddView.swift in Sources */,
				4913F76F1E9A9186005E6FCB /* AKTableCachingEntry.swift in Sources */,
				49E76DFF1E7DCF62000215BC /* AKCustomViewController.swift in Sources */,
				49D57DCD1E5B15CB00DACF53 /* AKAddTaskViewController.swift in Sources */,
				49E76E011E7DCF62000215BC /* AKContinueMessageView.swift in Sources */,
				49E76E071E7DCF62000215BC /* AKSortView.swift in Sources */,
				499140ED1E95405A00169E14 /* AKInitialMessageView.swift in Sources */,
				49AFFC401E81660200FC258C /* AKUserBuilder.swift in Sources */,
				49400B5E1E803A9C001C893E /* AKTaskBuilder.swift in Sources */,
				49C8CEDD1EAD210700BE6A8F /* AKAboutViewController.swift in Sources */,
				49E76E031E7DCF62000215BC /* AKMessageView.swift in Sources */,
				49D93F941E798BCE0093C9D2 /* AKBackupViewController.swift in Sources */,
				4971A62A1E8EDC3100F2B81E /* AKAddBucketEntryView.swift in Sources */,
				498E17981E84336B00B3A3A1 /* AKGoodiesViewController.swift in Sources */,
				49E76E051E7DCF62000215BC /* AKSelectCategoryView.swift in Sources */,
				49E76DF81E7DCF62000215BC /* AKXMLController.swift in Sources */,
				49E76E081E7DCF62000215BC /* AKTasksTableView.swift in Sources */,
				49E76DFE1E7DCF62000215BC /* AKCustomView.swift in Sources */,
				4927A5B91E8FF54500707EB0 /* AKMigrateBucketEntryView.swift in Sources */,
				49E76E0D1E7DCF62000215BC /* AKProjectsTableViewCell.swift in Sources */,
				498E17941E84334D00B3A3A1 /* AKProjectNotificationsViewController.swift in Sources */,
				49E76E091E7DCF62000215BC /* AKTopMenuView.swift in Sources */,
				49E76E021E7DCF62000215BC /* AKFilterView.swift in Sources */,
				4913F76D1E9A911E005E6FCB /* AKTableCachingSystem.swift in Sources */,
				49E76E001E7DCF62000215BC /* AKCustomViewProtocol.swift in Sources */,
				49E76E131E7DCF62000215BC /* AKTaskName.swift in Sources */,
				498E17921E84333A00B3A3A1 /* AKProjectTimesViewController.swift in Sources */,
				49D93F901E7986CA0093C9D2 /* AKConfigurationsViewController.swift in Sources */,
				49D93F961E798BFF0093C9D2 /* AKUserViewController.swift in Sources */,
			);
			runOnlyForDeploymentPostprocessing = 0;
		};
/* End PBXSourcesBuildPhase section */

/* Begin PBXTargetDependency section */
		4931C6D31EA7DE75002B321F /* PBXTargetDependency */ = {
			isa = PBXTargetDependency;
			target = 4956B8281E4B697D0032B2F8 /* CoderToDo */;
			targetProxy = 4931C6D21EA7DE75002B321F /* PBXContainerItemProxy */;
		};
/* End PBXTargetDependency section */

/* Begin PBXVariantGroup section */
		49A4A0CA1E589E8600CEDA1B /* AKNewProjectViewController.plist */ = {
			isa = PBXVariantGroup;
			children = (
				49A4A0CB1E589E8600CEDA1B /* Base */,
			);
			name = AKNewProjectViewController.plist;
			sourceTree = "<group>";
		};
		49C064241E92679300FAE031 /* AKProjectTimesViewController.plist */ = {
			isa = PBXVariantGroup;
			children = (
				49C064251E92679300FAE031 /* Base */,
			);
			name = AKProjectTimesViewController.plist;
			sourceTree = "<group>";
		};
/* End PBXVariantGroup section */

/* Begin XCBuildConfiguration section */
		4931C6D41EA7DE75002B321F /* Debug */ = {
			isa = XCBuildConfiguration;
			buildSettings = {
				CLANG_ANALYZER_NUMBER_OBJECT_CONVERSION = YES_AGGRESSIVE;
				DEBUG_INFORMATION_FORMAT = dwarf;
				DEVELOPMENT_TEAM = 8JQ7MFA6Q2;
				INFOPLIST_FILE = "CoderToDoUITests/Supporting Files/Info.plist";
				IPHONEOS_DEPLOYMENT_TARGET = 10.3;
				LD_RUNPATH_SEARCH_PATHS = "$(inherited) @executable_path/Frameworks @loader_path/Frameworks";
				PRODUCT_BUNDLE_IDENTIFIER = net.apkc.projects.ios.CoderToDoUITests;
				PRODUCT_NAME = "$(TARGET_NAME)";
				SWIFT_VERSION = 3.0;
				TEST_TARGET_NAME = CoderToDo;
			};
			name = Debug;
		};
		4931C6D51EA7DE75002B321F /* Release */ = {
			isa = XCBuildConfiguration;
			buildSettings = {
				CLANG_ANALYZER_NUMBER_OBJECT_CONVERSION = YES_AGGRESSIVE;
				DEVELOPMENT_TEAM = 8JQ7MFA6Q2;
				INFOPLIST_FILE = "CoderToDoUITests/Supporting Files/Info.plist";
				IPHONEOS_DEPLOYMENT_TARGET = 10.3;
				LD_RUNPATH_SEARCH_PATHS = "$(inherited) @executable_path/Frameworks @loader_path/Frameworks";
				PRODUCT_BUNDLE_IDENTIFIER = net.apkc.projects.ios.CoderToDoUITests;
				PRODUCT_NAME = "$(TARGET_NAME)";
				SWIFT_VERSION = 3.0;
				TEST_TARGET_NAME = CoderToDo;
			};
			name = Release;
		};
		4956B8391E4B697D0032B2F8 /* Debug */ = {
			isa = XCBuildConfiguration;
			buildSettings = {
				ALWAYS_SEARCH_USER_PATHS = NO;
				CLANG_ANALYZER_NONNULL = YES;
				CLANG_CXX_LANGUAGE_STANDARD = "gnu++0x";
				CLANG_CXX_LIBRARY = "libc++";
				CLANG_ENABLE_MODULES = YES;
				CLANG_ENABLE_OBJC_ARC = YES;
				CLANG_WARN_BOOL_CONVERSION = YES;
				CLANG_WARN_CONSTANT_CONVERSION = YES;
				CLANG_WARN_DIRECT_OBJC_ISA_USAGE = YES_ERROR;
				CLANG_WARN_DOCUMENTATION_COMMENTS = YES;
				CLANG_WARN_EMPTY_BODY = YES;
				CLANG_WARN_ENUM_CONVERSION = YES;
				CLANG_WARN_INFINITE_RECURSION = YES;
				CLANG_WARN_INT_CONVERSION = YES;
				CLANG_WARN_OBJC_ROOT_CLASS = YES_ERROR;
				CLANG_WARN_SUSPICIOUS_MOVE = YES;
				CLANG_WARN_UNREACHABLE_CODE = YES;
				CLANG_WARN__DUPLICATE_METHOD_MATCH = YES;
				"CODE_SIGN_IDENTITY[sdk=iphoneos*]" = "iPhone Developer";
				COPY_PHASE_STRIP = NO;
				DEBUG_INFORMATION_FORMAT = "dwarf-with-dsym";
				ENABLE_STRICT_OBJC_MSGSEND = YES;
				ENABLE_TESTABILITY = YES;
				GCC_C_LANGUAGE_STANDARD = gnu99;
				GCC_DYNAMIC_NO_PIC = NO;
				GCC_NO_COMMON_BLOCKS = YES;
				GCC_OPTIMIZATION_LEVEL = 0;
				GCC_PREPROCESSOR_DEFINITIONS = (
					"DEBUG=1",
					"$(inherited)",
				);
				GCC_WARN_64_TO_32_BIT_CONVERSION = YES;
				GCC_WARN_ABOUT_RETURN_TYPE = YES_ERROR;
				GCC_WARN_UNDECLARED_SELECTOR = YES;
				GCC_WARN_UNINITIALIZED_AUTOS = YES_AGGRESSIVE;
				GCC_WARN_UNUSED_FUNCTION = YES;
				GCC_WARN_UNUSED_VARIABLE = YES;
				IPHONEOS_DEPLOYMENT_TARGET = 10.2;
				MTL_ENABLE_DEBUG_INFO = YES;
				ONLY_ACTIVE_ARCH = YES;
				SDKROOT = iphoneos;
				SWIFT_ACTIVE_COMPILATION_CONDITIONS = DEBUG;
				SWIFT_OPTIMIZATION_LEVEL = "-Onone";
				TARGETED_DEVICE_FAMILY = "1,2";
			};
			name = Debug;
		};
		4956B83A1E4B697D0032B2F8 /* Release */ = {
			isa = XCBuildConfiguration;
			buildSettings = {
				ALWAYS_SEARCH_USER_PATHS = NO;
				CLANG_ANALYZER_NONNULL = YES;
				CLANG_CXX_LANGUAGE_STANDARD = "gnu++0x";
				CLANG_CXX_LIBRARY = "libc++";
				CLANG_ENABLE_MODULES = YES;
				CLANG_ENABLE_OBJC_ARC = YES;
				CLANG_WARN_BOOL_CONVERSION = YES;
				CLANG_WARN_CONSTANT_CONVERSION = YES;
				CLANG_WARN_DIRECT_OBJC_ISA_USAGE = YES_ERROR;
				CLANG_WARN_DOCUMENTATION_COMMENTS = YES;
				CLANG_WARN_EMPTY_BODY = YES;
				CLANG_WARN_ENUM_CONVERSION = YES;
				CLANG_WARN_INFINITE_RECURSION = YES;
				CLANG_WARN_INT_CONVERSION = YES;
				CLANG_WARN_OBJC_ROOT_CLASS = YES_ERROR;
				CLANG_WARN_SUSPICIOUS_MOVE = YES;
				CLANG_WARN_UNREACHABLE_CODE = YES;
				CLANG_WARN__DUPLICATE_METHOD_MATCH = YES;
				"CODE_SIGN_IDENTITY[sdk=iphoneos*]" = "iPhone Developer";
				COPY_PHASE_STRIP = NO;
				DEBUG_INFORMATION_FORMAT = "dwarf-with-dsym";
				ENABLE_NS_ASSERTIONS = NO;
				ENABLE_STRICT_OBJC_MSGSEND = YES;
				ENABLE_TESTABILITY = NO;
				GCC_C_LANGUAGE_STANDARD = gnu99;
				GCC_NO_COMMON_BLOCKS = YES;
				GCC_WARN_64_TO_32_BIT_CONVERSION = YES;
				GCC_WARN_ABOUT_RETURN_TYPE = YES_ERROR;
				GCC_WARN_UNDECLARED_SELECTOR = YES;
				GCC_WARN_UNINITIALIZED_AUTOS = YES_AGGRESSIVE;
				GCC_WARN_UNUSED_FUNCTION = YES;
				GCC_WARN_UNUSED_VARIABLE = YES;
				IPHONEOS_DEPLOYMENT_TARGET = 10.2;
				MTL_ENABLE_DEBUG_INFO = NO;
				SDKROOT = iphoneos;
				SWIFT_OPTIMIZATION_LEVEL = "-Owholemodule";
				TARGETED_DEVICE_FAMILY = "1,2";
				VALIDATE_PRODUCT = YES;
			};
			name = Release;
		};
		4956B83C1E4B697D0032B2F8 /* Debug */ = {
			isa = XCBuildConfiguration;
			baseConfigurationReference = 2C25BC9DB450A698309C1AD7 /* Pods-CoderToDo.debug.xcconfig */;
			buildSettings = {
				ASSETCATALOG_COMPILER_APPICON_NAME = AppIcon;
				CODE_SIGN_ENTITLEMENTS = "CoderToDo/Supporting Files/CoderToDo.entitlements";
				DEVELOPMENT_TEAM = 8JQ7MFA6Q2;
				INFOPLIST_FILE = "$(SRCROOT)/CoderToDo/Supporting Files/Info.plist";
				LD_RUNPATH_SEARCH_PATHS = "$(inherited) @executable_path/Frameworks";
				LIBRARY_SEARCH_PATHS = (
					"$(inherited)",
					"$(PROJECT_DIR)/CoderToDo/Shared/Model/AKESXP-ObjectiveC",
					"$(PROJECT_DIR)/CoderToDo/Shared/Model/AKObjectiveCToolbox",
				);
				PRODUCT_BUNDLE_IDENTIFIER = net.apkc.projects.ios.CoderToDo;
				PRODUCT_NAME = "$(TARGET_NAME)";
				SWIFT_OBJC_BRIDGING_HEADER = CoderToDo/Application/AKBridgingHeader.h;
				SWIFT_VERSION = 3.0;
				TARGETED_DEVICE_FAMILY = 1;
			};
			name = Debug;
		};
		4956B83D1E4B697D0032B2F8 /* Release */ = {
			isa = XCBuildConfiguration;
			baseConfigurationReference = C0A4BA6BF07F6744527AF0B9 /* Pods-CoderToDo.release.xcconfig */;
			buildSettings = {
				ASSETCATALOG_COMPILER_APPICON_NAME = AppIcon;
				CODE_SIGN_ENTITLEMENTS = "CoderToDo/Supporting Files/CoderToDo.entitlements";
				DEVELOPMENT_TEAM = 8JQ7MFA6Q2;
				INFOPLIST_FILE = "$(SRCROOT)/CoderToDo/Supporting Files/Info.plist";
				LD_RUNPATH_SEARCH_PATHS = "$(inherited) @executable_path/Frameworks";
				LIBRARY_SEARCH_PATHS = (
					"$(inherited)",
					"$(PROJECT_DIR)/CoderToDo/Shared/Model/AKESXP-ObjectiveC",
					"$(PROJECT_DIR)/CoderToDo/Shared/Model/AKObjectiveCToolbox",
				);
				PRODUCT_BUNDLE_IDENTIFIER = net.apkc.projects.ios.CoderToDo;
				PRODUCT_NAME = "$(TARGET_NAME)";
				SWIFT_OBJC_BRIDGING_HEADER = CoderToDo/Application/AKBridgingHeader.h;
				SWIFT_VERSION = 3.0;
				TARGETED_DEVICE_FAMILY = 1;
			};
			name = Release;
		};
/* End XCBuildConfiguration section */

/* Begin XCConfigurationList section */
		4931C6D61EA7DE75002B321F /* Build configuration list for PBXNativeTarget "CoderToDoUITests" */ = {
			isa = XCConfigurationList;
			buildConfigurations = (
				4931C6D41EA7DE75002B321F /* Debug */,
				4931C6D51EA7DE75002B321F /* Release */,
			);
			defaultConfigurationIsVisible = 0;
			defaultConfigurationName = Release;
		};
		4956B8241E4B697D0032B2F8 /* Build configuration list for PBXProject "CoderToDo" */ = {
			isa = XCConfigurationList;
			buildConfigurations = (
				4956B8391E4B697D0032B2F8 /* Debug */,
				4956B83A1E4B697D0032B2F8 /* Release */,
			);
			defaultConfigurationIsVisible = 0;
			defaultConfigurationName = Release;
		};
		4956B83B1E4B697D0032B2F8 /* Build configuration list for PBXNativeTarget "CoderToDo" */ = {
			isa = XCConfigurationList;
			buildConfigurations = (
				4956B83C1E4B697D0032B2F8 /* Debug */,
				4956B83D1E4B697D0032B2F8 /* Release */,
			);
			defaultConfigurationIsVisible = 0;
			defaultConfigurationName = Release;
		};
/* End XCConfigurationList section */

/* Begin XCVersionGroup section */
		49AFFC3B1E81615100FC258C /* MainDataModel.xcdatamodeld */ = {
			isa = XCVersionGroup;
			children = (
				49AFFC3E1E81653300FC258C /* MainDataModel.v2.xcdatamodel */,
				49AFFC3C1E81615100FC258C /* MainDataModel.xcdatamodel */,
			);
			currentVersion = 49AFFC3E1E81653300FC258C /* MainDataModel.v2.xcdatamodel */;
			path = MainDataModel.xcdatamodeld;
			sourceTree = "<group>";
			versionGroupType = wrapper.xcdatamodel;
		};
/* End XCVersionGroup section */
	};
	rootObject = 4956B8211E4B697D0032B2F8 /* Project object */;
}
