// !$*UTF8*$!
{
	archiveVersion = 1;
	classes = {
	};
	objectVersion = 46;
	objects = {

/* Begin PBXBuildFile section */
		492F28331E4B6B6B0020608B /* AKAppDelegate.swift in Sources */ = {isa = PBXBuildFile; fileRef = 492F28271E4B6B6B0020608B /* AKAppDelegate.swift */; };
		492F28341E4B6B6B0020608B /* AKLaunchScreen.storyboard in Resources */ = {isa = PBXBuildFile; fileRef = 492F28281E4B6B6B0020608B /* AKLaunchScreen.storyboard */; };
		492F28351E4B6B6B0020608B /* AKMain.storyboard in Resources */ = {isa = PBXBuildFile; fileRef = 492F28291E4B6B6B0020608B /* AKMain.storyboard */; };
		492F28361E4B6B6B0020608B /* Assets.xcassets in Resources */ = {isa = PBXBuildFile; fileRef = 492F282D1E4B6B6B0020608B /* Assets.xcassets */; };
		492F283A1E4B6C0D0020608B /* CHANGES.txt in Resources */ = {isa = PBXBuildFile; fileRef = 492F28381E4B6C0D0020608B /* CHANGES.txt */; };
		492F283B1E4B6C0D0020608B /* Podfile in Resources */ = {isa = PBXBuildFile; fileRef = 492F28391E4B6C0D0020608B /* Podfile */; };
		E339F11FDEFDE107D484EC9D /* Pods_CoderTODO.framework in Frameworks */ = {isa = PBXBuildFile; fileRef = CA6EABC05D56318386608D95 /* Pods_CoderTODO.framework */; };
/* End PBXBuildFile section */

/* Begin PBXFileReference section */
		492F28271E4B6B6B0020608B /* AKAppDelegate.swift */ = {isa = PBXFileReference; fileEncoding = 4; lastKnownFileType = sourcecode.swift; path = AKAppDelegate.swift; sourceTree = "<group>"; };
		492F28281E4B6B6B0020608B /* AKLaunchScreen.storyboard */ = {isa = PBXFileReference; fileEncoding = 4; lastKnownFileType = file.storyboard; path = AKLaunchScreen.storyboard; sourceTree = "<group>"; };
		492F28291E4B6B6B0020608B /* AKMain.storyboard */ = {isa = PBXFileReference; fileEncoding = 4; lastKnownFileType = file.storyboard; path = AKMain.storyboard; sourceTree = "<group>"; };
		492F282D1E4B6B6B0020608B /* Assets.xcassets */ = {isa = PBXFileReference; lastKnownFileType = folder.assetcatalog; path = Assets.xcassets; sourceTree = "<group>"; };
		492F28321E4B6B6B0020608B /* Info.plist */ = {isa = PBXFileReference; fileEncoding = 4; lastKnownFileType = text.plist.xml; path = Info.plist; sourceTree = "<group>"; };
		492F28381E4B6C0D0020608B /* CHANGES.txt */ = {isa = PBXFileReference; fileEncoding = 4; lastKnownFileType = text; path = CHANGES.txt; sourceTree = "<group>"; };
		492F28391E4B6C0D0020608B /* Podfile */ = {isa = PBXFileReference; fileEncoding = 4; lastKnownFileType = text; path = Podfile; sourceTree = "<group>"; };
		4956B8291E4B697D0032B2F8 /* CoderTODO.app */ = {isa = PBXFileReference; explicitFileType = wrapper.application; includeInIndex = 0; path = CoderTODO.app; sourceTree = BUILT_PRODUCTS_DIR; };
		AA59DB284A4C0F99DA628780 /* Pods-CoderTODO.release.xcconfig */ = {isa = PBXFileReference; includeInIndex = 1; lastKnownFileType = text.xcconfig; name = "Pods-CoderTODO.release.xcconfig"; path = "Pods/Target Support Files/Pods-CoderTODO/Pods-CoderTODO.release.xcconfig"; sourceTree = "<group>"; };
		CA6EABC05D56318386608D95 /* Pods_CoderTODO.framework */ = {isa = PBXFileReference; explicitFileType = wrapper.framework; includeInIndex = 0; path = Pods_CoderTODO.framework; sourceTree = BUILT_PRODUCTS_DIR; };
		E51B2D1F0AB5E573E1024B1B /* Pods-CoderTODO.debug.xcconfig */ = {isa = PBXFileReference; includeInIndex = 1; lastKnownFileType = text.xcconfig; name = "Pods-CoderTODO.debug.xcconfig"; path = "Pods/Target Support Files/Pods-CoderTODO/Pods-CoderTODO.debug.xcconfig"; sourceTree = "<group>"; };
/* End PBXFileReference section */

/* Begin PBXFrameworksBuildPhase section */
		4956B8261E4B697D0032B2F8 /* Frameworks */ = {
			isa = PBXFrameworksBuildPhase;
			buildActionMask = 2147483647;
			files = (
				E339F11FDEFDE107D484EC9D /* Pods_CoderTODO.framework in Frameworks */,
			);
			runOnlyForDeploymentPostprocessing = 0;
		};
/* End PBXFrameworksBuildPhase section */

/* Begin PBXGroup section */
		358CD5ED98539CA488866B93 /* Pods */ = {
			isa = PBXGroup;
			children = (
				E51B2D1F0AB5E573E1024B1B /* Pods-CoderTODO.debug.xcconfig */,
				AA59DB284A4C0F99DA628780 /* Pods-CoderTODO.release.xcconfig */,
			);
			name = Pods;
			sourceTree = "<group>";
		};
		492405E61E4BB13100987EE5 /* Model */ = {
			isa = PBXGroup;
			children = (
			);
			path = Model;
			sourceTree = "<group>";
		};
		492F28241E4B6B6B0020608B /* CoderTODO */ = {
			isa = PBXGroup;
			children = (
				492F28251E4B6B6B0020608B /* iPhone */,
				492F282C1E4B6B6B0020608B /* Resources */,
				492F282F1E4B6B6B0020608B /* Shared */,
				492F28311E4B6B6B0020608B /* Supporting Files */,
			);
			path = CoderTODO;
			sourceTree = "<group>";
		};
		492F28251E4B6B6B0020608B /* iPhone */ = {
			isa = PBXGroup;
			children = (
				492F28261E4B6B6B0020608B /* Application */,
				492F282A1E4B6B6B0020608B /* Controllers */,
				492F282B1E4B6B6B0020608B /* Views */,
			);
			path = iPhone;
			sourceTree = "<group>";
		};
		492F28261E4B6B6B0020608B /* Application */ = {
			isa = PBXGroup;
			children = (
				492F28271E4B6B6B0020608B /* AKAppDelegate.swift */,
				492F28281E4B6B6B0020608B /* AKLaunchScreen.storyboard */,
				492F28291E4B6B6B0020608B /* AKMain.storyboard */,
			);
			path = Application;
			sourceTree = "<group>";
		};
		492F282A1E4B6B6B0020608B /* Controllers */ = {
			isa = PBXGroup;
			children = (
			);
			path = Controllers;
			sourceTree = "<group>";
		};
		492F282B1E4B6B6B0020608B /* Views */ = {
			isa = PBXGroup;
			children = (
			);
			path = Views;
			sourceTree = "<group>";
		};
		492F282C1E4B6B6B0020608B /* Resources */ = {
			isa = PBXGroup;
			children = (
				492F282D1E4B6B6B0020608B /* Assets.xcassets */,
				492F282E1E4B6B6B0020608B /* Images */,
			);
			path = Resources;
			sourceTree = "<group>";
		};
		492F282E1E4B6B6B0020608B /* Images */ = {
			isa = PBXGroup;
			children = (
			);
			path = Images;
			sourceTree = "<group>";
		};
		492F282F1E4B6B6B0020608B /* Shared */ = {
			isa = PBXGroup;
			children = (
				492405E61E4BB13100987EE5 /* Model */,
			);
			path = Shared;
			sourceTree = "<group>";
		};
		492F28311E4B6B6B0020608B /* Supporting Files */ = {
			isa = PBXGroup;
			children = (
				492F28321E4B6B6B0020608B /* Info.plist */,
			);
			path = "Supporting Files";
			sourceTree = "<group>";
		};
		4956B8201E4B697D0032B2F8 = {
			isa = PBXGroup;
			children = (
				492F28391E4B6C0D0020608B /* Podfile */,
				492F28381E4B6C0D0020608B /* CHANGES.txt */,
				492F28241E4B6B6B0020608B /* CoderTODO */,
				AFA3CC6BEA5EDB65F5109664 /* Frameworks */,
				358CD5ED98539CA488866B93 /* Pods */,
				4956B82A1E4B697D0032B2F8 /* Products */,
			);
			sourceTree = "<group>";
		};
		4956B82A1E4B697D0032B2F8 /* Products */ = {
			isa = PBXGroup;
			children = (
				4956B8291E4B697D0032B2F8 /* CoderTODO.app */,
			);
			name = Products;
			sourceTree = "<group>";
		};
		AFA3CC6BEA5EDB65F5109664 /* Frameworks */ = {
			isa = PBXGroup;
			children = (
				CA6EABC05D56318386608D95 /* Pods_CoderTODO.framework */,
			);
			name = Frameworks;
			sourceTree = "<group>";
		};
/* End PBXGroup section */

/* Begin PBXNativeTarget section */
		4956B8281E4B697D0032B2F8 /* CoderTODO */ = {
			isa = PBXNativeTarget;
			buildConfigurationList = 4956B83B1E4B697D0032B2F8 /* Build configuration list for PBXNativeTarget "CoderTODO" */;
			buildPhases = (
				2FB6E42FFE43C9D3501E8ED9 /* [CP] Check Pods Manifest.lock */,
				4956B8251E4B697D0032B2F8 /* Sources */,
				4956B8261E4B697D0032B2F8 /* Frameworks */,
				4956B8271E4B697D0032B2F8 /* Resources */,
				DA32664E3EC1DF9949605CBD /* [CP] Embed Pods Frameworks */,
				2E67D7D7F372CC4DD0F4F751 /* [CP] Copy Pods Resources */,
			);
			buildRules = (
			);
			dependencies = (
			);
			name = CoderTODO;
			productName = CoderTODO;
			productReference = 4956B8291E4B697D0032B2F8 /* CoderTODO.app */;
			productType = "com.apple.product-type.application";
		};
/* End PBXNativeTarget section */

/* Begin PBXProject section */
		4956B8211E4B697D0032B2F8 /* Project object */ = {
			isa = PBXProject;
			attributes = {
				LastSwiftUpdateCheck = 0820;
				LastUpgradeCheck = 0820;
				ORGANIZATIONNAME = APKC.net;
				TargetAttributes = {
					4956B8281E4B697D0032B2F8 = {
						CreatedOnToolsVersion = 8.2.1;
						DevelopmentTeam = 8JQ7MFA6Q2;
						ProvisioningStyle = Automatic;
					};
				};
			};
			buildConfigurationList = 4956B8241E4B697D0032B2F8 /* Build configuration list for PBXProject "CoderTODO" */;
			compatibilityVersion = "Xcode 3.2";
			developmentRegion = English;
			hasScannedForEncodings = 0;
			knownRegions = (
				en,
				Base,
			);
			mainGroup = 4956B8201E4B697D0032B2F8;
			productRefGroup = 4956B82A1E4B697D0032B2F8 /* Products */;
			projectDirPath = "";
			projectRoot = "";
			targets = (
				4956B8281E4B697D0032B2F8 /* CoderTODO */,
			);
		};
/* End PBXProject section */

/* Begin PBXResourcesBuildPhase section */
		4956B8271E4B697D0032B2F8 /* Resources */ = {
			isa = PBXResourcesBuildPhase;
			buildActionMask = 2147483647;
			files = (
				492F283B1E4B6C0D0020608B /* Podfile in Resources */,
				492F28341E4B6B6B0020608B /* AKLaunchScreen.storyboard in Resources */,
				492F28361E4B6B6B0020608B /* Assets.xcassets in Resources */,
				492F283A1E4B6C0D0020608B /* CHANGES.txt in Resources */,
				492F28351E4B6B6B0020608B /* AKMain.storyboard in Resources */,
			);
			runOnlyForDeploymentPostprocessing = 0;
		};
/* End PBXResourcesBuildPhase section */

/* Begin PBXShellScriptBuildPhase section */
		2E67D7D7F372CC4DD0F4F751 /* [CP] Copy Pods Resources */ = {
			isa = PBXShellScriptBuildPhase;
			buildActionMask = 2147483647;
			files = (
			);
			inputPaths = (
			);
			name = "[CP] Copy Pods Resources";
			outputPaths = (
			);
			runOnlyForDeploymentPostprocessing = 0;
			shellPath = /bin/sh;
			shellScript = "\"${SRCROOT}/Pods/Target Support Files/Pods-CoderTODO/Pods-CoderTODO-resources.sh\"\n";
			showEnvVarsInLog = 0;
		};
		2FB6E42FFE43C9D3501E8ED9 /* [CP] Check Pods Manifest.lock */ = {
			isa = PBXShellScriptBuildPhase;
			buildActionMask = 2147483647;
			files = (
			);
			inputPaths = (
			);
			name = "[CP] Check Pods Manifest.lock";
			outputPaths = (
			);
			runOnlyForDeploymentPostprocessing = 0;
			shellPath = /bin/sh;
			shellScript = "diff \"${PODS_ROOT}/../Podfile.lock\" \"${PODS_ROOT}/Manifest.lock\" > /dev/null\nif [ $? != 0 ] ; then\n    # print error to STDERR\n    echo \"error: The sandbox is not in sync with the Podfile.lock. Run 'pod install' or update your CocoaPods installation.\" >&2\n    exit 1\nfi\n";
			showEnvVarsInLog = 0;
		};
		DA32664E3EC1DF9949605CBD /* [CP] Embed Pods Frameworks */ = {
			isa = PBXShellScriptBuildPhase;
			buildActionMask = 2147483647;
			files = (
			);
			inputPaths = (
			);
			name = "[CP] Embed Pods Frameworks";
			outputPaths = (
			);
			runOnlyForDeploymentPostprocessing = 0;
			shellPath = /bin/sh;
			shellScript = "\"${SRCROOT}/Pods/Target Support Files/Pods-CoderTODO/Pods-CoderTODO-frameworks.sh\"\n";
			showEnvVarsInLog = 0;
		};
/* End PBXShellScriptBuildPhase section */

/* Begin PBXSourcesBuildPhase section */
		4956B8251E4B697D0032B2F8 /* Sources */ = {
			isa = PBXSourcesBuildPhase;
			buildActionMask = 2147483647;
			files = (
				492F28331E4B6B6B0020608B /* AKAppDelegate.swift in Sources */,
			);
			runOnlyForDeploymentPostprocessing = 0;
		};
/* End PBXSourcesBuildPhase section */

/* Begin XCBuildConfiguration section */
		4956B8391E4B697D0032B2F8 /* Debug */ = {
			isa = XCBuildConfiguration;
			buildSettings = {
				ALWAYS_SEARCH_USER_PATHS = NO;
				CLANG_ANALYZER_NONNULL = YES;
				CLANG_CXX_LANGUAGE_STANDARD = "gnu++0x";
				CLANG_CXX_LIBRARY = "libc++";
				CLANG_ENABLE_MODULES = YES;
				CLANG_ENABLE_OBJC_ARC = YES;
				CLANG_WARN_BOOL_CONVERSION = YES;
				CLANG_WARN_CONSTANT_CONVERSION = YES;
				CLANG_WARN_DIRECT_OBJC_ISA_USAGE = YES_ERROR;
				CLANG_WARN_DOCUMENTATION_COMMENTS = YES;
				CLANG_WARN_EMPTY_BODY = YES;
				CLANG_WARN_ENUM_CONVERSION = YES;
				CLANG_WARN_INFINITE_RECURSION = YES;
				CLANG_WARN_INT_CONVERSION = YES;
				CLANG_WARN_OBJC_ROOT_CLASS = YES_ERROR;
				CLANG_WARN_SUSPICIOUS_MOVE = YES;
				CLANG_WARN_UNREACHABLE_CODE = YES;
				CLANG_WARN__DUPLICATE_METHOD_MATCH = YES;
				"CODE_SIGN_IDENTITY[sdk=iphoneos*]" = "iPhone Developer";
				COPY_PHASE_STRIP = NO;
				DEBUG_INFORMATION_FORMAT = dwarf;
				ENABLE_STRICT_OBJC_MSGSEND = YES;
				ENABLE_TESTABILITY = YES;
				GCC_C_LANGUAGE_STANDARD = gnu99;
				GCC_DYNAMIC_NO_PIC = NO;
				GCC_NO_COMMON_BLOCKS = YES;
				GCC_OPTIMIZATION_LEVEL = 0;
				GCC_PREPROCESSOR_DEFINITIONS = (
					"DEBUG=1",
					"$(inherited)",
				);
				GCC_WARN_64_TO_32_BIT_CONVERSION = YES;
				GCC_WARN_ABOUT_RETURN_TYPE = YES_ERROR;
				GCC_WARN_UNDECLARED_SELECTOR = YES;
				GCC_WARN_UNINITIALIZED_AUTOS = YES_AGGRESSIVE;
				GCC_WARN_UNUSED_FUNCTION = YES;
				GCC_WARN_UNUSED_VARIABLE = YES;
				IPHONEOS_DEPLOYMENT_TARGET = 10.2;
				MTL_ENABLE_DEBUG_INFO = YES;
				ONLY_ACTIVE_ARCH = YES;
				SDKROOT = iphoneos;
				SWIFT_ACTIVE_COMPILATION_CONDITIONS = DEBUG;
				SWIFT_OPTIMIZATION_LEVEL = "-Onone";
				TARGETED_DEVICE_FAMILY = "1,2";
			};
			name = Debug;
		};
		4956B83A1E4B697D0032B2F8 /* Release */ = {
			isa = XCBuildConfiguration;
			buildSettings = {
				ALWAYS_SEARCH_USER_PATHS = NO;
				CLANG_ANALYZER_NONNULL = YES;
				CLANG_CXX_LANGUAGE_STANDARD = "gnu++0x";
				CLANG_CXX_LIBRARY = "libc++";
				CLANG_ENABLE_MODULES = YES;
				CLANG_ENABLE_OBJC_ARC = YES;
				CLANG_WARN_BOOL_CONVERSION = YES;
				CLANG_WARN_CONSTANT_CONVERSION = YES;
				CLANG_WARN_DIRECT_OBJC_ISA_USAGE = YES_ERROR;
				CLANG_WARN_DOCUMENTATION_COMMENTS = YES;
				CLANG_WARN_EMPTY_BODY = YES;
				CLANG_WARN_ENUM_CONVERSION = YES;
				CLANG_WARN_INFINITE_RECURSION = YES;
				CLANG_WARN_INT_CONVERSION = YES;
				CLANG_WARN_OBJC_ROOT_CLASS = YES_ERROR;
				CLANG_WARN_SUSPICIOUS_MOVE = YES;
				CLANG_WARN_UNREACHABLE_CODE = YES;
				CLANG_WARN__DUPLICATE_METHOD_MATCH = YES;
				"CODE_SIGN_IDENTITY[sdk=iphoneos*]" = "iPhone Developer";
				COPY_PHASE_STRIP = NO;
				DEBUG_INFORMATION_FORMAT = "dwarf-with-dsym";
				ENABLE_NS_ASSERTIONS = NO;
				ENABLE_STRICT_OBJC_MSGSEND = YES;
				GCC_C_LANGUAGE_STANDARD = gnu99;
				GCC_NO_COMMON_BLOCKS = YES;
				GCC_WARN_64_TO_32_BIT_CONVERSION = YES;
				GCC_WARN_ABOUT_RETURN_TYPE = YES_ERROR;
				GCC_WARN_UNDECLARED_SELECTOR = YES;
				GCC_WARN_UNINITIALIZED_AUTOS = YES_AGGRESSIVE;
				GCC_WARN_UNUSED_FUNCTION = YES;
				GCC_WARN_UNUSED_VARIABLE = YES;
				IPHONEOS_DEPLOYMENT_TARGET = 10.2;
				MTL_ENABLE_DEBUG_INFO = NO;
				SDKROOT = iphoneos;
				SWIFT_OPTIMIZATION_LEVEL = "-Owholemodule";
				TARGETED_DEVICE_FAMILY = "1,2";
				VALIDATE_PRODUCT = YES;
			};
			name = Release;
		};
		4956B83C1E4B697D0032B2F8 /* Debug */ = {
			isa = XCBuildConfiguration;
			baseConfigurationReference = E51B2D1F0AB5E573E1024B1B /* Pods-CoderTODO.debug.xcconfig */;
			buildSettings = {
				ASSETCATALOG_COMPILER_APPICON_NAME = AppIcon;
				DEVELOPMENT_TEAM = 8JQ7MFA6Q2;
				INFOPLIST_FILE = "$(SRCROOT)/CoderTODO/Supporting Files/Info.plist";
				LD_RUNPATH_SEARCH_PATHS = "$(inherited) @executable_path/Frameworks";
				PRODUCT_BUNDLE_IDENTIFIER = net.apkc.projects.ios.CoderTODO;
				PRODUCT_NAME = "$(TARGET_NAME)";
				SWIFT_VERSION = 3.0;
			};
			name = Debug;
		};
		4956B83D1E4B697D0032B2F8 /* Release */ = {
			isa = XCBuildConfiguration;
			baseConfigurationReference = AA59DB284A4C0F99DA628780 /* Pods-CoderTODO.release.xcconfig */;
			buildSettings = {
				ASSETCATALOG_COMPILER_APPICON_NAME = AppIcon;
				DEVELOPMENT_TEAM = 8JQ7MFA6Q2;
				INFOPLIST_FILE = "$(SRCROOT)/CoderTODO/Supporting Files/Info.plist";
				LD_RUNPATH_SEARCH_PATHS = "$(inherited) @executable_path/Frameworks";
				PRODUCT_BUNDLE_IDENTIFIER = net.apkc.projects.ios.CoderTODO;
				PRODUCT_NAME = "$(TARGET_NAME)";
				SWIFT_VERSION = 3.0;
			};
			name = Release;
		};
/* End XCBuildConfiguration section */

/* Begin XCConfigurationList section */
		4956B8241E4B697D0032B2F8 /* Build configuration list for PBXProject "CoderTODO" */ = {
			isa = XCConfigurationList;
			buildConfigurations = (
				4956B8391E4B697D0032B2F8 /* Debug */,
				4956B83A1E4B697D0032B2F8 /* Release */,
			);
			defaultConfigurationIsVisible = 0;
			defaultConfigurationName = Release;
		};
		4956B83B1E4B697D0032B2F8 /* Build configuration list for PBXNativeTarget "CoderTODO" */ = {
			isa = XCConfigurationList;
			buildConfigurations = (
				4956B83C1E4B697D0032B2F8 /* Debug */,
				4956B83D1E4B697D0032B2F8 /* Release */,
			);
			defaultConfigurationIsVisible = 0;
			defaultConfigurationName = Release;
		};
/* End XCConfigurationList section */
	};
	rootObject = 4956B8211E4B697D0032B2F8 /* Project object */;
}
