// !$*UTF8*$!
{
	archiveVersion = 1;
	classes = {
	};
	objectVersion = 46;
	objects = {

/* Begin PBXBuildFile section */
		492F283A1E4B6C0D0020608B /* CHANGES.txt in Resources */ = {isa = PBXBuildFile; fileRef = 492F28381E4B6C0D0020608B /* CHANGES.txt */; };
		492F283B1E4B6C0D0020608B /* Podfile in Resources */ = {isa = PBXBuildFile; fileRef = 492F28391E4B6C0D0020608B /* Podfile */; };
		49EAEDEF1E4E521700ADC839 /* AKAppDelegate.swift in Sources */ = {isa = PBXBuildFile; fileRef = 49EAEDD41E4E521700ADC839 /* AKAppDelegate.swift */; };
		49EAEDF01E4E521700ADC839 /* AKLaunchScreen.storyboard in Resources */ = {isa = PBXBuildFile; fileRef = 49EAEDD51E4E521700ADC839 /* AKLaunchScreen.storyboard */; };
		49EAEDF11E4E521700ADC839 /* AKMain.storyboard in Resources */ = {isa = PBXBuildFile; fileRef = 49EAEDD61E4E521700ADC839 /* AKMain.storyboard */; };
		49EAEDF21E4E521700ADC839 /* AKListProjectsViewController.swift in Sources */ = {isa = PBXBuildFile; fileRef = 49EAEDD91E4E521700ADC839 /* AKListProjectsViewController.swift */; };
		49EAEDF31E4E521700ADC839 /* AKUsernameInputViewController.swift in Sources */ = {isa = PBXBuildFile; fileRef = 49EAEDDA1E4E521700ADC839 /* AKUsernameInputViewController.swift */; };
		49EAEDF41E4E521700ADC839 /* AKUsernameInputView.xib in Resources */ = {isa = PBXBuildFile; fileRef = 49EAEDDC1E4E521700ADC839 /* AKUsernameInputView.xib */; };
		49EAEDF51E4E521700ADC839 /* Assets.xcassets in Resources */ = {isa = PBXBuildFile; fileRef = 49EAEDDE1E4E521700ADC839 /* Assets.xcassets */; };
		49EAEDF61E4E521800ADC839 /* AKConstants.swift in Sources */ = {isa = PBXBuildFile; fileRef = 49EAEDE21E4E521700ADC839 /* AKConstants.swift */; };
		49EAEDF71E4E521800ADC839 /* AKCustomView.swift in Sources */ = {isa = PBXBuildFile; fileRef = 49EAEDE41E4E521700ADC839 /* AKCustomView.swift */; };
		49EAEDF81E4E521800ADC839 /* AKCustomViewController.swift in Sources */ = {isa = PBXBuildFile; fileRef = 49EAEDE51E4E521700ADC839 /* AKCustomViewController.swift */; };
		49EAEDF91E4E521800ADC839 /* AKDataController.swift in Sources */ = {isa = PBXBuildFile; fileRef = 49EAEDE61E4E521700ADC839 /* AKDataController.swift */; };
		49EAEDFA1E4E521800ADC839 /* AKInputData.swift in Sources */ = {isa = PBXBuildFile; fileRef = 49EAEDE71E4E521700ADC839 /* AKInputData.swift */; };
		49EAEDFB1E4E521800ADC839 /* AKMasterReference.swift in Sources */ = {isa = PBXBuildFile; fileRef = 49EAEDE81E4E521700ADC839 /* AKMasterReference.swift */; };
		49EAEDFC1E4E521800ADC839 /* AKUsername.swift in Sources */ = {isa = PBXBuildFile; fileRef = 49EAEDE91E4E521700ADC839 /* AKUsername.swift */; };
		49EAEDFD1E4E521800ADC839 /* AKWSUtils.swift in Sources */ = {isa = PBXBuildFile; fileRef = 49EAEDEA1E4E521700ADC839 /* AKWSUtils.swift */; };
		49EAEDFE1E4E521800ADC839 /* Info.plist in Resources */ = {isa = PBXBuildFile; fileRef = 49EAEDEC1E4E521700ADC839 /* Info.plist */; };
		49EAEDFF1E4E521800ADC839 /* MainDataModel.xcdatamodeld in Sources */ = {isa = PBXBuildFile; fileRef = 49EAEDED1E4E521700ADC839 /* MainDataModel.xcdatamodeld */; };
		E339F11FDEFDE107D484EC9D /* Pods_CoderTODO.framework in Frameworks */ = {isa = PBXBuildFile; fileRef = CA6EABC05D56318386608D95 /* Pods_CoderTODO.framework */; };
/* End PBXBuildFile section */

/* Begin PBXFileReference section */
		492F28381E4B6C0D0020608B /* CHANGES.txt */ = {isa = PBXFileReference; fileEncoding = 4; lastKnownFileType = text; path = CHANGES.txt; sourceTree = "<group>"; };
		492F28391E4B6C0D0020608B /* Podfile */ = {isa = PBXFileReference; fileEncoding = 4; lastKnownFileType = text; path = Podfile; sourceTree = "<group>"; };
		4956B8291E4B697D0032B2F8 /* 9-5TODO.app */ = {isa = PBXFileReference; explicitFileType = wrapper.application; includeInIndex = 0; path = "9-5TODO.app"; sourceTree = BUILT_PRODUCTS_DIR; };
		49EAEDD41E4E521700ADC839 /* AKAppDelegate.swift */ = {isa = PBXFileReference; fileEncoding = 4; lastKnownFileType = sourcecode.swift; path = AKAppDelegate.swift; sourceTree = "<group>"; };
		49EAEDD51E4E521700ADC839 /* AKLaunchScreen.storyboard */ = {isa = PBXFileReference; fileEncoding = 4; lastKnownFileType = file.storyboard; path = AKLaunchScreen.storyboard; sourceTree = "<group>"; };
		49EAEDD61E4E521700ADC839 /* AKMain.storyboard */ = {isa = PBXFileReference; fileEncoding = 4; lastKnownFileType = file.storyboard; path = AKMain.storyboard; sourceTree = "<group>"; };
		49EAEDD91E4E521700ADC839 /* AKListProjectsViewController.swift */ = {isa = PBXFileReference; fileEncoding = 4; lastKnownFileType = sourcecode.swift; path = AKListProjectsViewController.swift; sourceTree = "<group>"; };
		49EAEDDA1E4E521700ADC839 /* AKUsernameInputViewController.swift */ = {isa = PBXFileReference; fileEncoding = 4; lastKnownFileType = sourcecode.swift; path = AKUsernameInputViewController.swift; sourceTree = "<group>"; };
		49EAEDDC1E4E521700ADC839 /* AKUsernameInputView.xib */ = {isa = PBXFileReference; fileEncoding = 4; lastKnownFileType = file.xib; path = AKUsernameInputView.xib; sourceTree = "<group>"; };
		49EAEDDE1E4E521700ADC839 /* Assets.xcassets */ = {isa = PBXFileReference; lastKnownFileType = folder.assetcatalog; path = Assets.xcassets; sourceTree = "<group>"; };
		49EAEDE21E4E521700ADC839 /* AKConstants.swift */ = {isa = PBXFileReference; fileEncoding = 4; lastKnownFileType = sourcecode.swift; path = AKConstants.swift; sourceTree = "<group>"; };
		49EAEDE41E4E521700ADC839 /* AKCustomView.swift */ = {isa = PBXFileReference; fileEncoding = 4; lastKnownFileType = sourcecode.swift; path = AKCustomView.swift; sourceTree = "<group>"; };
		49EAEDE51E4E521700ADC839 /* AKCustomViewController.swift */ = {isa = PBXFileReference; fileEncoding = 4; lastKnownFileType = sourcecode.swift; path = AKCustomViewController.swift; sourceTree = "<group>"; };
		49EAEDE61E4E521700ADC839 /* AKDataController.swift */ = {isa = PBXFileReference; fileEncoding = 4; lastKnownFileType = sourcecode.swift; path = AKDataController.swift; sourceTree = "<group>"; };
		49EAEDE71E4E521700ADC839 /* AKInputData.swift */ = {isa = PBXFileReference; fileEncoding = 4; lastKnownFileType = sourcecode.swift; path = AKInputData.swift; sourceTree = "<group>"; };
		49EAEDE81E4E521700ADC839 /* AKMasterReference.swift */ = {isa = PBXFileReference; fileEncoding = 4; lastKnownFileType = sourcecode.swift; path = AKMasterReference.swift; sourceTree = "<group>"; };
		49EAEDE91E4E521700ADC839 /* AKUsername.swift */ = {isa = PBXFileReference; fileEncoding = 4; lastKnownFileType = sourcecode.swift; path = AKUsername.swift; sourceTree = "<group>"; };
		49EAEDEA1E4E521700ADC839 /* AKWSUtils.swift */ = {isa = PBXFileReference; fileEncoding = 4; lastKnownFileType = sourcecode.swift; path = AKWSUtils.swift; sourceTree = "<group>"; };
		49EAEDEC1E4E521700ADC839 /* Info.plist */ = {isa = PBXFileReference; fileEncoding = 4; lastKnownFileType = text.plist.xml; path = Info.plist; sourceTree = "<group>"; };
		49EAEDEE1E4E521700ADC839 /* MainDataModel.xcdatamodel */ = {isa = PBXFileReference; lastKnownFileType = wrapper.xcdatamodel; path = MainDataModel.xcdatamodel; sourceTree = "<group>"; };
		AA59DB284A4C0F99DA628780 /* Pods-CoderTODO.release.xcconfig */ = {isa = PBXFileReference; includeInIndex = 1; lastKnownFileType = text.xcconfig; name = "Pods-CoderTODO.release.xcconfig"; path = "Pods/Target Support Files/Pods-CoderTODO/Pods-CoderTODO.release.xcconfig"; sourceTree = "<group>"; };
		CA6EABC05D56318386608D95 /* Pods_CoderTODO.framework */ = {isa = PBXFileReference; explicitFileType = wrapper.framework; includeInIndex = 0; path = Pods_CoderTODO.framework; sourceTree = BUILT_PRODUCTS_DIR; };
		E51B2D1F0AB5E573E1024B1B /* Pods-CoderTODO.debug.xcconfig */ = {isa = PBXFileReference; includeInIndex = 1; lastKnownFileType = text.xcconfig; name = "Pods-CoderTODO.debug.xcconfig"; path = "Pods/Target Support Files/Pods-CoderTODO/Pods-CoderTODO.debug.xcconfig"; sourceTree = "<group>"; };
/* End PBXFileReference section */

/* Begin PBXFrameworksBuildPhase section */
		4956B8261E4B697D0032B2F8 /* Frameworks */ = {
			isa = PBXFrameworksBuildPhase;
			buildActionMask = 2147483647;
			files = (
				E339F11FDEFDE107D484EC9D /* Pods_CoderTODO.framework in Frameworks */,
			);
			runOnlyForDeploymentPostprocessing = 0;
		};
/* End PBXFrameworksBuildPhase section */

/* Begin PBXGroup section */
		358CD5ED98539CA488866B93 /* Pods */ = {
			isa = PBXGroup;
			children = (
				E51B2D1F0AB5E573E1024B1B /* Pods-CoderTODO.debug.xcconfig */,
				AA59DB284A4C0F99DA628780 /* Pods-CoderTODO.release.xcconfig */,
			);
			name = Pods;
			sourceTree = "<group>";
		};
		4956B8201E4B697D0032B2F8 = {
			isa = PBXGroup;
			children = (
				492F28391E4B6C0D0020608B /* Podfile */,
				492F28381E4B6C0D0020608B /* CHANGES.txt */,
				49EAEDD21E4E521700ADC839 /* 9-5TODO */,
				AFA3CC6BEA5EDB65F5109664 /* Frameworks */,
				358CD5ED98539CA488866B93 /* Pods */,
				4956B82A1E4B697D0032B2F8 /* Products */,
			);
			sourceTree = "<group>";
		};
		4956B82A1E4B697D0032B2F8 /* Products */ = {
			isa = PBXGroup;
			children = (
				4956B8291E4B697D0032B2F8 /* 9-5TODO.app */,
			);
			name = Products;
			sourceTree = "<group>";
		};
		49EAEDD21E4E521700ADC839 /* 9-5TODO */ = {
			isa = PBXGroup;
			children = (
				49EAEDD31E4E521700ADC839 /* Application */,
				49EAEDD71E4E521700ADC839 /* iPhone */,
				49EAEDDD1E4E521700ADC839 /* Resources */,
				49EAEDE01E4E521700ADC839 /* Shared */,
				49EAEDEB1E4E521700ADC839 /* Supporting Files */,
			);
			path = "9-5TODO";
			sourceTree = "<group>";
		};
		49EAEDD31E4E521700ADC839 /* Application */ = {
			isa = PBXGroup;
			children = (
				49EAEDD41E4E521700ADC839 /* AKAppDelegate.swift */,
				49EAEDD51E4E521700ADC839 /* AKLaunchScreen.storyboard */,
				49EAEDD61E4E521700ADC839 /* AKMain.storyboard */,
			);
			path = Application;
			sourceTree = "<group>";
		};
		49EAEDD71E4E521700ADC839 /* iPhone */ = {
			isa = PBXGroup;
			children = (
				49EAEDD81E4E521700ADC839 /* Controllers */,
				49EAEDDB1E4E521700ADC839 /* Views */,
			);
			path = iPhone;
			sourceTree = "<group>";
		};
		49EAEDD81E4E521700ADC839 /* Controllers */ = {
			isa = PBXGroup;
			children = (
				49EAEDD91E4E521700ADC839 /* AKListProjectsViewController.swift */,
				49EAEDDA1E4E521700ADC839 /* AKUsernameInputViewController.swift */,
			);
			path = Controllers;
			sourceTree = "<group>";
		};
		49EAEDDB1E4E521700ADC839 /* Views */ = {
			isa = PBXGroup;
			children = (
				49EAEDDC1E4E521700ADC839 /* AKUsernameInputView.xib */,
			);
			path = Views;
			sourceTree = "<group>";
		};
		49EAEDDD1E4E521700ADC839 /* Resources */ = {
			isa = PBXGroup;
			children = (
				49EAEDDE1E4E521700ADC839 /* Assets.xcassets */,
				49EAEDDF1E4E521700ADC839 /* Images */,
			);
			path = Resources;
			sourceTree = "<group>";
		};
		49EAEDDF1E4E521700ADC839 /* Images */ = {
			isa = PBXGroup;
			children = (
			);
			path = Images;
			sourceTree = "<group>";
		};
		49EAEDE01E4E521700ADC839 /* Shared */ = {
			isa = PBXGroup;
			children = (
				49EAEDE11E4E521700ADC839 /* Model */,
			);
			path = Shared;
			sourceTree = "<group>";
		};
		49EAEDE11E4E521700ADC839 /* Model */ = {
			isa = PBXGroup;
			children = (
				49EAEDE21E4E521700ADC839 /* AKConstants.swift */,
				49EAEDE31E4E521700ADC839 /* AKCustomComponents */,
				49EAEDE61E4E521700ADC839 /* AKDataController.swift */,
				49EAEDE71E4E521700ADC839 /* AKInputData.swift */,
				49EAEDE81E4E521700ADC839 /* AKMasterReference.swift */,
				49EAEDE91E4E521700ADC839 /* AKUsername.swift */,
				49EAEDEA1E4E521700ADC839 /* AKWSUtils.swift */,
			);
			path = Model;
			sourceTree = "<group>";
		};
		49EAEDE31E4E521700ADC839 /* AKCustomComponents */ = {
			isa = PBXGroup;
			children = (
				49EAEDE41E4E521700ADC839 /* AKCustomView.swift */,
				49EAEDE51E4E521700ADC839 /* AKCustomViewController.swift */,
			);
			path = AKCustomComponents;
			sourceTree = "<group>";
		};
		49EAEDEB1E4E521700ADC839 /* Supporting Files */ = {
			isa = PBXGroup;
			children = (
				49EAEDEC1E4E521700ADC839 /* Info.plist */,
				49EAEDED1E4E521700ADC839 /* MainDataModel.xcdatamodeld */,
			);
			path = "Supporting Files";
			sourceTree = "<group>";
		};
		AFA3CC6BEA5EDB65F5109664 /* Frameworks */ = {
			isa = PBXGroup;
			children = (
				CA6EABC05D56318386608D95 /* Pods_CoderTODO.framework */,
			);
			name = Frameworks;
			sourceTree = "<group>";
		};
/* End PBXGroup section */

/* Begin PBXNativeTarget section */
		4956B8281E4B697D0032B2F8 /* 9-5TODO */ = {
			isa = PBXNativeTarget;
			buildConfigurationList = 4956B83B1E4B697D0032B2F8 /* Build configuration list for PBXNativeTarget "9-5TODO" */;
			buildPhases = (
				2FB6E42FFE43C9D3501E8ED9 /* [CP] Check Pods Manifest.lock */,
				4956B8251E4B697D0032B2F8 /* Sources */,
				4956B8261E4B697D0032B2F8 /* Frameworks */,
				4956B8271E4B697D0032B2F8 /* Resources */,
				DA32664E3EC1DF9949605CBD /* [CP] Embed Pods Frameworks */,
				2E67D7D7F372CC4DD0F4F751 /* [CP] Copy Pods Resources */,
			);
			buildRules = (
			);
			dependencies = (
			);
			name = "9-5TODO";
			productName = CoderTODO;
			productReference = 4956B8291E4B697D0032B2F8 /* 9-5TODO.app */;
			productType = "com.apple.product-type.application";
		};
/* End PBXNativeTarget section */

/* Begin PBXProject section */
		4956B8211E4B697D0032B2F8 /* Project object */ = {
			isa = PBXProject;
			attributes = {
				LastSwiftUpdateCheck = 0820;
				LastUpgradeCheck = 0820;
				ORGANIZATIONNAME = APKC.net;
				TargetAttributes = {
					4956B8281E4B697D0032B2F8 = {
						CreatedOnToolsVersion = 8.2.1;
						DevelopmentTeam = 8JQ7MFA6Q2;
						ProvisioningStyle = Automatic;
					};
				};
			};
			buildConfigurationList = 4956B8241E4B697D0032B2F8 /* Build configuration list for PBXProject "9-5TODO" */;
			compatibilityVersion = "Xcode 3.2";
			developmentRegion = English;
			hasScannedForEncodings = 0;
			knownRegions = (
				en,
				Base,
			);
			mainGroup = 4956B8201E4B697D0032B2F8;
			productRefGroup = 4956B82A1E4B697D0032B2F8 /* Products */;
			projectDirPath = "";
			projectRoot = "";
			targets = (
				4956B8281E4B697D0032B2F8 /* 9-5TODO */,
			);
		};
/* End PBXProject section */

/* Begin PBXResourcesBuildPhase section */
		4956B8271E4B697D0032B2F8 /* Resources */ = {
			isa = PBXResourcesBuildPhase;
			buildActionMask = 2147483647;
			files = (
				492F283B1E4B6C0D0020608B /* Podfile in Resources */,
				49EAEDF11E4E521700ADC839 /* AKMain.storyboard in Resources */,
				49EAEDF01E4E521700ADC839 /* AKLaunchScreen.storyboard in Resources */,
				49EAEDF41E4E521700ADC839 /* AKUsernameInputView.xib in Resources */,
				49EAEDF51E4E521700ADC839 /* Assets.xcassets in Resources */,
				492F283A1E4B6C0D0020608B /* CHANGES.txt in Resources */,
				49EAEDFE1E4E521800ADC839 /* Info.plist in Resources */,
			);
			runOnlyForDeploymentPostprocessing = 0;
		};
/* End PBXResourcesBuildPhase section */

/* Begin PBXShellScriptBuildPhase section */
		2E67D7D7F372CC4DD0F4F751 /* [CP] Copy Pods Resources */ = {
			isa = PBXShellScriptBuildPhase;
			buildActionMask = 2147483647;
			files = (
			);
			inputPaths = (
			);
			name = "[CP] Copy Pods Resources";
			outputPaths = (
			);
			runOnlyForDeploymentPostprocessing = 0;
			shellPath = /bin/sh;
			shellScript = "\"${SRCROOT}/Pods/Target Support Files/Pods-CoderTODO/Pods-CoderTODO-resources.sh\"\n";
			showEnvVarsInLog = 0;
		};
		2FB6E42FFE43C9D3501E8ED9 /* [CP] Check Pods Manifest.lock */ = {
			isa = PBXShellScriptBuildPhase;
			buildActionMask = 2147483647;
			files = (
			);
			inputPaths = (
			);
			name = "[CP] Check Pods Manifest.lock";
			outputPaths = (
			);
			runOnlyForDeploymentPostprocessing = 0;
			shellPath = /bin/sh;
			shellScript = "diff \"${PODS_ROOT}/../Podfile.lock\" \"${PODS_ROOT}/Manifest.lock\" > /dev/null\nif [ $? != 0 ] ; then\n    # print error to STDERR\n    echo \"error: The sandbox is not in sync with the Podfile.lock. Run 'pod install' or update your CocoaPods installation.\" >&2\n    exit 1\nfi\n";
			showEnvVarsInLog = 0;
		};
		DA32664E3EC1DF9949605CBD /* [CP] Embed Pods Frameworks */ = {
			isa = PBXShellScriptBuildPhase;
			buildActionMask = 2147483647;
			files = (
			);
			inputPaths = (
			);
			name = "[CP] Embed Pods Frameworks";
			outputPaths = (
			);
			runOnlyForDeploymentPostprocessing = 0;
			shellPath = /bin/sh;
			shellScript = "\"${SRCROOT}/Pods/Target Support Files/Pods-CoderTODO/Pods-CoderTODO-frameworks.sh\"\n";
			showEnvVarsInLog = 0;
		};
/* End PBXShellScriptBuildPhase section */

/* Begin PBXSourcesBuildPhase section */
		4956B8251E4B697D0032B2F8 /* Sources */ = {
			isa = PBXSourcesBuildPhase;
			buildActionMask = 2147483647;
			files = (
				49EAEDF91E4E521800ADC839 /* AKDataController.swift in Sources */,
				49EAEDF31E4E521700ADC839 /* AKUsernameInputViewController.swift in Sources */,
				49EAEDFF1E4E521800ADC839 /* MainDataModel.xcdatamodeld in Sources */,
				49EAEDFA1E4E521800ADC839 /* AKInputData.swift in Sources */,
				49EAEDFC1E4E521800ADC839 /* AKUsername.swift in Sources */,
				49EAEDF61E4E521800ADC839 /* AKConstants.swift in Sources */,
				49EAEDF21E4E521700ADC839 /* AKListProjectsViewController.swift in Sources */,
				49EAEDFD1E4E521800ADC839 /* AKWSUtils.swift in Sources */,
				49EAEDF71E4E521800ADC839 /* AKCustomView.swift in Sources */,
				49EAEDEF1E4E521700ADC839 /* AKAppDelegate.swift in Sources */,
				49EAEDFB1E4E521800ADC839 /* AKMasterReference.swift in Sources */,
				49EAEDF81E4E521800ADC839 /* AKCustomViewController.swift in Sources */,
			);
			runOnlyForDeploymentPostprocessing = 0;
		};
/* End PBXSourcesBuildPhase section */

/* Begin XCBuildConfiguration section */
		4956B8391E4B697D0032B2F8 /* Debug */ = {
			isa = XCBuildConfiguration;
			buildSettings = {
				ALWAYS_SEARCH_USER_PATHS = NO;
				CLANG_ANALYZER_NONNULL = YES;
				CLANG_CXX_LANGUAGE_STANDARD = "gnu++0x";
				CLANG_CXX_LIBRARY = "libc++";
				CLANG_ENABLE_MODULES = YES;
				CLANG_ENABLE_OBJC_ARC = YES;
				CLANG_WARN_BOOL_CONVERSION = YES;
				CLANG_WARN_CONSTANT_CONVERSION = YES;
				CLANG_WARN_DIRECT_OBJC_ISA_USAGE = YES_ERROR;
				CLANG_WARN_DOCUMENTATION_COMMENTS = YES;
				CLANG_WARN_EMPTY_BODY = YES;
				CLANG_WARN_ENUM_CONVERSION = YES;
				CLANG_WARN_INFINITE_RECURSION = YES;
				CLANG_WARN_INT_CONVERSION = YES;
				CLANG_WARN_OBJC_ROOT_CLASS = YES_ERROR;
				CLANG_WARN_SUSPICIOUS_MOVE = YES;
				CLANG_WARN_UNREACHABLE_CODE = YES;
				CLANG_WARN__DUPLICATE_METHOD_MATCH = YES;
				"CODE_SIGN_IDENTITY[sdk=iphoneos*]" = "iPhone Developer";
				COPY_PHASE_STRIP = NO;
				DEBUG_INFORMATION_FORMAT = dwarf;
				ENABLE_STRICT_OBJC_MSGSEND = YES;
				ENABLE_TESTABILITY = YES;
				GCC_C_LANGUAGE_STANDARD = gnu99;
				GCC_DYNAMIC_NO_PIC = NO;
				GCC_NO_COMMON_BLOCKS = YES;
				GCC_OPTIMIZATION_LEVEL = 0;
				GCC_PREPROCESSOR_DEFINITIONS = (
					"DEBUG=1",
					"$(inherited)",
				);
				GCC_WARN_64_TO_32_BIT_CONVERSION = YES;
				GCC_WARN_ABOUT_RETURN_TYPE = YES_ERROR;
				GCC_WARN_UNDECLARED_SELECTOR = YES;
				GCC_WARN_UNINITIALIZED_AUTOS = YES_AGGRESSIVE;
				GCC_WARN_UNUSED_FUNCTION = YES;
				GCC_WARN_UNUSED_VARIABLE = YES;
				IPHONEOS_DEPLOYMENT_TARGET = 10.2;
				MTL_ENABLE_DEBUG_INFO = YES;
				ONLY_ACTIVE_ARCH = YES;
				SDKROOT = iphoneos;
				SWIFT_ACTIVE_COMPILATION_CONDITIONS = DEBUG;
				SWIFT_OPTIMIZATION_LEVEL = "-Onone";
				TARGETED_DEVICE_FAMILY = "1,2";
			};
			name = Debug;
		};
		4956B83A1E4B697D0032B2F8 /* Release */ = {
			isa = XCBuildConfiguration;
			buildSettings = {
				ALWAYS_SEARCH_USER_PATHS = NO;
				CLANG_ANALYZER_NONNULL = YES;
				CLANG_CXX_LANGUAGE_STANDARD = "gnu++0x";
				CLANG_CXX_LIBRARY = "libc++";
				CLANG_ENABLE_MODULES = YES;
				CLANG_ENABLE_OBJC_ARC = YES;
				CLANG_WARN_BOOL_CONVERSION = YES;
				CLANG_WARN_CONSTANT_CONVERSION = YES;
				CLANG_WARN_DIRECT_OBJC_ISA_USAGE = YES_ERROR;
				CLANG_WARN_DOCUMENTATION_COMMENTS = YES;
				CLANG_WARN_EMPTY_BODY = YES;
				CLANG_WARN_ENUM_CONVERSION = YES;
				CLANG_WARN_INFINITE_RECURSION = YES;
				CLANG_WARN_INT_CONVERSION = YES;
				CLANG_WARN_OBJC_ROOT_CLASS = YES_ERROR;
				CLANG_WARN_SUSPICIOUS_MOVE = YES;
				CLANG_WARN_UNREACHABLE_CODE = YES;
				CLANG_WARN__DUPLICATE_METHOD_MATCH = YES;
				"CODE_SIGN_IDENTITY[sdk=iphoneos*]" = "iPhone Developer";
				COPY_PHASE_STRIP = NO;
				DEBUG_INFORMATION_FORMAT = "dwarf-with-dsym";
				ENABLE_NS_ASSERTIONS = NO;
				ENABLE_STRICT_OBJC_MSGSEND = YES;
				GCC_C_LANGUAGE_STANDARD = gnu99;
				GCC_NO_COMMON_BLOCKS = YES;
				GCC_WARN_64_TO_32_BIT_CONVERSION = YES;
				GCC_WARN_ABOUT_RETURN_TYPE = YES_ERROR;
				GCC_WARN_UNDECLARED_SELECTOR = YES;
				GCC_WARN_UNINITIALIZED_AUTOS = YES_AGGRESSIVE;
				GCC_WARN_UNUSED_FUNCTION = YES;
				GCC_WARN_UNUSED_VARIABLE = YES;
				IPHONEOS_DEPLOYMENT_TARGET = 10.2;
				MTL_ENABLE_DEBUG_INFO = NO;
				SDKROOT = iphoneos;
				SWIFT_OPTIMIZATION_LEVEL = "-Owholemodule";
				TARGETED_DEVICE_FAMILY = "1,2";
				VALIDATE_PRODUCT = YES;
			};
			name = Release;
		};
		4956B83C1E4B697D0032B2F8 /* Debug */ = {
			isa = XCBuildConfiguration;
			baseConfigurationReference = E51B2D1F0AB5E573E1024B1B /* Pods-CoderTODO.debug.xcconfig */;
			buildSettings = {
				ASSETCATALOG_COMPILER_APPICON_NAME = AppIcon;
				DEVELOPMENT_TEAM = 8JQ7MFA6Q2;
				INFOPLIST_FILE = "$(SRCROOT)/9-5TODO/Supporting Files/Info.plist";
				LD_RUNPATH_SEARCH_PATHS = "$(inherited) @executable_path/Frameworks";
				PRODUCT_BUNDLE_IDENTIFIER = "net.apkc.projects.ios.9-5TODO";
				PRODUCT_NAME = "$(TARGET_NAME)";
				SWIFT_VERSION = 3.0;
				TARGETED_DEVICE_FAMILY = 1;
			};
			name = Debug;
		};
		4956B83D1E4B697D0032B2F8 /* Release */ = {
			isa = XCBuildConfiguration;
			baseConfigurationReference = AA59DB284A4C0F99DA628780 /* Pods-CoderTODO.release.xcconfig */;
			buildSettings = {
				ASSETCATALOG_COMPILER_APPICON_NAME = AppIcon;
				DEVELOPMENT_TEAM = 8JQ7MFA6Q2;
				INFOPLIST_FILE = "$(SRCROOT)/9-5TODO/Supporting Files/Info.plist";
				LD_RUNPATH_SEARCH_PATHS = "$(inherited) @executable_path/Frameworks";
				PRODUCT_BUNDLE_IDENTIFIER = "net.apkc.projects.ios.9-5TODO";
				PRODUCT_NAME = "$(TARGET_NAME)";
				SWIFT_VERSION = 3.0;
				TARGETED_DEVICE_FAMILY = 1;
			};
			name = Release;
		};
/* End XCBuildConfiguration section */

/* Begin XCConfigurationList section */
		4956B8241E4B697D0032B2F8 /* Build configuration list for PBXProject "9-5TODO" */ = {
			isa = XCConfigurationList;
			buildConfigurations = (
				4956B8391E4B697D0032B2F8 /* Debug */,
				4956B83A1E4B697D0032B2F8 /* Release */,
			);
			defaultConfigurationIsVisible = 0;
			defaultConfigurationName = Release;
		};
		4956B83B1E4B697D0032B2F8 /* Build configuration list for PBXNativeTarget "9-5TODO" */ = {
			isa = XCConfigurationList;
			buildConfigurations = (
				4956B83C1E4B697D0032B2F8 /* Debug */,
				4956B83D1E4B697D0032B2F8 /* Release */,
			);
			defaultConfigurationIsVisible = 0;
			defaultConfigurationName = Release;
		};
/* End XCConfigurationList section */

/* Begin XCVersionGroup section */
		49EAEDED1E4E521700ADC839 /* MainDataModel.xcdatamodeld */ = {
			isa = XCVersionGroup;
			children = (
				49EAEDEE1E4E521700ADC839 /* MainDataModel.xcdatamodel */,
			);
			currentVersion = 49EAEDEE1E4E521700ADC839 /* MainDataModel.xcdatamodel */;
			path = MainDataModel.xcdatamodeld;
			sourceTree = "<group>";
			versionGroupType = wrapper.xcdatamodel;
		};
/* End XCVersionGroup section */
	};
	rootObject = 4956B8211E4B697D0032B2F8 /* Project object */;
}
