// !$*UTF8*$!
{
	archiveVersion = 1;
	classes = {
	};
	objectVersion = 46;
	objects = {

/* Begin PBXBuildFile section */
		4923A6481E577DEF00E5B716 /* AKViewTaskViewController.swift in Sources */ = {isa = PBXBuildFile; fileRef = 4923A6471E577DEF00E5B716 /* AKViewTaskViewController.swift */; };
		492F283A1E4B6C0D0020608B /* CHANGES.txt in Resources */ = {isa = PBXBuildFile; fileRef = 492F28381E4B6C0D0020608B /* CHANGES.txt */; };
		492F283B1E4B6C0D0020608B /* Podfile in Resources */ = {isa = PBXBuildFile; fileRef = 492F28391E4B6C0D0020608B /* Podfile */; };
		49A7A9CE1E53C7450054033D /* AKAppDelegate.swift in Sources */ = {isa = PBXBuildFile; fileRef = 49A7A9A91E53C7450054033D /* AKAppDelegate.swift */; };
		49A7A9CF1E53C7450054033D /* AKLaunchScreen.storyboard in Resources */ = {isa = PBXBuildFile; fileRef = 49A7A9AA1E53C7450054033D /* AKLaunchScreen.storyboard */; };
		49A7A9D01E53C7450054033D /* AKMain.storyboard in Resources */ = {isa = PBXBuildFile; fileRef = 49A7A9AB1E53C7450054033D /* AKMain.storyboard */; };
		49A7A9D11E53C7450054033D /* AKListProjectsViewController.swift in Sources */ = {isa = PBXBuildFile; fileRef = 49A7A9AE1E53C7450054033D /* AKListProjectsViewController.swift */; };
		49A7A9D21E53C7450054033D /* AKNewProjectViewController.swift in Sources */ = {isa = PBXBuildFile; fileRef = 49A7A9AF1E53C7450054033D /* AKNewProjectViewController.swift */; };
		49A7A9D31E53C7450054033D /* AKUsernameInputViewController.swift in Sources */ = {isa = PBXBuildFile; fileRef = 49A7A9B01E53C7450054033D /* AKUsernameInputViewController.swift */; };
		49A7A9D41E53C7450054033D /* AKNewProjectView.xib in Resources */ = {isa = PBXBuildFile; fileRef = 49A7A9B21E53C7450054033D /* AKNewProjectView.xib */; };
		49A7A9D51E53C7450054033D /* AKProjectsTableViewCell.xib in Resources */ = {isa = PBXBuildFile; fileRef = 49A7A9B31E53C7450054033D /* AKProjectsTableViewCell.xib */; };
		49A7A9D61E53C7450054033D /* AKUsernameInputView.xib in Resources */ = {isa = PBXBuildFile; fileRef = 49A7A9B41E53C7450054033D /* AKUsernameInputView.xib */; };
		49A7A9D71E53C7450054033D /* Assets.xcassets in Resources */ = {isa = PBXBuildFile; fileRef = 49A7A9B61E53C7450054033D /* Assets.xcassets */; };
		49A7A9D81E53C7450054033D /* AKNewProjectViewController.plist in Resources */ = {isa = PBXBuildFile; fileRef = 49A7A9B91E53C7450054033D /* AKNewProjectViewController.plist */; };
		49A7A9D91E53C7450054033D /* AKConstants.swift in Sources */ = {isa = PBXBuildFile; fileRef = 49A7A9BD1E53C7450054033D /* AKConstants.swift */; };
		49A7A9DA1E53C7450054033D /* AKCustomView.swift in Sources */ = {isa = PBXBuildFile; fileRef = 49A7A9BF1E53C7450054033D /* AKCustomView.swift */; };
		49A7A9DB1E53C7450054033D /* AKCustomViewController.swift in Sources */ = {isa = PBXBuildFile; fileRef = 49A7A9C01E53C7450054033D /* AKCustomViewController.swift */; };
		49A7A9DC1E53C7450054033D /* AKProjectsTableViewCell.swift in Sources */ = {isa = PBXBuildFile; fileRef = 49A7A9C21E53C7450054033D /* AKProjectsTableViewCell.swift */; };
		49A7A9DD1E53C7450054033D /* AKDataController.swift in Sources */ = {isa = PBXBuildFile; fileRef = 49A7A9C31E53C7450054033D /* AKDataController.swift */; };
		49A7A9DE1E53C7450054033D /* AKDataInterface.swift in Sources */ = {isa = PBXBuildFile; fileRef = 49A7A9C41E53C7450054033D /* AKDataInterface.swift */; };
		49A7A9DF1E53C7450054033D /* AKInputData.swift in Sources */ = {isa = PBXBuildFile; fileRef = 49A7A9C51E53C7450054033D /* AKInputData.swift */; };
		49A7A9E01E53C7450054033D /* AKMasterReference.swift in Sources */ = {isa = PBXBuildFile; fileRef = 49A7A9C61E53C7450054033D /* AKMasterReference.swift */; };
		49A7A9E11E53C7450054033D /* AKProjectName.swift in Sources */ = {isa = PBXBuildFile; fileRef = 49A7A9C71E53C7450054033D /* AKProjectName.swift */; };
		49A7A9E21E53C7450054033D /* AKUsername.swift in Sources */ = {isa = PBXBuildFile; fileRef = 49A7A9C81E53C7450054033D /* AKUsername.swift */; };
		49A7A9E31E53C7450054033D /* AKWSUtils.swift in Sources */ = {isa = PBXBuildFile; fileRef = 49A7A9C91E53C7450054033D /* AKWSUtils.swift */; };
		49A7A9E51E53C7450054033D /* MainDataModel.xcdatamodeld in Sources */ = {isa = PBXBuildFile; fileRef = 49A7A9CC1E53C7450054033D /* MainDataModel.xcdatamodeld */; };
		49CB40811E54BC6D0031D9D0 /* AKIntroductoryView.xib in Resources */ = {isa = PBXBuildFile; fileRef = 49CB40801E54BC6D0031D9D0 /* AKIntroductoryView.xib */; };
		49CB40831E54BCEE0031D9D0 /* AKIntroductoryViewController.swift in Sources */ = {isa = PBXBuildFile; fileRef = 49CB40821E54BCEE0031D9D0 /* AKIntroductoryViewController.swift */; };
		49CB40851E54EC8F0031D9D0 /* AKSortProjectSelectorView.xib in Resources */ = {isa = PBXBuildFile; fileRef = 49CB40841E54EC8F0031D9D0 /* AKSortProjectSelectorView.xib */; };
		49CB40871E54EDDD0031D9D0 /* AKSortProjectSelectorViewController.swift in Sources */ = {isa = PBXBuildFile; fileRef = 49CB40861E54EDDD0031D9D0 /* AKSortProjectSelectorViewController.swift */; };
		49FC71F11E5604CE00EDCABC /* AKViewProjectViewController.swift in Sources */ = {isa = PBXBuildFile; fileRef = 49FC71F01E5604CE00EDCABC /* AKViewProjectViewController.swift */; };
		49FC71F31E56123D00EDCABC /* AKTasksTableViewCell.swift in Sources */ = {isa = PBXBuildFile; fileRef = 49FC71F21E56123D00EDCABC /* AKTasksTableViewCell.swift */; };
		49FC71F51E5612B800EDCABC /* AKTasksTableViewCell.xib in Resources */ = {isa = PBXBuildFile; fileRef = 49FC71F41E5612B800EDCABC /* AKTasksTableViewCell.xib */; };
		49FC71F71E56174700EDCABC /* AKDaysTableViewCell.xib in Resources */ = {isa = PBXBuildFile; fileRef = 49FC71F61E56174700EDCABC /* AKDaysTableViewCell.xib */; };
		49FC71F91E56176700EDCABC /* AKDaysTableViewCell.swift in Sources */ = {isa = PBXBuildFile; fileRef = 49FC71F81E56176700EDCABC /* AKDaysTableViewCell.swift */; };
		49FC71FB1E5628B500EDCABC /* AKTasksTableView.xib in Resources */ = {isa = PBXBuildFile; fileRef = 49FC71FA1E5628B500EDCABC /* AKTasksTableView.xib */; };
		49FC71FE1E56299200EDCABC /* AKTasksTableView.swift in Sources */ = {isa = PBXBuildFile; fileRef = 49FC71FD1E56299200EDCABC /* AKTasksTableView.swift */; };
		E339F11FDEFDE107D484EC9D /* Pods_CoderTODO.framework in Frameworks */ = {isa = PBXBuildFile; fileRef = CA6EABC05D56318386608D95 /* Pods_CoderTODO.framework */; };
/* End PBXBuildFile section */

/* Begin PBXFileReference section */
		4923A6471E577DEF00E5B716 /* AKViewTaskViewController.swift */ = {isa = PBXFileReference; fileEncoding = 4; lastKnownFileType = sourcecode.swift; path = AKViewTaskViewController.swift; sourceTree = "<group>"; };
		492F28381E4B6C0D0020608B /* CHANGES.txt */ = {isa = PBXFileReference; fileEncoding = 4; lastKnownFileType = text; path = CHANGES.txt; sourceTree = "<group>"; };
		492F28391E4B6C0D0020608B /* Podfile */ = {isa = PBXFileReference; fileEncoding = 4; lastKnownFileType = text; path = Podfile; sourceTree = "<group>"; };
		4956B8291E4B697D0032B2F8 /* SmartTODO.app */ = {isa = PBXFileReference; explicitFileType = wrapper.application; includeInIndex = 0; path = SmartTODO.app; sourceTree = BUILT_PRODUCTS_DIR; };
		49A7A9A91E53C7450054033D /* AKAppDelegate.swift */ = {isa = PBXFileReference; fileEncoding = 4; lastKnownFileType = sourcecode.swift; path = AKAppDelegate.swift; sourceTree = "<group>"; };
		49A7A9AA1E53C7450054033D /* AKLaunchScreen.storyboard */ = {isa = PBXFileReference; fileEncoding = 4; lastKnownFileType = file.storyboard; path = AKLaunchScreen.storyboard; sourceTree = "<group>"; };
		49A7A9AB1E53C7450054033D /* AKMain.storyboard */ = {isa = PBXFileReference; fileEncoding = 4; lastKnownFileType = file.storyboard; path = AKMain.storyboard; sourceTree = "<group>"; };
		49A7A9AE1E53C7450054033D /* AKListProjectsViewController.swift */ = {isa = PBXFileReference; fileEncoding = 4; lastKnownFileType = sourcecode.swift; path = AKListProjectsViewController.swift; sourceTree = "<group>"; };
		49A7A9AF1E53C7450054033D /* AKNewProjectViewController.swift */ = {isa = PBXFileReference; fileEncoding = 4; lastKnownFileType = sourcecode.swift; path = AKNewProjectViewController.swift; sourceTree = "<group>"; };
		49A7A9B01E53C7450054033D /* AKUsernameInputViewController.swift */ = {isa = PBXFileReference; fileEncoding = 4; lastKnownFileType = sourcecode.swift; path = AKUsernameInputViewController.swift; sourceTree = "<group>"; };
		49A7A9B21E53C7450054033D /* AKNewProjectView.xib */ = {isa = PBXFileReference; fileEncoding = 4; lastKnownFileType = file.xib; path = AKNewProjectView.xib; sourceTree = "<group>"; };
		49A7A9B31E53C7450054033D /* AKProjectsTableViewCell.xib */ = {isa = PBXFileReference; fileEncoding = 4; lastKnownFileType = file.xib; path = AKProjectsTableViewCell.xib; sourceTree = "<group>"; };
		49A7A9B41E53C7450054033D /* AKUsernameInputView.xib */ = {isa = PBXFileReference; fileEncoding = 4; lastKnownFileType = file.xib; path = AKUsernameInputView.xib; sourceTree = "<group>"; };
		49A7A9B61E53C7450054033D /* Assets.xcassets */ = {isa = PBXFileReference; lastKnownFileType = folder.assetcatalog; path = Assets.xcassets; sourceTree = "<group>"; };
		49A7A9BA1E53C7450054033D /* Base */ = {isa = PBXFileReference; lastKnownFileType = text.plist.xml; name = Base; path = Base.lproj/AKNewProjectViewController.plist; sourceTree = "<group>"; };
		49A7A9BD1E53C7450054033D /* AKConstants.swift */ = {isa = PBXFileReference; fileEncoding = 4; lastKnownFileType = sourcecode.swift; path = AKConstants.swift; sourceTree = "<group>"; };
		49A7A9BF1E53C7450054033D /* AKCustomView.swift */ = {isa = PBXFileReference; fileEncoding = 4; lastKnownFileType = sourcecode.swift; path = AKCustomView.swift; sourceTree = "<group>"; };
		49A7A9C01E53C7450054033D /* AKCustomViewController.swift */ = {isa = PBXFileReference; fileEncoding = 4; lastKnownFileType = sourcecode.swift; path = AKCustomViewController.swift; sourceTree = "<group>"; };
		49A7A9C21E53C7450054033D /* AKProjectsTableViewCell.swift */ = {isa = PBXFileReference; fileEncoding = 4; lastKnownFileType = sourcecode.swift; path = AKProjectsTableViewCell.swift; sourceTree = "<group>"; };
		49A7A9C31E53C7450054033D /* AKDataController.swift */ = {isa = PBXFileReference; fileEncoding = 4; lastKnownFileType = sourcecode.swift; path = AKDataController.swift; sourceTree = "<group>"; };
		49A7A9C41E53C7450054033D /* AKDataInterface.swift */ = {isa = PBXFileReference; fileEncoding = 4; lastKnownFileType = sourcecode.swift; path = AKDataInterface.swift; sourceTree = "<group>"; };
		49A7A9C51E53C7450054033D /* AKInputData.swift */ = {isa = PBXFileReference; fileEncoding = 4; lastKnownFileType = sourcecode.swift; path = AKInputData.swift; sourceTree = "<group>"; };
		49A7A9C61E53C7450054033D /* AKMasterReference.swift */ = {isa = PBXFileReference; fileEncoding = 4; lastKnownFileType = sourcecode.swift; path = AKMasterReference.swift; sourceTree = "<group>"; };
		49A7A9C71E53C7450054033D /* AKProjectName.swift */ = {isa = PBXFileReference; fileEncoding = 4; lastKnownFileType = sourcecode.swift; path = AKProjectName.swift; sourceTree = "<group>"; };
		49A7A9C81E53C7450054033D /* AKUsername.swift */ = {isa = PBXFileReference; fileEncoding = 4; lastKnownFileType = sourcecode.swift; path = AKUsername.swift; sourceTree = "<group>"; };
		49A7A9C91E53C7450054033D /* AKWSUtils.swift */ = {isa = PBXFileReference; fileEncoding = 4; lastKnownFileType = sourcecode.swift; path = AKWSUtils.swift; sourceTree = "<group>"; };
		49A7A9CB1E53C7450054033D /* Info.plist */ = {isa = PBXFileReference; fileEncoding = 4; lastKnownFileType = text.plist.xml; path = Info.plist; sourceTree = "<group>"; };
		49A7A9CD1E53C7450054033D /* MainDataModel.xcdatamodel */ = {isa = PBXFileReference; lastKnownFileType = wrapper.xcdatamodel; path = MainDataModel.xcdatamodel; sourceTree = "<group>"; };
		49CB40801E54BC6D0031D9D0 /* AKIntroductoryView.xib */ = {isa = PBXFileReference; fileEncoding = 4; lastKnownFileType = file.xib; path = AKIntroductoryView.xib; sourceTree = "<group>"; };
		49CB40821E54BCEE0031D9D0 /* AKIntroductoryViewController.swift */ = {isa = PBXFileReference; fileEncoding = 4; lastKnownFileType = sourcecode.swift; path = AKIntroductoryViewController.swift; sourceTree = "<group>"; };
		49CB40841E54EC8F0031D9D0 /* AKSortProjectSelectorView.xib */ = {isa = PBXFileReference; fileEncoding = 4; lastKnownFileType = file.xib; path = AKSortProjectSelectorView.xib; sourceTree = "<group>"; };
		49CB40861E54EDDD0031D9D0 /* AKSortProjectSelectorViewController.swift */ = {isa = PBXFileReference; fileEncoding = 4; lastKnownFileType = sourcecode.swift; path = AKSortProjectSelectorViewController.swift; sourceTree = "<group>"; };
		49FC71F01E5604CE00EDCABC /* AKViewProjectViewController.swift */ = {isa = PBXFileReference; fileEncoding = 4; lastKnownFileType = sourcecode.swift; path = AKViewProjectViewController.swift; sourceTree = "<group>"; };
		49FC71F21E56123D00EDCABC /* AKTasksTableViewCell.swift */ = {isa = PBXFileReference; fileEncoding = 4; lastKnownFileType = sourcecode.swift; path = AKTasksTableViewCell.swift; sourceTree = "<group>"; };
		49FC71F41E5612B800EDCABC /* AKTasksTableViewCell.xib */ = {isa = PBXFileReference; fileEncoding = 4; lastKnownFileType = file.xib; path = AKTasksTableViewCell.xib; sourceTree = "<group>"; };
		49FC71F61E56174700EDCABC /* AKDaysTableViewCell.xib */ = {isa = PBXFileReference; fileEncoding = 4; lastKnownFileType = file.xib; path = AKDaysTableViewCell.xib; sourceTree = "<group>"; };
		49FC71F81E56176700EDCABC /* AKDaysTableViewCell.swift */ = {isa = PBXFileReference; fileEncoding = 4; lastKnownFileType = sourcecode.swift; path = AKDaysTableViewCell.swift; sourceTree = "<group>"; };
		49FC71FA1E5628B500EDCABC /* AKTasksTableView.xib */ = {isa = PBXFileReference; fileEncoding = 4; lastKnownFileType = file.xib; path = AKTasksTableView.xib; sourceTree = "<group>"; };
		49FC71FD1E56299200EDCABC /* AKTasksTableView.swift */ = {isa = PBXFileReference; fileEncoding = 4; lastKnownFileType = sourcecode.swift; path = AKTasksTableView.swift; sourceTree = "<group>"; };
		AA59DB284A4C0F99DA628780 /* Pods-CoderTODO.release.xcconfig */ = {isa = PBXFileReference; includeInIndex = 1; lastKnownFileType = text.xcconfig; name = "Pods-CoderTODO.release.xcconfig"; path = "Pods/Target Support Files/Pods-CoderTODO/Pods-CoderTODO.release.xcconfig"; sourceTree = "<group>"; };
		CA6EABC05D56318386608D95 /* Pods_CoderTODO.framework */ = {isa = PBXFileReference; explicitFileType = wrapper.framework; includeInIndex = 0; path = Pods_CoderTODO.framework; sourceTree = BUILT_PRODUCTS_DIR; };
		E51B2D1F0AB5E573E1024B1B /* Pods-CoderTODO.debug.xcconfig */ = {isa = PBXFileReference; includeInIndex = 1; lastKnownFileType = text.xcconfig; name = "Pods-CoderTODO.debug.xcconfig"; path = "Pods/Target Support Files/Pods-CoderTODO/Pods-CoderTODO.debug.xcconfig"; sourceTree = "<group>"; };
/* End PBXFileReference section */

/* Begin PBXFrameworksBuildPhase section */
		4956B8261E4B697D0032B2F8 /* Frameworks */ = {
			isa = PBXFrameworksBuildPhase;
			buildActionMask = 2147483647;
			files = (
				E339F11FDEFDE107D484EC9D /* Pods_CoderTODO.framework in Frameworks */,
			);
			runOnlyForDeploymentPostprocessing = 0;
		};
/* End PBXFrameworksBuildPhase section */

/* Begin PBXGroup section */
		358CD5ED98539CA488866B93 /* Pods */ = {
			isa = PBXGroup;
			children = (
				E51B2D1F0AB5E573E1024B1B /* Pods-CoderTODO.debug.xcconfig */,
				AA59DB284A4C0F99DA628780 /* Pods-CoderTODO.release.xcconfig */,
			);
			name = Pods;
			sourceTree = "<group>";
		};
		4956B8201E4B697D0032B2F8 = {
			isa = PBXGroup;
			children = (
				492F28391E4B6C0D0020608B /* Podfile */,
				492F28381E4B6C0D0020608B /* CHANGES.txt */,
				AFA3CC6BEA5EDB65F5109664 /* Frameworks */,
				358CD5ED98539CA488866B93 /* Pods */,
				4956B82A1E4B697D0032B2F8 /* Products */,
				49A7A9A71E53C7450054033D /* SmartTODO */,
			);
			sourceTree = "<group>";
		};
		4956B82A1E4B697D0032B2F8 /* Products */ = {
			isa = PBXGroup;
			children = (
				4956B8291E4B697D0032B2F8 /* SmartTODO.app */,
			);
			name = Products;
			sourceTree = "<group>";
		};
		49A7A9A71E53C7450054033D /* SmartTODO */ = {
			isa = PBXGroup;
			children = (
				49A7A9A81E53C7450054033D /* Application */,
				49A7A9AC1E53C7450054033D /* iPhone */,
				49A7A9B51E53C7450054033D /* Resources */,
				49A7A9BB1E53C7450054033D /* Shared */,
				49A7A9CA1E53C7450054033D /* Supporting Files */,
			);
			path = SmartTODO;
			sourceTree = "<group>";
		};
		49A7A9A81E53C7450054033D /* Application */ = {
			isa = PBXGroup;
			children = (
				49A7A9A91E53C7450054033D /* AKAppDelegate.swift */,
				49A7A9AA1E53C7450054033D /* AKLaunchScreen.storyboard */,
				49A7A9AB1E53C7450054033D /* AKMain.storyboard */,
			);
			path = Application;
			sourceTree = "<group>";
		};
		49A7A9AC1E53C7450054033D /* iPhone */ = {
			isa = PBXGroup;
			children = (
				49A7A9AD1E53C7450054033D /* Controllers */,
				49A7A9B11E53C7450054033D /* Views */,
			);
			path = iPhone;
			sourceTree = "<group>";
		};
		49A7A9AD1E53C7450054033D /* Controllers */ = {
			isa = PBXGroup;
			children = (
				49CB40821E54BCEE0031D9D0 /* AKIntroductoryViewController.swift */,
				49A7A9AE1E53C7450054033D /* AKListProjectsViewController.swift */,
				49A7A9AF1E53C7450054033D /* AKNewProjectViewController.swift */,
				49CB40861E54EDDD0031D9D0 /* AKSortProjectSelectorViewController.swift */,
				49A7A9B01E53C7450054033D /* AKUsernameInputViewController.swift */,
				49FC71F01E5604CE00EDCABC /* AKViewProjectViewController.swift */,
				4923A6471E577DEF00E5B716 /* AKViewTaskViewController.swift */,
			);
			path = Controllers;
			sourceTree = "<group>";
		};
		49A7A9B11E53C7450054033D /* Views */ = {
			isa = PBXGroup;
			children = (
				49FC71F61E56174700EDCABC /* AKDaysTableViewCell.xib */,
				49CB40801E54BC6D0031D9D0 /* AKIntroductoryView.xib */,
				49A7A9B21E53C7450054033D /* AKNewProjectView.xib */,
				49A7A9B31E53C7450054033D /* AKProjectsTableViewCell.xib */,
				49CB40841E54EC8F0031D9D0 /* AKSortProjectSelectorView.xib */,
				49FC71FA1E5628B500EDCABC /* AKTasksTableView.xib */,
				49FC71F41E5612B800EDCABC /* AKTasksTableViewCell.xib */,
				49A7A9B41E53C7450054033D /* AKUsernameInputView.xib */,
			);
			path = Views;
			sourceTree = "<group>";
		};
		49A7A9B51E53C7450054033D /* Resources */ = {
			isa = PBXGroup;
			children = (
				49A7A9B61E53C7450054033D /* Assets.xcassets */,
				49A7A9B71E53C7450054033D /* Images */,
				49A7A9B81E53C7450054033D /* Localization */,
			);
			path = Resources;
			sourceTree = "<group>";
		};
		49A7A9B71E53C7450054033D /* Images */ = {
			isa = PBXGroup;
			children = (
			);
			path = Images;
			sourceTree = "<group>";
		};
		49A7A9B81E53C7450054033D /* Localization */ = {
			isa = PBXGroup;
			children = (
				49A7A9B91E53C7450054033D /* AKNewProjectViewController.plist */,
			);
			path = Localization;
			sourceTree = "<group>";
		};
		49A7A9BB1E53C7450054033D /* Shared */ = {
			isa = PBXGroup;
			children = (
				49A7A9BC1E53C7450054033D /* Model */,
			);
			path = Shared;
			sourceTree = "<group>";
		};
		49A7A9BC1E53C7450054033D /* Model */ = {
			isa = PBXGroup;
			children = (
				49A7A9BD1E53C7450054033D /* AKConstants.swift */,
				49A7A9BE1E53C7450054033D /* AKCustomComponents */,
				49A7A9C31E53C7450054033D /* AKDataController.swift */,
				49A7A9C41E53C7450054033D /* AKDataInterface.swift */,
				49A7A9C51E53C7450054033D /* AKInputData.swift */,
				49A7A9C61E53C7450054033D /* AKMasterReference.swift */,
				49A7A9C71E53C7450054033D /* AKProjectName.swift */,
				49A7A9C81E53C7450054033D /* AKUsername.swift */,
				49A7A9C91E53C7450054033D /* AKWSUtils.swift */,
			);
			path = Model;
			sourceTree = "<group>";
		};
		49A7A9BE1E53C7450054033D /* AKCustomComponents */ = {
			isa = PBXGroup;
			children = (
				49A7A9BF1E53C7450054033D /* AKCustomView.swift */,
				49A7A9C01E53C7450054033D /* AKCustomViewController.swift */,
				49FC71FC1E56296900EDCABC /* CustomViews */,
				49A7A9C11E53C7450054033D /* TableCells */,
			);
			path = AKCustomComponents;
			sourceTree = "<group>";
		};
		49A7A9C11E53C7450054033D /* TableCells */ = {
			isa = PBXGroup;
			children = (
				49FC71F81E56176700EDCABC /* AKDaysTableViewCell.swift */,
				49A7A9C21E53C7450054033D /* AKProjectsTableViewCell.swift */,
				49FC71F21E56123D00EDCABC /* AKTasksTableViewCell.swift */,
			);
			path = TableCells;
			sourceTree = "<group>";
		};
		49A7A9CA1E53C7450054033D /* Supporting Files */ = {
			isa = PBXGroup;
			children = (
				49A7A9CB1E53C7450054033D /* Info.plist */,
				49A7A9CC1E53C7450054033D /* MainDataModel.xcdatamodeld */,
			);
			path = "Supporting Files";
			sourceTree = "<group>";
		};
		49FC71FC1E56296900EDCABC /* CustomViews */ = {
			isa = PBXGroup;
			children = (
				49FC71FD1E56299200EDCABC /* AKTasksTableView.swift */,
			);
			path = CustomViews;
			sourceTree = "<group>";
		};
		AFA3CC6BEA5EDB65F5109664 /* Frameworks */ = {
			isa = PBXGroup;
			children = (
				CA6EABC05D56318386608D95 /* Pods_CoderTODO.framework */,
			);
			name = Frameworks;
			sourceTree = "<group>";
		};
/* End PBXGroup section */

/* Begin PBXNativeTarget section */
		4956B8281E4B697D0032B2F8 /* SmartTODO */ = {
			isa = PBXNativeTarget;
			buildConfigurationList = 4956B83B1E4B697D0032B2F8 /* Build configuration list for PBXNativeTarget "SmartTODO" */;
			buildPhases = (
				2FB6E42FFE43C9D3501E8ED9 /* [CP] Check Pods Manifest.lock */,
				4956B8251E4B697D0032B2F8 /* Sources */,
				4956B8261E4B697D0032B2F8 /* Frameworks */,
				4956B8271E4B697D0032B2F8 /* Resources */,
				DA32664E3EC1DF9949605CBD /* [CP] Embed Pods Frameworks */,
				2E67D7D7F372CC4DD0F4F751 /* [CP] Copy Pods Resources */,
			);
			buildRules = (
			);
			dependencies = (
			);
			name = SmartTODO;
			productName = CoderTODO;
			productReference = 4956B8291E4B697D0032B2F8 /* SmartTODO.app */;
			productType = "com.apple.product-type.application";
		};
/* End PBXNativeTarget section */

/* Begin PBXProject section */
		4956B8211E4B697D0032B2F8 /* Project object */ = {
			isa = PBXProject;
			attributes = {
				LastSwiftUpdateCheck = 0820;
				LastUpgradeCheck = 0820;
				ORGANIZATIONNAME = APKC.net;
				TargetAttributes = {
					4956B8281E4B697D0032B2F8 = {
						CreatedOnToolsVersion = 8.2.1;
						DevelopmentTeam = 8JQ7MFA6Q2;
						ProvisioningStyle = Automatic;
					};
				};
			};
			buildConfigurationList = 4956B8241E4B697D0032B2F8 /* Build configuration list for PBXProject "SmartTODO" */;
			compatibilityVersion = "Xcode 3.2";
			developmentRegion = English;
			hasScannedForEncodings = 0;
			knownRegions = (
				en,
				Base,
			);
			mainGroup = 4956B8201E4B697D0032B2F8;
			productRefGroup = 4956B82A1E4B697D0032B2F8 /* Products */;
			projectDirPath = "";
			projectRoot = "";
			targets = (
				4956B8281E4B697D0032B2F8 /* SmartTODO */,
			);
		};
/* End PBXProject section */

/* Begin PBXResourcesBuildPhase section */
		4956B8271E4B697D0032B2F8 /* Resources */ = {
			isa = PBXResourcesBuildPhase;
			buildActionMask = 2147483647;
			files = (
				492F283B1E4B6C0D0020608B /* Podfile in Resources */,
				49A7A9D61E53C7450054033D /* AKUsernameInputView.xib in Resources */,
				49CB40851E54EC8F0031D9D0 /* AKSortProjectSelectorView.xib in Resources */,
				49A7A9D51E53C7450054033D /* AKProjectsTableViewCell.xib in Resources */,
				49FC71F51E5612B800EDCABC /* AKTasksTableViewCell.xib in Resources */,
				49A7A9D41E53C7450054033D /* AKNewProjectView.xib in Resources */,
				49A7A9D01E53C7450054033D /* AKMain.storyboard in Resources */,
				49A7A9D81E53C7450054033D /* AKNewProjectViewController.plist in Resources */,
				49A7A9CF1E53C7450054033D /* AKLaunchScreen.storyboard in Resources */,
				49FC71F71E56174700EDCABC /* AKDaysTableViewCell.xib in Resources */,
				49A7A9D71E53C7450054033D /* Assets.xcassets in Resources */,
				49CB40811E54BC6D0031D9D0 /* AKIntroductoryView.xib in Resources */,
				49FC71FB1E5628B500EDCABC /* AKTasksTableView.xib in Resources */,
				492F283A1E4B6C0D0020608B /* CHANGES.txt in Resources */,
			);
			runOnlyForDeploymentPostprocessing = 0;
		};
/* End PBXResourcesBuildPhase section */

/* Begin PBXShellScriptBuildPhase section */
		2E67D7D7F372CC4DD0F4F751 /* [CP] Copy Pods Resources */ = {
			isa = PBXShellScriptBuildPhase;
			buildActionMask = 2147483647;
			files = (
			);
			inputPaths = (
			);
			name = "[CP] Copy Pods Resources";
			outputPaths = (
			);
			runOnlyForDeploymentPostprocessing = 0;
			shellPath = /bin/sh;
			shellScript = "\"${SRCROOT}/Pods/Target Support Files/Pods-CoderTODO/Pods-CoderTODO-resources.sh\"\n";
			showEnvVarsInLog = 0;
		};
		2FB6E42FFE43C9D3501E8ED9 /* [CP] Check Pods Manifest.lock */ = {
			isa = PBXShellScriptBuildPhase;
			buildActionMask = 2147483647;
			files = (
			);
			inputPaths = (
			);
			name = "[CP] Check Pods Manifest.lock";
			outputPaths = (
			);
			runOnlyForDeploymentPostprocessing = 0;
			shellPath = /bin/sh;
			shellScript = "diff \"${PODS_ROOT}/../Podfile.lock\" \"${PODS_ROOT}/Manifest.lock\" > /dev/null\nif [ $? != 0 ] ; then\n    # print error to STDERR\n    echo \"error: The sandbox is not in sync with the Podfile.lock. Run 'pod install' or update your CocoaPods installation.\" >&2\n    exit 1\nfi\n";
			showEnvVarsInLog = 0;
		};
		DA32664E3EC1DF9949605CBD /* [CP] Embed Pods Frameworks */ = {
			isa = PBXShellScriptBuildPhase;
			buildActionMask = 2147483647;
			files = (
			);
			inputPaths = (
			);
			name = "[CP] Embed Pods Frameworks";
			outputPaths = (
			);
			runOnlyForDeploymentPostprocessing = 0;
			shellPath = /bin/sh;
			shellScript = "\"${SRCROOT}/Pods/Target Support Files/Pods-CoderTODO/Pods-CoderTODO-frameworks.sh\"\n";
			showEnvVarsInLog = 0;
		};
/* End PBXShellScriptBuildPhase section */

/* Begin PBXSourcesBuildPhase section */
		4956B8251E4B697D0032B2F8 /* Sources */ = {
			isa = PBXSourcesBuildPhase;
			buildActionMask = 2147483647;
			files = (
				49A7A9DF1E53C7450054033D /* AKInputData.swift in Sources */,
				49A7A9E01E53C7450054033D /* AKMasterReference.swift in Sources */,
				49FC71FE1E56299200EDCABC /* AKTasksTableView.swift in Sources */,
				49CB40831E54BCEE0031D9D0 /* AKIntroductoryViewController.swift in Sources */,
				49A7A9E51E53C7450054033D /* MainDataModel.xcdatamodeld in Sources */,
				49A7A9D21E53C7450054033D /* AKNewProjectViewController.swift in Sources */,
				49FC71F11E5604CE00EDCABC /* AKViewProjectViewController.swift in Sources */,
				49A7A9DE1E53C7450054033D /* AKDataInterface.swift in Sources */,
				49A7A9DC1E53C7450054033D /* AKProjectsTableViewCell.swift in Sources */,
				49A7A9DB1E53C7450054033D /* AKCustomViewController.swift in Sources */,
				49A7A9E31E53C7450054033D /* AKWSUtils.swift in Sources */,
				4923A6481E577DEF00E5B716 /* AKViewTaskViewController.swift in Sources */,
				49A7A9D31E53C7450054033D /* AKUsernameInputViewController.swift in Sources */,
				49A7A9D11E53C7450054033D /* AKListProjectsViewController.swift in Sources */,
				49FC71F31E56123D00EDCABC /* AKTasksTableViewCell.swift in Sources */,
				49A7A9DA1E53C7450054033D /* AKCustomView.swift in Sources */,
				49A7A9E21E53C7450054033D /* AKUsername.swift in Sources */,
				49A7A9DD1E53C7450054033D /* AKDataController.swift in Sources */,
				49FC71F91E56176700EDCABC /* AKDaysTableViewCell.swift in Sources */,
				49A7A9CE1E53C7450054033D /* AKAppDelegate.swift in Sources */,
				49CB40871E54EDDD0031D9D0 /* AKSortProjectSelectorViewController.swift in Sources */,
				49A7A9D91E53C7450054033D /* AKConstants.swift in Sources */,
				49A7A9E11E53C7450054033D /* AKProjectName.swift in Sources */,
			);
			runOnlyForDeploymentPostprocessing = 0;
		};
/* End PBXSourcesBuildPhase section */

/* Begin PBXVariantGroup section */
		49A7A9B91E53C7450054033D /* AKNewProjectViewController.plist */ = {
			isa = PBXVariantGroup;
			children = (
				49A7A9BA1E53C7450054033D /* Base */,
			);
			name = AKNewProjectViewController.plist;
			sourceTree = "<group>";
		};
/* End PBXVariantGroup section */

/* Begin XCBuildConfiguration section */
		4956B8391E4B697D0032B2F8 /* Debug */ = {
			isa = XCBuildConfiguration;
			buildSettings = {
				ALWAYS_SEARCH_USER_PATHS = NO;
				CLANG_ANALYZER_NONNULL = YES;
				CLANG_CXX_LANGUAGE_STANDARD = "gnu++0x";
				CLANG_CXX_LIBRARY = "libc++";
				CLANG_ENABLE_MODULES = YES;
				CLANG_ENABLE_OBJC_ARC = YES;
				CLANG_WARN_BOOL_CONVERSION = YES;
				CLANG_WARN_CONSTANT_CONVERSION = YES;
				CLANG_WARN_DIRECT_OBJC_ISA_USAGE = YES_ERROR;
				CLANG_WARN_DOCUMENTATION_COMMENTS = YES;
				CLANG_WARN_EMPTY_BODY = YES;
				CLANG_WARN_ENUM_CONVERSION = YES;
				CLANG_WARN_INFINITE_RECURSION = YES;
				CLANG_WARN_INT_CONVERSION = YES;
				CLANG_WARN_OBJC_ROOT_CLASS = YES_ERROR;
				CLANG_WARN_SUSPICIOUS_MOVE = YES;
				CLANG_WARN_UNREACHABLE_CODE = YES;
				CLANG_WARN__DUPLICATE_METHOD_MATCH = YES;
				"CODE_SIGN_IDENTITY[sdk=iphoneos*]" = "iPhone Developer";
				COPY_PHASE_STRIP = NO;
				DEBUG_INFORMATION_FORMAT = dwarf;
				ENABLE_STRICT_OBJC_MSGSEND = YES;
				ENABLE_TESTABILITY = YES;
				GCC_C_LANGUAGE_STANDARD = gnu99;
				GCC_DYNAMIC_NO_PIC = NO;
				GCC_NO_COMMON_BLOCKS = YES;
				GCC_OPTIMIZATION_LEVEL = 0;
				GCC_PREPROCESSOR_DEFINITIONS = (
					"DEBUG=1",
					"$(inherited)",
				);
				GCC_WARN_64_TO_32_BIT_CONVERSION = YES;
				GCC_WARN_ABOUT_RETURN_TYPE = YES_ERROR;
				GCC_WARN_UNDECLARED_SELECTOR = YES;
				GCC_WARN_UNINITIALIZED_AUTOS = YES_AGGRESSIVE;
				GCC_WARN_UNUSED_FUNCTION = YES;
				GCC_WARN_UNUSED_VARIABLE = YES;
				IPHONEOS_DEPLOYMENT_TARGET = 10.2;
				MTL_ENABLE_DEBUG_INFO = YES;
				ONLY_ACTIVE_ARCH = YES;
				SDKROOT = iphoneos;
				SWIFT_ACTIVE_COMPILATION_CONDITIONS = DEBUG;
				SWIFT_OPTIMIZATION_LEVEL = "-Onone";
				TARGETED_DEVICE_FAMILY = "1,2";
			};
			name = Debug;
		};
		4956B83A1E4B697D0032B2F8 /* Release */ = {
			isa = XCBuildConfiguration;
			buildSettings = {
				ALWAYS_SEARCH_USER_PATHS = NO;
				CLANG_ANALYZER_NONNULL = YES;
				CLANG_CXX_LANGUAGE_STANDARD = "gnu++0x";
				CLANG_CXX_LIBRARY = "libc++";
				CLANG_ENABLE_MODULES = YES;
				CLANG_ENABLE_OBJC_ARC = YES;
				CLANG_WARN_BOOL_CONVERSION = YES;
				CLANG_WARN_CONSTANT_CONVERSION = YES;
				CLANG_WARN_DIRECT_OBJC_ISA_USAGE = YES_ERROR;
				CLANG_WARN_DOCUMENTATION_COMMENTS = YES;
				CLANG_WARN_EMPTY_BODY = YES;
				CLANG_WARN_ENUM_CONVERSION = YES;
				CLANG_WARN_INFINITE_RECURSION = YES;
				CLANG_WARN_INT_CONVERSION = YES;
				CLANG_WARN_OBJC_ROOT_CLASS = YES_ERROR;
				CLANG_WARN_SUSPICIOUS_MOVE = YES;
				CLANG_WARN_UNREACHABLE_CODE = YES;
				CLANG_WARN__DUPLICATE_METHOD_MATCH = YES;
				"CODE_SIGN_IDENTITY[sdk=iphoneos*]" = "iPhone Developer";
				COPY_PHASE_STRIP = NO;
				DEBUG_INFORMATION_FORMAT = "dwarf-with-dsym";
				ENABLE_NS_ASSERTIONS = NO;
				ENABLE_STRICT_OBJC_MSGSEND = YES;
				GCC_C_LANGUAGE_STANDARD = gnu99;
				GCC_NO_COMMON_BLOCKS = YES;
				GCC_WARN_64_TO_32_BIT_CONVERSION = YES;
				GCC_WARN_ABOUT_RETURN_TYPE = YES_ERROR;
				GCC_WARN_UNDECLARED_SELECTOR = YES;
				GCC_WARN_UNINITIALIZED_AUTOS = YES_AGGRESSIVE;
				GCC_WARN_UNUSED_FUNCTION = YES;
				GCC_WARN_UNUSED_VARIABLE = YES;
				IPHONEOS_DEPLOYMENT_TARGET = 10.2;
				MTL_ENABLE_DEBUG_INFO = NO;
				SDKROOT = iphoneos;
				SWIFT_OPTIMIZATION_LEVEL = "-Owholemodule";
				TARGETED_DEVICE_FAMILY = "1,2";
				VALIDATE_PRODUCT = YES;
			};
			name = Release;
		};
		4956B83C1E4B697D0032B2F8 /* Debug */ = {
			isa = XCBuildConfiguration;
			baseConfigurationReference = E51B2D1F0AB5E573E1024B1B /* Pods-CoderTODO.debug.xcconfig */;
			buildSettings = {
				ASSETCATALOG_COMPILER_APPICON_NAME = AppIcon;
				DEVELOPMENT_TEAM = 8JQ7MFA6Q2;
				INFOPLIST_FILE = "$(SRCROOT)/SmartTODO/Supporting Files/Info.plist";
				LD_RUNPATH_SEARCH_PATHS = "$(inherited) @executable_path/Frameworks";
				PRODUCT_BUNDLE_IDENTIFIER = "net.apkc.projects.ios.9-5TODO";
				PRODUCT_NAME = "$(TARGET_NAME)";
				SWIFT_VERSION = 3.0;
				TARGETED_DEVICE_FAMILY = 1;
			};
			name = Debug;
		};
		4956B83D1E4B697D0032B2F8 /* Release */ = {
			isa = XCBuildConfiguration;
			baseConfigurationReference = AA59DB284A4C0F99DA628780 /* Pods-CoderTODO.release.xcconfig */;
			buildSettings = {
				ASSETCATALOG_COMPILER_APPICON_NAME = AppIcon;
				DEVELOPMENT_TEAM = 8JQ7MFA6Q2;
				INFOPLIST_FILE = "$(SRCROOT)/SmartTODO/Supporting Files/Info.plist";
				LD_RUNPATH_SEARCH_PATHS = "$(inherited) @executable_path/Frameworks";
				PRODUCT_BUNDLE_IDENTIFIER = "net.apkc.projects.ios.9-5TODO";
				PRODUCT_NAME = "$(TARGET_NAME)";
				SWIFT_VERSION = 3.0;
				TARGETED_DEVICE_FAMILY = 1;
			};
			name = Release;
		};
/* End XCBuildConfiguration section */

/* Begin XCConfigurationList section */
		4956B8241E4B697D0032B2F8 /* Build configuration list for PBXProject "SmartTODO" */ = {
			isa = XCConfigurationList;
			buildConfigurations = (
				4956B8391E4B697D0032B2F8 /* Debug */,
				4956B83A1E4B697D0032B2F8 /* Release */,
			);
			defaultConfigurationIsVisible = 0;
			defaultConfigurationName = Release;
		};
		4956B83B1E4B697D0032B2F8 /* Build configuration list for PBXNativeTarget "SmartTODO" */ = {
			isa = XCConfigurationList;
			buildConfigurations = (
				4956B83C1E4B697D0032B2F8 /* Debug */,
				4956B83D1E4B697D0032B2F8 /* Release */,
			);
			defaultConfigurationIsVisible = 0;
			defaultConfigurationName = Release;
		};
/* End XCConfigurationList section */

/* Begin XCVersionGroup section */
		49A7A9CC1E53C7450054033D /* MainDataModel.xcdatamodeld */ = {
			isa = XCVersionGroup;
			children = (
				49A7A9CD1E53C7450054033D /* MainDataModel.xcdatamodel */,
			);
			currentVersion = 49A7A9CD1E53C7450054033D /* MainDataModel.xcdatamodel */;
			path = MainDataModel.xcdatamodeld;
			sourceTree = "<group>";
			versionGroupType = wrapper.xcdatamodel;
		};
/* End XCVersionGroup section */
	};
	rootObject = 4956B8211E4B697D0032B2F8 /* Project object */;
}
